
Microsoft Visual Studio Solution File, Format Version 12.00
# Visual Studio 15
VisualStudioVersion = 15.0.28307.168
MinimumVisualStudioVersion = 10.0.40219.1
Project("{FAE04EC0-301F-11D3-BF4B-00C04F79EFBC}") = "HalloXForms.Android", "HalloXForms\HalloXForms.Android\HalloXForms.Android.csproj", "{8978EEAB-9650-4994-B253-C41EB98215B7}"
EndProject
Project("{FAE04EC0-301F-11D3-BF4B-00C04F79EFBC}") = "HalloXForms.iOS", "HalloXForms\HalloXForms.iOS\HalloXForms.iOS.csproj", "{5E8B9B62-DC0B-4419-A7D5-3AD305CECA23}"
EndProject
Project("{FAE04EC0-301F-11D3-BF4B-00C04F79EFBC}") = "HalloXForms.UWP", "HalloXForms\HalloXForms.UWP\HalloXForms.UWP.csproj", "{F91D058A-C6BE-4901-9D1F-E3E6B5BD0AF7}"
EndProject
Project("{FAE04EC0-301F-11D3-BF4B-00C04F79EFBC}") = "HalloXForms", "HalloXForms\HalloXForms\HalloXForms.csproj", "{6E43CE8C-DF2E-44F5-B969-310DF411656C}"
EndProject
Global
	GlobalSection(SolutionConfigurationPlatforms) = preSolution
		Ad-Hoc|Any CPU = Ad-Hoc|Any CPU
		Ad-Hoc|ARM = Ad-Hoc|ARM
		Ad-Hoc|iPhone = Ad-Hoc|iPhone
		Ad-Hoc|iPhoneSimulator = Ad-Hoc|iPhoneSimulator
		Ad-Hoc|x64 = Ad-Hoc|x64
		Ad-Hoc|x86 = Ad-Hoc|x86
		AppStore|Any CPU = AppStore|Any CPU
		AppStore|ARM = AppStore|ARM
		AppStore|iPhone = AppStore|iPhone
		AppStore|iPhoneSimulator = AppStore|iPhoneSimulator
		AppStore|x64 = AppStore|x64
		AppStore|x86 = AppStore|x86
		Debug|Any CPU = Debug|Any CPU
		Debug|ARM = Debug|ARM
		Debug|iPhone = Debug|iPhone
		Debug|iPhoneSimulator = Debug|iPhoneSimulator
		Debug|x64 = Debug|x64
		Debug|x86 = Debug|x86
		Release|Any CPU = Release|Any CPU
		Release|ARM = Release|ARM
		Release|iPhone = Release|iPhone
		Release|iPhoneSimulator = Release|iPhoneSimulator
		Release|x64 = Release|x64
		Release|x86 = Release|x86
	EndGlobalSection
	GlobalSection(ProjectConfigurationPlatforms) = postSolution
		{8978EEAB-9650-4994-B253-C41EB98215B7}.Ad-Hoc|Any CPU.ActiveCfg = Release|Any CPU
		{8978EEAB-9650-4994-B253-C41EB98215B7}.Ad-Hoc|Any CPU.Build.0 = Release|Any CPU
		{8978EEAB-9650-4994-B253-C41EB98215B7}.Ad-Hoc|Any CPU.Deploy.0 = Release|Any CPU
		{8978EEAB-9650-4994-B253-C41EB98215B7}.Ad-Hoc|ARM.ActiveCfg = Release|Any CPU
		{8978EEAB-9650-4994-B253-C41EB98215B7}.Ad-Hoc|ARM.Build.0 = Release|Any CPU
		{8978EEAB-9650-4994-B253-C41EB98215B7}.Ad-Hoc|ARM.Deploy.0 = Release|Any CPU
		{8978EEAB-9650-4994-B253-C41EB98215B7}.Ad-Hoc|iPhone.ActiveCfg = Release|Any CPU
		{8978EEAB-9650-4994-B253-C41EB98215B7}.Ad-Hoc|iPhone.Build.0 = Release|Any CPU
		{8978EEAB-9650-4994-B253-C41EB98215B7}.Ad-Hoc|iPhone.Deploy.0 = Release|Any CPU
		{8978EEAB-9650-4994-B253-C41EB98215B7}.Ad-Hoc|iPhoneSimulator.ActiveCfg = Release|Any CPU
		{8978EEAB-9650-4994-B253-C41EB98215B7}.Ad-Hoc|iPhoneSimulator.Build.0 = Release|Any CPU
		{8978EEAB-9650-4994-B253-C41EB98215B7}.Ad-Hoc|iPhoneSimulator.Deploy.0 = Release|Any CPU
		{8978EEAB-9650-4994-B253-C41EB98215B7}.Ad-Hoc|x64.ActiveCfg = Release|Any CPU
		{8978EEAB-9650-4994-B253-C41EB98215B7}.Ad-Hoc|x64.Build.0 = Release|Any CPU
		{8978EEAB-9650-4994-B253-C41EB98215B7}.Ad-Hoc|x64.Deploy.0 = Release|Any CPU
		{8978EEAB-9650-4994-B253-C41EB98215B7}.Ad-Hoc|x86.ActiveCfg = Release|Any CPU
		{8978EEAB-9650-4994-B253-C41EB98215B7}.Ad-Hoc|x86.Build.0 = Release|Any CPU
		{8978EEAB-9650-4994-B253-C41EB98215B7}.Ad-Hoc|x86.Deploy.0 = Release|Any CPU
		{8978EEAB-9650-4994-B253-C41EB98215B7}.AppStore|Any CPU.ActiveCfg = Release|Any CPU
		{8978EEAB-9650-4994-B253-C41EB98215B7}.AppStore|Any CPU.Build.0 = Release|Any CPU
		{8978EEAB-9650-4994-B253-C41EB98215B7}.AppStore|Any CPU.Deploy.0 = Release|Any CPU
		{8978EEAB-9650-4994-B253-C41EB98215B7}.AppStore|ARM.ActiveCfg = Release|Any CPU
		{8978EEAB-9650-4994-B253-C41EB98215B7}.AppStore|ARM.Build.0 = Release|Any CPU
		{8978EEAB-9650-4994-B253-C41EB98215B7}.AppStore|ARM.Deploy.0 = Release|Any CPU
		{8978EEAB-9650-4994-B253-C41EB98215B7}.AppStore|iPhone.ActiveCfg = Release|Any CPU
		{8978EEAB-9650-4994-B253-C41EB98215B7}.AppStore|iPhone.Build.0 = Release|Any CPU
		{8978EEAB-9650-4994-B253-C41EB98215B7}.AppStore|iPhone.Deploy.0 = Release|Any CPU
		{8978EEAB-9650-4994-B253-C41EB98215B7}.AppStore|iPhoneSimulator.ActiveCfg = Release|Any CPU
		{8978EEAB-9650-4994-B253-C41EB98215B7}.AppStore|iPhoneSimulator.Build.0 = Release|Any CPU
		{8978EEAB-9650-4994-B253-C41EB98215B7}.AppStore|iPhoneSimulator.Deploy.0 = Release|Any CPU
		{8978EEAB-9650-4994-B253-C41EB98215B7}.AppStore|x64.ActiveCfg = Release|Any CPU
		{8978EEAB-9650-4994-B253-C41EB98215B7}.AppStore|x64.Build.0 = Release|Any CPU
		{8978EEAB-9650-4994-B253-C41EB98215B7}.AppStore|x64.Deploy.0 = Release|Any CPU
		{8978EEAB-9650-4994-B253-C41EB98215B7}.AppStore|x86.ActiveCfg = Release|Any CPU
		{8978EEAB-9650-4994-B253-C41EB98215B7}.AppStore|x86.Build.0 = Release|Any CPU
		{8978EEAB-9650-4994-B253-C41EB98215B7}.AppStore|x86.Deploy.0 = Release|Any CPU
		{8978EEAB-9650-4994-B253-C41EB98215B7}.Debug|Any CPU.ActiveCfg = Debug|Any CPU
		{8978EEAB-9650-4994-B253-C41EB98215B7}.Debug|Any CPU.Build.0 = Debug|Any CPU
		{8978EEAB-9650-4994-B253-C41EB98215B7}.Debug|Any CPU.Deploy.0 = Debug|Any CPU
		{8978EEAB-9650-4994-B253-C41EB98215B7}.Debug|ARM.ActiveCfg = Debug|Any CPU
		{8978EEAB-9650-4994-B253-C41EB98215B7}.Debug|ARM.Build.0 = Debug|Any CPU
		{8978EEAB-9650-4994-B253-C41EB98215B7}.Debug|ARM.Deploy.0 = Debug|Any CPU
		{8978EEAB-9650-4994-B253-C41EB98215B7}.Debug|iPhone.ActiveCfg = Debug|Any CPU
		{8978EEAB-9650-4994-B253-C41EB98215B7}.Debug|iPhone.Build.0 = Debug|Any CPU
		{8978EEAB-9650-4994-B253-C41EB98215B7}.Debug|iPhone.Deploy.0 = Debug|Any CPU
		{8978EEAB-9650-4994-B253-C41EB98215B7}.Debug|iPhoneSimulator.ActiveCfg = Debug|Any CPU
		{8978EEAB-9650-4994-B253-C41EB98215B7}.Debug|iPhoneSimulator.Build.0 = Debug|Any CPU
		{8978EEAB-9650-4994-B253-C41EB98215B7}.Debug|iPhoneSimulator.Deploy.0 = Debug|Any CPU
		{8978EEAB-9650-4994-B253-C41EB98215B7}.Debug|x64.ActiveCfg = Debug|Any CPU
		{8978EEAB-9650-4994-B253-C41EB98215B7}.Debug|x64.Build.0 = Debug|Any CPU
		{8978EEAB-9650-4994-B253-C41EB98215B7}.Debug|x64.Deploy.0 = Debug|Any CPU
		{8978EEAB-9650-4994-B253-C41EB98215B7}.Debug|x86.ActiveCfg = Debug|Any CPU
		{8978EEAB-9650-4994-B253-C41EB98215B7}.Debug|x86.Build.0 = Debug|Any CPU
		{8978EEAB-9650-4994-B253-C41EB98215B7}.Debug|x86.Deploy.0 = Debug|Any CPU
		{8978EEAB-9650-4994-B253-C41EB98215B7}.Release|Any CPU.ActiveCfg = Release|Any CPU
		{8978EEAB-9650-4994-B253-C41EB98215B7}.Release|Any CPU.Build.0 = Release|Any CPU
		{8978EEAB-9650-4994-B253-C41EB98215B7}.Release|Any CPU.Deploy.0 = Release|Any CPU
		{8978EEAB-9650-4994-B253-C41EB98215B7}.Release|ARM.ActiveCfg = Release|Any CPU
		{8978EEAB-9650-4994-B253-C41EB98215B7}.Release|ARM.Build.0 = Release|Any CPU
		{8978EEAB-9650-4994-B253-C41EB98215B7}.Release|ARM.Deploy.0 = Release|Any CPU
		{8978EEAB-9650-4994-B253-C41EB98215B7}.Release|iPhone.ActiveCfg = Release|Any CPU
		{8978EEAB-9650-4994-B253-C41EB98215B7}.Release|iPhone.Build.0 = Release|Any CPU
		{8978EEAB-9650-4994-B253-C41EB98215B7}.Release|iPhone.Deploy.0 = Release|Any CPU
		{8978EEAB-9650-4994-B253-C41EB98215B7}.Release|iPhoneSimulator.ActiveCfg = Release|Any CPU
		{8978EEAB-9650-4994-B253-C41EB98215B7}.Release|iPhoneSimulator.Build.0 = Release|Any CPU
		{8978EEAB-9650-4994-B253-C41EB98215B7}.Release|iPhoneSimulator.Deploy.0 = Release|Any CPU
		{8978EEAB-9650-4994-B253-C41EB98215B7}.Release|x64.ActiveCfg = Release|Any CPU
		{8978EEAB-9650-4994-B253-C41EB98215B7}.Release|x64.Build.0 = Release|Any CPU
		{8978EEAB-9650-4994-B253-C41EB98215B7}.Release|x64.Deploy.0 = Release|Any CPU
		{8978EEAB-9650-4994-B253-C41EB98215B7}.Release|x86.ActiveCfg = Release|Any CPU
		{8978EEAB-9650-4994-B253-C41EB98215B7}.Release|x86.Build.0 = Release|Any CPU
		{8978EEAB-9650-4994-B253-C41EB98215B7}.Release|x86.Deploy.0 = Release|Any CPU
		{5E8B9B62-DC0B-4419-A7D5-3AD305CECA23}.Ad-Hoc|Any CPU.ActiveCfg = Ad-Hoc|iPhone
		{5E8B9B62-DC0B-4419-A7D5-3AD305CECA23}.Ad-Hoc|Any CPU.Build.0 = Ad-Hoc|iPhone
		{5E8B9B62-DC0B-4419-A7D5-3AD305CECA23}.Ad-Hoc|Any CPU.Deploy.0 = Ad-Hoc|iPhone
		{5E8B9B62-DC0B-4419-A7D5-3AD305CECA23}.Ad-Hoc|ARM.ActiveCfg = Ad-Hoc|iPhone
		{5E8B9B62-DC0B-4419-A7D5-3AD305CECA23}.Ad-Hoc|ARM.Build.0 = Ad-Hoc|iPhone
		{5E8B9B62-DC0B-4419-A7D5-3AD305CECA23}.Ad-Hoc|ARM.Deploy.0 = Ad-Hoc|iPhone
		{5E8B9B62-DC0B-4419-A7D5-3AD305CECA23}.Ad-Hoc|iPhone.ActiveCfg = Ad-Hoc|iPhone
		{5E8B9B62-DC0B-4419-A7D5-3AD305CECA23}.Ad-Hoc|iPhone.Build.0 = Ad-Hoc|iPhone
		{5E8B9B62-DC0B-4419-A7D5-3AD305CECA23}.Ad-Hoc|iPhone.Deploy.0 = Ad-Hoc|iPhone
		{5E8B9B62-DC0B-4419-A7D5-3AD305CECA23}.Ad-Hoc|iPhoneSimulator.ActiveCfg = Ad-Hoc|iPhoneSimulator
		{5E8B9B62-DC0B-4419-A7D5-3AD305CECA23}.Ad-Hoc|iPhoneSimulator.Build.0 = Ad-Hoc|iPhoneSimulator
		{5E8B9B62-DC0B-4419-A7D5-3AD305CECA23}.Ad-Hoc|iPhoneSimulator.Deploy.0 = Ad-Hoc|iPhoneSimulator
		{5E8B9B62-DC0B-4419-A7D5-3AD305CECA23}.Ad-Hoc|x64.ActiveCfg = Ad-Hoc|iPhone
		{5E8B9B62-DC0B-4419-A7D5-3AD305CECA23}.Ad-Hoc|x64.Build.0 = Ad-Hoc|iPhone
		{5E8B9B62-DC0B-4419-A7D5-3AD305CECA23}.Ad-Hoc|x64.Deploy.0 = Ad-Hoc|iPhone
		{5E8B9B62-DC0B-4419-A7D5-3AD305CECA23}.Ad-Hoc|x86.ActiveCfg = Ad-Hoc|iPhone
		{5E8B9B62-DC0B-4419-A7D5-3AD305CECA23}.Ad-Hoc|x86.Build.0 = Ad-Hoc|iPhone
		{5E8B9B62-DC0B-4419-A7D5-3AD305CECA23}.Ad-Hoc|x86.Deploy.0 = Ad-Hoc|iPhone
		{5E8B9B62-DC0B-4419-A7D5-3AD305CECA23}.AppStore|Any CPU.ActiveCfg = AppStore|iPhone
		{5E8B9B62-DC0B-4419-A7D5-3AD305CECA23}.AppStore|Any CPU.Build.0 = AppStore|iPhone
		{5E8B9B62-DC0B-4419-A7D5-3AD305CECA23}.AppStore|Any CPU.Deploy.0 = AppStore|iPhone
		{5E8B9B62-DC0B-4419-A7D5-3AD305CECA23}.AppStore|ARM.ActiveCfg = AppStore|iPhone
		{5E8B9B62-DC0B-4419-A7D5-3AD305CECA23}.AppStore|ARM.Build.0 = AppStore|iPhone
		{5E8B9B62-DC0B-4419-A7D5-3AD305CECA23}.AppStore|ARM.Deploy.0 = AppStore|iPhone
		{5E8B9B62-DC0B-4419-A7D5-3AD305CECA23}.AppStore|iPhone.ActiveCfg = AppStore|iPhone
		{5E8B9B62-DC0B-4419-A7D5-3AD305CECA23}.AppStore|iPhone.Build.0 = AppStore|iPhone
		{5E8B9B62-DC0B-4419-A7D5-3AD305CECA23}.AppStore|iPhone.Deploy.0 = AppStore|iPhone
		{5E8B9B62-DC0B-4419-A7D5-3AD305CECA23}.AppStore|iPhoneSimulator.ActiveCfg = AppStore|iPhoneSimulator
		{5E8B9B62-DC0B-4419-A7D5-3AD305CECA23}.AppStore|iPhoneSimulator.Build.0 = AppStore|iPhoneSimulator
		{5E8B9B62-DC0B-4419-A7D5-3AD305CECA23}.AppStore|iPhoneSimulator.Deploy.0 = AppStore|iPhoneSimulator
		{5E8B9B62-DC0B-4419-A7D5-3AD305CECA23}.AppStore|x64.ActiveCfg = AppStore|iPhone
		{5E8B9B62-DC0B-4419-A7D5-3AD305CECA23}.AppStore|x64.Build.0 = AppStore|iPhone
		{5E8B9B62-DC0B-4419-A7D5-3AD305CECA23}.AppStore|x64.Deploy.0 = AppStore|iPhone
		{5E8B9B62-DC0B-4419-A7D5-3AD305CECA23}.AppStore|x86.ActiveCfg = AppStore|iPhone
		{5E8B9B62-DC0B-4419-A7D5-3AD305CECA23}.AppStore|x86.Build.0 = AppStore|iPhone
		{5E8B9B62-DC0B-4419-A7D5-3AD305CECA23}.AppStore|x86.Deploy.0 = AppStore|iPhone
		{5E8B9B62-DC0B-4419-A7D5-3AD305CECA23}.Debug|Any CPU.ActiveCfg = Debug|iPhoneSimulator
		{5E8B9B62-DC0B-4419-A7D5-3AD305CECA23}.Debug|Any CPU.Build.0 = Debug|iPhoneSimulator
		{5E8B9B62-DC0B-4419-A7D5-3AD305CECA23}.Debug|Any CPU.Deploy.0 = Debug|iPhoneSimulator
		{5E8B9B62-DC0B-4419-A7D5-3AD305CECA23}.Debug|ARM.ActiveCfg = Debug|iPhone
		{5E8B9B62-DC0B-4419-A7D5-3AD305CECA23}.Debug|ARM.Build.0 = Debug|iPhone
		{5E8B9B62-DC0B-4419-A7D5-3AD305CECA23}.Debug|ARM.Deploy.0 = Debug|iPhone
		{5E8B9B62-DC0B-4419-A7D5-3AD305CECA23}.Debug|iPhone.ActiveCfg = Debug|iPhone
		{5E8B9B62-DC0B-4419-A7D5-3AD305CECA23}.Debug|iPhone.Build.0 = Debug|iPhone
		{5E8B9B62-DC0B-4419-A7D5-3AD305CECA23}.Debug|iPhone.Deploy.0 = Debug|iPhone
		{5E8B9B62-DC0B-4419-A7D5-3AD305CECA23}.Debug|iPhoneSimulator.ActiveCfg = Debug|iPhoneSimulator
		{5E8B9B62-DC0B-4419-A7D5-3AD305CECA23}.Debug|iPhoneSimulator.Build.0 = Debug|iPhoneSimulator
		{5E8B9B62-DC0B-4419-A7D5-3AD305CECA23}.Debug|iPhoneSimulator.Deploy.0 = Debug|iPhoneSimulator
		{5E8B9B62-DC0B-4419-A7D5-3AD305CECA23}.Debug|x64.ActiveCfg = Debug|iPhone
		{5E8B9B62-DC0B-4419-A7D5-3AD305CECA23}.Debug|x64.Build.0 = Debug|iPhone
		{5E8B9B62-DC0B-4419-A7D5-3AD305CECA23}.Debug|x64.Deploy.0 = Debug|iPhone
		{5E8B9B62-DC0B-4419-A7D5-3AD305CECA23}.Debug|x86.ActiveCfg = Debug|iPhone
		{5E8B9B62-DC0B-4419-A7D5-3AD305CECA23}.Debug|x86.Build.0 = Debug|iPhone
		{5E8B9B62-DC0B-4419-A7D5-3AD305CECA23}.Debug|x86.Deploy.0 = Debug|iPhone
		{5E8B9B62-DC0B-4419-A7D5-3AD305CECA23}.Release|Any CPU.ActiveCfg = Release|iPhone
		{5E8B9B62-DC0B-4419-A7D5-3AD305CECA23}.Release|Any CPU.Build.0 = Release|iPhone
		{5E8B9B62-DC0B-4419-A7D5-3AD305CECA23}.Release|Any CPU.Deploy.0 = Release|iPhone
		{5E8B9B62-DC0B-4419-A7D5-3AD305CECA23}.Release|ARM.ActiveCfg = Release|iPhone
		{5E8B9B62-DC0B-4419-A7D5-3AD305CECA23}.Release|ARM.Build.0 = Release|iPhone
		{5E8B9B62-DC0B-4419-A7D5-3AD305CECA23}.Release|ARM.Deploy.0 = Release|iPhone
		{5E8B9B62-DC0B-4419-A7D5-3AD305CECA23}.Release|iPhone.ActiveCfg = Release|iPhone
		{5E8B9B62-DC0B-4419-A7D5-3AD305CECA23}.Release|iPhone.Build.0 = Release|iPhone
		{5E8B9B62-DC0B-4419-A7D5-3AD305CECA23}.Release|iPhone.Deploy.0 = Release|iPhone
		{5E8B9B62-DC0B-4419-A7D5-3AD305CECA23}.Release|iPhoneSimulator.ActiveCfg = Release|iPhoneSimulator
		{5E8B9B62-DC0B-4419-A7D5-3AD305CECA23}.Release|iPhoneSimulator.Build.0 = Release|iPhoneSimulator
		{5E8B9B62-DC0B-4419-A7D5-3AD305CECA23}.Release|iPhoneSimulator.Deploy.0 = Release|iPhoneSimulator
		{5E8B9B62-DC0B-4419-A7D5-3AD305CECA23}.Release|x64.ActiveCfg = Release|iPhone
		{5E8B9B62-DC0B-4419-A7D5-3AD305CECA23}.Release|x64.Build.0 = Release|iPhone
		{5E8B9B62-DC0B-4419-A7D5-3AD305CECA23}.Release|x64.Deploy.0 = Release|iPhone
		{5E8B9B62-DC0B-4419-A7D5-3AD305CECA23}.Release|x86.ActiveCfg = Release|iPhone
		{5E8B9B62-DC0B-4419-A7D5-3AD305CECA23}.Release|x86.Build.0 = Release|iPhone
		{5E8B9B62-DC0B-4419-A7D5-3AD305CECA23}.Release|x86.Deploy.0 = Release|iPhone
		{F91D058A-C6BE-4901-9D1F-E3E6B5BD0AF7}.Ad-Hoc|Any CPU.ActiveCfg = Release|x86
		{F91D058A-C6BE-4901-9D1F-E3E6B5BD0AF7}.Ad-Hoc|Any CPU.Build.0 = Release|x86
		{F91D058A-C6BE-4901-9D1F-E3E6B5BD0AF7}.Ad-Hoc|Any CPU.Deploy.0 = Release|x86
		{F91D058A-C6BE-4901-9D1F-E3E6B5BD0AF7}.Ad-Hoc|ARM.ActiveCfg = Release|ARM
		{F91D058A-C6BE-4901-9D1F-E3E6B5BD0AF7}.Ad-Hoc|ARM.Build.0 = Release|ARM
		{F91D058A-C6BE-4901-9D1F-E3E6B5BD0AF7}.Ad-Hoc|ARM.Deploy.0 = Release|ARM
		{F91D058A-C6BE-4901-9D1F-E3E6B5BD0AF7}.Ad-Hoc|iPhone.ActiveCfg = Release|x86
		{F91D058A-C6BE-4901-9D1F-E3E6B5BD0AF7}.Ad-Hoc|iPhone.Build.0 = Release|x86
		{F91D058A-C6BE-4901-9D1F-E3E6B5BD0AF7}.Ad-Hoc|iPhone.Deploy.0 = Release|x86
		{F91D058A-C6BE-4901-9D1F-E3E6B5BD0AF7}.Ad-Hoc|iPhoneSimulator.ActiveCfg = Release|x86
		{F91D058A-C6BE-4901-9D1F-E3E6B5BD0AF7}.Ad-Hoc|iPhoneSimulator.Build.0 = Release|x86
		{F91D058A-C6BE-4901-9D1F-E3E6B5BD0AF7}.Ad-Hoc|iPhoneSimulator.Deploy.0 = Release|x86
		{F91D058A-C6BE-4901-9D1F-E3E6B5BD0AF7}.Ad-Hoc|x64.ActiveCfg = Release|x64
		{F91D058A-C6BE-4901-9D1F-E3E6B5BD0AF7}.Ad-Hoc|x64.Build.0 = Release|x64
		{F91D058A-C6BE-4901-9D1F-E3E6B5BD0AF7}.Ad-Hoc|x64.Deploy.0 = Release|x64
		{F91D058A-C6BE-4901-9D1F-E3E6B5BD0AF7}.Ad-Hoc|x86.ActiveCfg = Release|x86
		{F91D058A-C6BE-4901-9D1F-E3E6B5BD0AF7}.Ad-Hoc|x86.Build.0 = Release|x86
		{F91D058A-C6BE-4901-9D1F-E3E6B5BD0AF7}.Ad-Hoc|x86.Deploy.0 = Release|x86
		{F91D058A-C6BE-4901-9D1F-E3E6B5BD0AF7}.AppStore|Any CPU.ActiveCfg = Release|x86
		{F91D058A-C6BE-4901-9D1F-E3E6B5BD0AF7}.AppStore|Any CPU.Build.0 = Release|x86
		{F91D058A-C6BE-4901-9D1F-E3E6B5BD0AF7}.AppStore|Any CPU.Deploy.0 = Release|x86
		{F91D058A-C6BE-4901-9D1F-E3E6B5BD0AF7}.AppStore|ARM.ActiveCfg = Release|ARM
		{F91D058A-C6BE-4901-9D1F-E3E6B5BD0AF7}.AppStore|ARM.Build.0 = Release|ARM
		{F91D058A-C6BE-4901-9D1F-E3E6B5BD0AF7}.AppStore|ARM.Deploy.0 = Release|ARM
		{F91D058A-C6BE-4901-9D1F-E3E6B5BD0AF7}.AppStore|iPhone.ActiveCfg = Release|x86
		{F91D058A-C6BE-4901-9D1F-E3E6B5BD0AF7}.AppStore|iPhone.Build.0 = Release|x86
		{F91D058A-C6BE-4901-9D1F-E3E6B5BD0AF7}.AppStore|iPhone.Deploy.0 = Release|x86
		{F91D058A-C6BE-4901-9D1F-E3E6B5BD0AF7}.AppStore|iPhoneSimulator.ActiveCfg = Release|x86
		{F91D058A-C6BE-4901-9D1F-E3E6B5BD0AF7}.AppStore|iPhoneSimulator.Build.0 = Release|x86
		{F91D058A-C6BE-4901-9D1F-E3E6B5BD0AF7}.AppStore|iPhoneSimulator.Deploy.0 = Release|x86
		{F91D058A-C6BE-4901-9D1F-E3E6B5BD0AF7}.AppStore|x64.ActiveCfg = Release|x64
		{F91D058A-C6BE-4901-9D1F-E3E6B5BD0AF7}.AppStore|x64.Build.0 = Release|x64
		{F91D058A-C6BE-4901-9D1F-E3E6B5BD0AF7}.AppStore|x64.Deploy.0 = Release|x64
		{F91D058A-C6BE-4901-9D1F-E3E6B5BD0AF7}.AppStore|x86.ActiveCfg = Release|x86
		{F91D058A-C6BE-4901-9D1F-E3E6B5BD0AF7}.AppStore|x86.Build.0 = Release|x86
		{F91D058A-C6BE-4901-9D1F-E3E6B5BD0AF7}.AppStore|x86.Deploy.0 = Release|x86
		{F91D058A-C6BE-4901-9D1F-E3E6B5BD0AF7}.Debug|Any CPU.ActiveCfg = Debug|x86
		{F91D058A-C6BE-4901-9D1F-E3E6B5BD0AF7}.Debug|Any CPU.Build.0 = Debug|x86
		{F91D058A-C6BE-4901-9D1F-E3E6B5BD0AF7}.Debug|Any CPU.Deploy.0 = Debug|x86
		{F91D058A-C6BE-4901-9D1F-E3E6B5BD0AF7}.Debug|ARM.ActiveCfg = Debug|ARM
		{F91D058A-C6BE-4901-9D1F-E3E6B5BD0AF7}.Debug|ARM.Build.0 = Debug|ARM
		{F91D058A-C6BE-4901-9D1F-E3E6B5BD0AF7}.Debug|ARM.Deploy.0 = Debug|ARM
		{F91D058A-C6BE-4901-9D1F-E3E6B5BD0AF7}.Debug|iPhone.ActiveCfg = Debug|x86
		{F91D058A-C6BE-4901-9D1F-E3E6B5BD0AF7}.Debug|iPhone.Build.0 = Debug|x86
		{F91D058A-C6BE-4901-9D1F-E3E6B5BD0AF7}.Debug|iPhone.Deploy.0 = Debug|x86
		{F91D058A-C6BE-4901-9D1F-E3E6B5BD0AF7}.Debug|iPhoneSimulator.ActiveCfg = Debug|x86
		{F91D058A-C6BE-4901-9D1F-E3E6B5BD0AF7}.Debug|iPhoneSimulator.Build.0 = Debug|x86
		{F91D058A-C6BE-4901-9D1F-E3E6B5BD0AF7}.Debug|iPhoneSimulator.Deploy.0 = Debug|x86
		{F91D058A-C6BE-4901-9D1F-E3E6B5BD0AF7}.Debug|x64.ActiveCfg = Debug|x64
		{F91D058A-C6BE-4901-9D1F-E3E6B5BD0AF7}.Debug|x64.Build.0 = Debug|x64
		{F91D058A-C6BE-4901-9D1F-E3E6B5BD0AF7}.Debug|x64.Deploy.0 = Debug|x64
		{F91D058A-C6BE-4901-9D1F-E3E6B5BD0AF7}.Debug|x86.ActiveCfg = Debug|x86
		{F91D058A-C6BE-4901-9D1F-E3E6B5BD0AF7}.Debug|x86.Build.0 = Debug|x86
		{F91D058A-C6BE-4901-9D1F-E3E6B5BD0AF7}.Debug|x86.Deploy.0 = Debug|x86
		{F91D058A-C6BE-4901-9D1F-E3E6B5BD0AF7}.Release|Any CPU.ActiveCfg = Release|x86
		{F91D058A-C6BE-4901-9D1F-E3E6B5BD0AF7}.Release|Any CPU.Build.0 = Release|x86
		{F91D058A-C6BE-4901-9D1F-E3E6B5BD0AF7}.Release|Any CPU.Deploy.0 = Release|x86
		{F91D058A-C6BE-4901-9D1F-E3E6B5BD0AF7}.Release|ARM.ActiveCfg = Release|ARM
		{F91D058A-C6BE-4901-9D1F-E3E6B5BD0AF7}.Release|ARM.Build.0 = Release|ARM
		{F91D058A-C6BE-4901-9D1F-E3E6B5BD0AF7}.Release|ARM.Deploy.0 = Release|ARM
		{F91D058A-C6BE-4901-9D1F-E3E6B5BD0AF7}.Release|iPhone.ActiveCfg = Release|x86
		{F91D058A-C6BE-4901-9D1F-E3E6B5BD0AF7}.Release|iPhone.Build.0 = Release|x86
		{F91D058A-C6BE-4901-9D1F-E3E6B5BD0AF7}.Release|iPhone.Deploy.0 = Release|x86
		{F91D058A-C6BE-4901-9D1F-E3E6B5BD0AF7}.Release|iPhoneSimulator.ActiveCfg = Release|x86
		{F91D058A-C6BE-4901-9D1F-E3E6B5BD0AF7}.Release|iPhoneSimulator.Build.0 = Release|x86
		{F91D058A-C6BE-4901-9D1F-E3E6B5BD0AF7}.Release|iPhoneSimulator.Deploy.0 = Release|x86
		{F91D058A-C6BE-4901-9D1F-E3E6B5BD0AF7}.Release|x64.ActiveCfg = Release|x64
		{F91D058A-C6BE-4901-9D1F-E3E6B5BD0AF7}.Release|x64.Build.0 = Release|x64
		{F91D058A-C6BE-4901-9D1F-E3E6B5BD0AF7}.Release|x64.Deploy.0 = Release|x64
		{F91D058A-C6BE-4901-9D1F-E3E6B5BD0AF7}.Release|x86.ActiveCfg = Release|x86
		{F91D058A-C6BE-4901-9D1F-E3E6B5BD0AF7}.Release|x86.Build.0 = Release|x86
		{F91D058A-C6BE-4901-9D1F-E3E6B5BD0AF7}.Release|x86.Deploy.0 = Release|x86
		{6E43CE8C-DF2E-44F5-B969-310DF411656C}.Ad-Hoc|Any CPU.ActiveCfg = Debug|Any CPU
		{6E43CE8C-DF2E-44F5-B969-310DF411656C}.Ad-Hoc|Any CPU.Build.0 = Debug|Any CPU
		{6E43CE8C-DF2E-44F5-B969-310DF411656C}.Ad-Hoc|Any CPU.Deploy.0 = Debug|Any CPU
		{6E43CE8C-DF2E-44F5-B969-310DF411656C}.Ad-Hoc|ARM.ActiveCfg = Debug|Any CPU
		{6E43CE8C-DF2E-44F5-B969-310DF411656C}.Ad-Hoc|ARM.Build.0 = Debug|Any CPU
		{6E43CE8C-DF2E-44F5-B969-310DF411656C}.Ad-Hoc|ARM.Deploy.0 = Debug|Any CPU
		{6E43CE8C-DF2E-44F5-B969-310DF411656C}.Ad-Hoc|iPhone.ActiveCfg = Debug|Any CPU
		{6E43CE8C-DF2E-44F5-B969-310DF411656C}.Ad-Hoc|iPhone.Build.0 = Debug|Any CPU
		{6E43CE8C-DF2E-44F5-B969-310DF411656C}.Ad-Hoc|iPhone.Deploy.0 = Debug|Any CPU
		{6E43CE8C-DF2E-44F5-B969-310DF411656C}.Ad-Hoc|iPhoneSimulator.ActiveCfg = Debug|Any CPU
		{6E43CE8C-DF2E-44F5-B969-310DF411656C}.Ad-Hoc|iPhoneSimulator.Build.0 = Debug|Any CPU
		{6E43CE8C-DF2E-44F5-B969-310DF411656C}.Ad-Hoc|iPhoneSimulator.Deploy.0 = Debug|Any CPU
		{6E43CE8C-DF2E-44F5-B969-310DF411656C}.Ad-Hoc|x64.ActiveCfg = Debug|Any CPU
		{6E43CE8C-DF2E-44F5-B969-310DF411656C}.Ad-Hoc|x64.Build.0 = Debug|Any CPU
		{6E43CE8C-DF2E-44F5-B969-310DF411656C}.Ad-Hoc|x64.Deploy.0 = Debug|Any CPU
		{6E43CE8C-DF2E-44F5-B969-310DF411656C}.Ad-Hoc|x86.ActiveCfg = Debug|Any CPU
		{6E43CE8C-DF2E-44F5-B969-310DF411656C}.Ad-Hoc|x86.Build.0 = Debug|Any CPU
		{6E43CE8C-DF2E-44F5-B969-310DF411656C}.Ad-Hoc|x86.Deploy.0 = Debug|Any CPU
		{6E43CE8C-DF2E-44F5-B969-310DF411656C}.AppStore|Any CPU.ActiveCfg = Debug|Any CPU
		{6E43CE8C-DF2E-44F5-B969-310DF411656C}.AppStore|Any CPU.Build.0 = Debug|Any CPU
		{6E43CE8C-DF2E-44F5-B969-310DF411656C}.AppStore|Any CPU.Deploy.0 = Debug|Any CPU
		{6E43CE8C-DF2E-44F5-B969-310DF411656C}.AppStore|ARM.ActiveCfg = Debug|Any CPU
		{6E43CE8C-DF2E-44F5-B969-310DF411656C}.AppStore|ARM.Build.0 = Debug|Any CPU
		{6E43CE8C-DF2E-44F5-B969-310DF411656C}.AppStore|ARM.Deploy.0 = Debug|Any CPU
		{6E43CE8C-DF2E-44F5-B969-310DF411656C}.AppStore|iPhone.ActiveCfg = Debug|Any CPU
		{6E43CE8C-DF2E-44F5-B969-310DF411656C}.AppStore|iPhone.Build.0 = Debug|Any CPU
		{6E43CE8C-DF2E-44F5-B969-310DF411656C}.AppStore|iPhone.Deploy.0 = Debug|Any CPU
		{6E43CE8C-DF2E-44F5-B969-310DF411656C}.AppStore|iPhoneSimulator.ActiveCfg = Debug|Any CPU
		{6E43CE8C-DF2E-44F5-B969-310DF411656C}.AppStore|iPhoneSimulator.Build.0 = Debug|Any CPU
		{6E43CE8C-DF2E-44F5-B969-310DF411656C}.AppStore|iPhoneSimulator.Deploy.0 = Debug|Any CPU
		{6E43CE8C-DF2E-44F5-B969-310DF411656C}.AppStore|x64.ActiveCfg = Debug|Any CPU
		{6E43CE8C-DF2E-44F5-B969-310DF411656C}.AppStore|x64.Build.0 = Debug|Any CPU
		{6E43CE8C-DF2E-44F5-B969-310DF411656C}.AppStore|x64.Deploy.0 = Debug|Any CPU
		{6E43CE8C-DF2E-44F5-B969-310DF411656C}.AppStore|x86.ActiveCfg = Debug|Any CPU
		{6E43CE8C-DF2E-44F5-B969-310DF411656C}.AppStore|x86.Build.0 = Debug|Any CPU
		{6E43CE8C-DF2E-44F5-B969-310DF411656C}.AppStore|x86.Deploy.0 = Debug|Any CPU
		{6E43CE8C-DF2E-44F5-B969-310DF411656C}.Debug|Any CPU.ActiveCfg = Debug|Any CPU
		{6E43CE8C-DF2E-44F5-B969-310DF411656C}.Debug|Any CPU.Build.0 = Debug|Any CPU
		{6E43CE8C-DF2E-44F5-B969-310DF411656C}.Debug|Any CPU.Deploy.0 = Debug|Any CPU
		{6E43CE8C-DF2E-44F5-B969-310DF411656C}.Debug|ARM.ActiveCfg = Debug|Any CPU
		{6E43CE8C-DF2E-44F5-B969-310DF411656C}.Debug|ARM.Build.0 = Debug|Any CPU
		{6E43CE8C-DF2E-44F5-B969-310DF411656C}.Debug|ARM.Deploy.0 = Debug|Any CPU
		{6E43CE8C-DF2E-44F5-B969-310DF411656C}.Debug|iPhone.ActiveCfg = Debug|Any CPU
		{6E43CE8C-DF2E-44F5-B969-310DF411656C}.Debug|iPhone.Build.0 = Debug|Any CPU
		{6E43CE8C-DF2E-44F5-B969-310DF411656C}.Debug|iPhone.Deploy.0 = Debug|Any CPU
		{6E43CE8C-DF2E-44F5-B969-310DF411656C}.Debug|iPhoneSimulator.ActiveCfg = Debug|Any CPU
		{6E43CE8C-DF2E-44F5-B969-310DF411656C}.Debug|iPhoneSimulator.Build.0 = Debug|Any CPU
		{6E43CE8C-DF2E-44F5-B969-310DF411656C}.Debug|iPhoneSimulator.Deploy.0 = Debug|Any CPU
		{6E43CE8C-DF2E-44F5-B969-310DF411656C}.Debug|x64.ActiveCfg = Debug|Any CPU
		{6E43CE8C-DF2E-44F5-B969-310DF411656C}.Debug|x64.Build.0 = Debug|Any CPU
		{6E43CE8C-DF2E-44F5-B969-310DF411656C}.Debug|x64.Deploy.0 = Debug|Any CPU
		{6E43CE8C-DF2E-44F5-B969-310DF411656C}.Debug|x86.ActiveCfg = Debug|Any CPU
		{6E43CE8C-DF2E-44F5-B969-310DF411656C}.Debug|x86.Build.0 = Debug|Any CPU
		{6E43CE8C-DF2E-44F5-B969-310DF411656C}.Debug|x86.Deploy.0 = Debug|Any CPU
		{6E43CE8C-DF2E-44F5-B969-310DF411656C}.Release|Any CPU.ActiveCfg = Release|Any CPU
		{6E43CE8C-DF2E-44F5-B969-310DF411656C}.Release|Any CPU.Build.0 = Release|Any CPU
		{6E43CE8C-DF2E-44F5-B969-310DF411656C}.Release|Any CPU.Deploy.0 = Release|Any CPU
		{6E43CE8C-DF2E-44F5-B969-310DF411656C}.Release|ARM.ActiveCfg = Release|Any CPU
		{6E43CE8C-DF2E-44F5-B969-310DF411656C}.Release|ARM.Build.0 = Release|Any CPU
		{6E43CE8C-DF2E-44F5-B969-310DF411656C}.Release|ARM.Deploy.0 = Release|Any CPU
		{6E43CE8C-DF2E-44F5-B969-310DF411656C}.Release|iPhone.ActiveCfg = Release|Any CPU
		{6E43CE8C-DF2E-44F5-B969-310DF411656C}.Release|iPhone.Build.0 = Release|Any CPU
		{6E43CE8C-DF2E-44F5-B969-310DF411656C}.Release|iPhone.Deploy.0 = Release|Any CPU
		{6E43CE8C-DF2E-44F5-B969-310DF411656C}.Release|iPhoneSimulator.ActiveCfg = Release|Any CPU
		{6E43CE8C-DF2E-44F5-B969-310DF411656C}.Release|iPhoneSimulator.Build.0 = Release|Any CPU
		{6E43CE8C-DF2E-44F5-B969-310DF411656C}.Release|iPhoneSimulator.Deploy.0 = Release|Any CPU
		{6E43CE8C-DF2E-44F5-B969-310DF411656C}.Release|x64.ActiveCfg = Release|Any CPU
		{6E43CE8C-DF2E-44F5-B969-310DF411656C}.Release|x64.Build.0 = Release|Any CPU
		{6E43CE8C-DF2E-44F5-B969-310DF411656C}.Release|x64.Deploy.0 = Release|Any CPU
		{6E43CE8C-DF2E-44F5-B969-310DF411656C}.Release|x86.ActiveCfg = Release|Any CPU
		{6E43CE8C-DF2E-44F5-B969-310DF411656C}.Release|x86.Build.0 = Release|Any CPU
		{6E43CE8C-DF2E-44F5-B969-310DF411656C}.Release|x86.Deploy.0 = Release|Any CPU
	EndGlobalSection
	GlobalSection(SolutionProperties) = preSolution
		HideSolutionNode = FALSE
	EndGlobalSection
	GlobalSection(ExtensibilityGlobals) = postSolution
		SolutionGuid = {BD727052-FAA0-4A0B-9B3A-C5CD68BB5390}
	EndGlobalSection
EndGlobal
