
Microsoft Visual Studio Solution File, Format Version 12.00
# Visual Studio 15
VisualStudioVersion = 15.0.28307.168
MinimumVisualStudioVersion = 10.0.40219.1
Project("{FAE04EC0-301F-11D3-BF4B-00C04F79EFBC}") = "Steuerelemente.Android", "Steuerelemente\Steuerelemente.Android\Steuerelemente.Android.csproj", "{7388864C-48D8-4649-B5F0-2115D2266F9A}"
EndProject
Project("{FAE04EC0-301F-11D3-BF4B-00C04F79EFBC}") = "Steuerelemente.iOS", "Steuerelemente\Steuerelemente.iOS\Steuerelemente.iOS.csproj", "{C449BE6A-7F11-4E69-AE35-E30D4221F79F}"
EndProject
Project("{FAE04EC0-301F-11D3-BF4B-00C04F79EFBC}") = "Steuerelemente.UWP", "Steuerelemente\Steuerelemente.UWP\Steuerelemente.UWP.csproj", "{408F487A-218D-4389-920E-A1C89E6911C5}"
EndProject
Project("{FAE04EC0-301F-11D3-BF4B-00C04F79EFBC}") = "Steuerelemente", "Steuerelemente\Steuerelemente\Steuerelemente.csproj", "{D4EC5173-8F48-49F8-9E28-530FA9B6A309}"
EndProject
Global
	GlobalSection(SolutionConfigurationPlatforms) = preSolution
		Ad-Hoc|Any CPU = Ad-Hoc|Any CPU
		Ad-Hoc|ARM = Ad-Hoc|ARM
		Ad-Hoc|iPhone = Ad-Hoc|iPhone
		Ad-Hoc|iPhoneSimulator = Ad-Hoc|iPhoneSimulator
		Ad-Hoc|x64 = Ad-Hoc|x64
		Ad-Hoc|x86 = Ad-Hoc|x86
		AppStore|Any CPU = AppStore|Any CPU
		AppStore|ARM = AppStore|ARM
		AppStore|iPhone = AppStore|iPhone
		AppStore|iPhoneSimulator = AppStore|iPhoneSimulator
		AppStore|x64 = AppStore|x64
		AppStore|x86 = AppStore|x86
		Debug|Any CPU = Debug|Any CPU
		Debug|ARM = Debug|ARM
		Debug|iPhone = Debug|iPhone
		Debug|iPhoneSimulator = Debug|iPhoneSimulator
		Debug|x64 = Debug|x64
		Debug|x86 = Debug|x86
		Release|Any CPU = Release|Any CPU
		Release|ARM = Release|ARM
		Release|iPhone = Release|iPhone
		Release|iPhoneSimulator = Release|iPhoneSimulator
		Release|x64 = Release|x64
		Release|x86 = Release|x86
	EndGlobalSection
	GlobalSection(ProjectConfigurationPlatforms) = postSolution
		{7388864C-48D8-4649-B5F0-2115D2266F9A}.Ad-Hoc|Any CPU.ActiveCfg = Release|Any CPU
		{7388864C-48D8-4649-B5F0-2115D2266F9A}.Ad-Hoc|Any CPU.Build.0 = Release|Any CPU
		{7388864C-48D8-4649-B5F0-2115D2266F9A}.Ad-Hoc|Any CPU.Deploy.0 = Release|Any CPU
		{7388864C-48D8-4649-B5F0-2115D2266F9A}.Ad-Hoc|ARM.ActiveCfg = Release|Any CPU
		{7388864C-48D8-4649-B5F0-2115D2266F9A}.Ad-Hoc|ARM.Build.0 = Release|Any CPU
		{7388864C-48D8-4649-B5F0-2115D2266F9A}.Ad-Hoc|ARM.Deploy.0 = Release|Any CPU
		{7388864C-48D8-4649-B5F0-2115D2266F9A}.Ad-Hoc|iPhone.ActiveCfg = Release|Any CPU
		{7388864C-48D8-4649-B5F0-2115D2266F9A}.Ad-Hoc|iPhone.Build.0 = Release|Any CPU
		{7388864C-48D8-4649-B5F0-2115D2266F9A}.Ad-Hoc|iPhone.Deploy.0 = Release|Any CPU
		{7388864C-48D8-4649-B5F0-2115D2266F9A}.Ad-Hoc|iPhoneSimulator.ActiveCfg = Release|Any CPU
		{7388864C-48D8-4649-B5F0-2115D2266F9A}.Ad-Hoc|iPhoneSimulator.Build.0 = Release|Any CPU
		{7388864C-48D8-4649-B5F0-2115D2266F9A}.Ad-Hoc|iPhoneSimulator.Deploy.0 = Release|Any CPU
		{7388864C-48D8-4649-B5F0-2115D2266F9A}.Ad-Hoc|x64.ActiveCfg = Release|Any CPU
		{7388864C-48D8-4649-B5F0-2115D2266F9A}.Ad-Hoc|x64.Build.0 = Release|Any CPU
		{7388864C-48D8-4649-B5F0-2115D2266F9A}.Ad-Hoc|x64.Deploy.0 = Release|Any CPU
		{7388864C-48D8-4649-B5F0-2115D2266F9A}.Ad-Hoc|x86.ActiveCfg = Release|Any CPU
		{7388864C-48D8-4649-B5F0-2115D2266F9A}.Ad-Hoc|x86.Build.0 = Release|Any CPU
		{7388864C-48D8-4649-B5F0-2115D2266F9A}.Ad-Hoc|x86.Deploy.0 = Release|Any CPU
		{7388864C-48D8-4649-B5F0-2115D2266F9A}.AppStore|Any CPU.ActiveCfg = Release|Any CPU
		{7388864C-48D8-4649-B5F0-2115D2266F9A}.AppStore|Any CPU.Build.0 = Release|Any CPU
		{7388864C-48D8-4649-B5F0-2115D2266F9A}.AppStore|Any CPU.Deploy.0 = Release|Any CPU
		{7388864C-48D8-4649-B5F0-2115D2266F9A}.AppStore|ARM.ActiveCfg = Release|Any CPU
		{7388864C-48D8-4649-B5F0-2115D2266F9A}.AppStore|ARM.Build.0 = Release|Any CPU
		{7388864C-48D8-4649-B5F0-2115D2266F9A}.AppStore|ARM.Deploy.0 = Release|Any CPU
		{7388864C-48D8-4649-B5F0-2115D2266F9A}.AppStore|iPhone.ActiveCfg = Release|Any CPU
		{7388864C-48D8-4649-B5F0-2115D2266F9A}.AppStore|iPhone.Build.0 = Release|Any CPU
		{7388864C-48D8-4649-B5F0-2115D2266F9A}.AppStore|iPhone.Deploy.0 = Release|Any CPU
		{7388864C-48D8-4649-B5F0-2115D2266F9A}.AppStore|iPhoneSimulator.ActiveCfg = Release|Any CPU
		{7388864C-48D8-4649-B5F0-2115D2266F9A}.AppStore|iPhoneSimulator.Build.0 = Release|Any CPU
		{7388864C-48D8-4649-B5F0-2115D2266F9A}.AppStore|iPhoneSimulator.Deploy.0 = Release|Any CPU
		{7388864C-48D8-4649-B5F0-2115D2266F9A}.AppStore|x64.ActiveCfg = Release|Any CPU
		{7388864C-48D8-4649-B5F0-2115D2266F9A}.AppStore|x64.Build.0 = Release|Any CPU
		{7388864C-48D8-4649-B5F0-2115D2266F9A}.AppStore|x64.Deploy.0 = Release|Any CPU
		{7388864C-48D8-4649-B5F0-2115D2266F9A}.AppStore|x86.ActiveCfg = Release|Any CPU
		{7388864C-48D8-4649-B5F0-2115D2266F9A}.AppStore|x86.Build.0 = Release|Any CPU
		{7388864C-48D8-4649-B5F0-2115D2266F9A}.AppStore|x86.Deploy.0 = Release|Any CPU
		{7388864C-48D8-4649-B5F0-2115D2266F9A}.Debug|Any CPU.ActiveCfg = Debug|Any CPU
		{7388864C-48D8-4649-B5F0-2115D2266F9A}.Debug|Any CPU.Build.0 = Debug|Any CPU
		{7388864C-48D8-4649-B5F0-2115D2266F9A}.Debug|Any CPU.Deploy.0 = Debug|Any CPU
		{7388864C-48D8-4649-B5F0-2115D2266F9A}.Debug|ARM.ActiveCfg = Debug|Any CPU
		{7388864C-48D8-4649-B5F0-2115D2266F9A}.Debug|ARM.Build.0 = Debug|Any CPU
		{7388864C-48D8-4649-B5F0-2115D2266F9A}.Debug|ARM.Deploy.0 = Debug|Any CPU
		{7388864C-48D8-4649-B5F0-2115D2266F9A}.Debug|iPhone.ActiveCfg = Debug|Any CPU
		{7388864C-48D8-4649-B5F0-2115D2266F9A}.Debug|iPhone.Build.0 = Debug|Any CPU
		{7388864C-48D8-4649-B5F0-2115D2266F9A}.Debug|iPhone.Deploy.0 = Debug|Any CPU
		{7388864C-48D8-4649-B5F0-2115D2266F9A}.Debug|iPhoneSimulator.ActiveCfg = Debug|Any CPU
		{7388864C-48D8-4649-B5F0-2115D2266F9A}.Debug|iPhoneSimulator.Build.0 = Debug|Any CPU
		{7388864C-48D8-4649-B5F0-2115D2266F9A}.Debug|iPhoneSimulator.Deploy.0 = Debug|Any CPU
		{7388864C-48D8-4649-B5F0-2115D2266F9A}.Debug|x64.ActiveCfg = Debug|Any CPU
		{7388864C-48D8-4649-B5F0-2115D2266F9A}.Debug|x64.Build.0 = Debug|Any CPU
		{7388864C-48D8-4649-B5F0-2115D2266F9A}.Debug|x64.Deploy.0 = Debug|Any CPU
		{7388864C-48D8-4649-B5F0-2115D2266F9A}.Debug|x86.ActiveCfg = Debug|Any CPU
		{7388864C-48D8-4649-B5F0-2115D2266F9A}.Debug|x86.Build.0 = Debug|Any CPU
		{7388864C-48D8-4649-B5F0-2115D2266F9A}.Debug|x86.Deploy.0 = Debug|Any CPU
		{7388864C-48D8-4649-B5F0-2115D2266F9A}.Release|Any CPU.ActiveCfg = Release|Any CPU
		{7388864C-48D8-4649-B5F0-2115D2266F9A}.Release|Any CPU.Build.0 = Release|Any CPU
		{7388864C-48D8-4649-B5F0-2115D2266F9A}.Release|Any CPU.Deploy.0 = Release|Any CPU
		{7388864C-48D8-4649-B5F0-2115D2266F9A}.Release|ARM.ActiveCfg = Release|Any CPU
		{7388864C-48D8-4649-B5F0-2115D2266F9A}.Release|ARM.Build.0 = Release|Any CPU
		{7388864C-48D8-4649-B5F0-2115D2266F9A}.Release|ARM.Deploy.0 = Release|Any CPU
		{7388864C-48D8-4649-B5F0-2115D2266F9A}.Release|iPhone.ActiveCfg = Release|Any CPU
		{7388864C-48D8-4649-B5F0-2115D2266F9A}.Release|iPhone.Build.0 = Release|Any CPU
		{7388864C-48D8-4649-B5F0-2115D2266F9A}.Release|iPhone.Deploy.0 = Release|Any CPU
		{7388864C-48D8-4649-B5F0-2115D2266F9A}.Release|iPhoneSimulator.ActiveCfg = Release|Any CPU
		{7388864C-48D8-4649-B5F0-2115D2266F9A}.Release|iPhoneSimulator.Build.0 = Release|Any CPU
		{7388864C-48D8-4649-B5F0-2115D2266F9A}.Release|iPhoneSimulator.Deploy.0 = Release|Any CPU
		{7388864C-48D8-4649-B5F0-2115D2266F9A}.Release|x64.ActiveCfg = Release|Any CPU
		{7388864C-48D8-4649-B5F0-2115D2266F9A}.Release|x64.Build.0 = Release|Any CPU
		{7388864C-48D8-4649-B5F0-2115D2266F9A}.Release|x64.Deploy.0 = Release|Any CPU
		{7388864C-48D8-4649-B5F0-2115D2266F9A}.Release|x86.ActiveCfg = Release|Any CPU
		{7388864C-48D8-4649-B5F0-2115D2266F9A}.Release|x86.Build.0 = Release|Any CPU
		{7388864C-48D8-4649-B5F0-2115D2266F9A}.Release|x86.Deploy.0 = Release|Any CPU
		{C449BE6A-7F11-4E69-AE35-E30D4221F79F}.Ad-Hoc|Any CPU.ActiveCfg = Ad-Hoc|iPhone
		{C449BE6A-7F11-4E69-AE35-E30D4221F79F}.Ad-Hoc|Any CPU.Build.0 = Ad-Hoc|iPhone
		{C449BE6A-7F11-4E69-AE35-E30D4221F79F}.Ad-Hoc|Any CPU.Deploy.0 = Ad-Hoc|iPhone
		{C449BE6A-7F11-4E69-AE35-E30D4221F79F}.Ad-Hoc|ARM.ActiveCfg = Ad-Hoc|iPhone
		{C449BE6A-7F11-4E69-AE35-E30D4221F79F}.Ad-Hoc|ARM.Build.0 = Ad-Hoc|iPhone
		{C449BE6A-7F11-4E69-AE35-E30D4221F79F}.Ad-Hoc|ARM.Deploy.0 = Ad-Hoc|iPhone
		{C449BE6A-7F11-4E69-AE35-E30D4221F79F}.Ad-Hoc|iPhone.ActiveCfg = Ad-Hoc|iPhone
		{C449BE6A-7F11-4E69-AE35-E30D4221F79F}.Ad-Hoc|iPhone.Build.0 = Ad-Hoc|iPhone
		{C449BE6A-7F11-4E69-AE35-E30D4221F79F}.Ad-Hoc|iPhone.Deploy.0 = Ad-Hoc|iPhone
		{C449BE6A-7F11-4E69-AE35-E30D4221F79F}.Ad-Hoc|iPhoneSimulator.ActiveCfg = Ad-Hoc|iPhoneSimulator
		{C449BE6A-7F11-4E69-AE35-E30D4221F79F}.Ad-Hoc|iPhoneSimulator.Build.0 = Ad-Hoc|iPhoneSimulator
		{C449BE6A-7F11-4E69-AE35-E30D4221F79F}.Ad-Hoc|iPhoneSimulator.Deploy.0 = Ad-Hoc|iPhoneSimulator
		{C449BE6A-7F11-4E69-AE35-E30D4221F79F}.Ad-Hoc|x64.ActiveCfg = Ad-Hoc|iPhone
		{C449BE6A-7F11-4E69-AE35-E30D4221F79F}.Ad-Hoc|x64.Build.0 = Ad-Hoc|iPhone
		{C449BE6A-7F11-4E69-AE35-E30D4221F79F}.Ad-Hoc|x64.Deploy.0 = Ad-Hoc|iPhone
		{C449BE6A-7F11-4E69-AE35-E30D4221F79F}.Ad-Hoc|x86.ActiveCfg = Ad-Hoc|iPhone
		{C449BE6A-7F11-4E69-AE35-E30D4221F79F}.Ad-Hoc|x86.Build.0 = Ad-Hoc|iPhone
		{C449BE6A-7F11-4E69-AE35-E30D4221F79F}.Ad-Hoc|x86.Deploy.0 = Ad-Hoc|iPhone
		{C449BE6A-7F11-4E69-AE35-E30D4221F79F}.AppStore|Any CPU.ActiveCfg = AppStore|iPhone
		{C449BE6A-7F11-4E69-AE35-E30D4221F79F}.AppStore|Any CPU.Build.0 = AppStore|iPhone
		{C449BE6A-7F11-4E69-AE35-E30D4221F79F}.AppStore|Any CPU.Deploy.0 = AppStore|iPhone
		{C449BE6A-7F11-4E69-AE35-E30D4221F79F}.AppStore|ARM.ActiveCfg = AppStore|iPhone
		{C449BE6A-7F11-4E69-AE35-E30D4221F79F}.AppStore|ARM.Build.0 = AppStore|iPhone
		{C449BE6A-7F11-4E69-AE35-E30D4221F79F}.AppStore|ARM.Deploy.0 = AppStore|iPhone
		{C449BE6A-7F11-4E69-AE35-E30D4221F79F}.AppStore|iPhone.ActiveCfg = AppStore|iPhone
		{C449BE6A-7F11-4E69-AE35-E30D4221F79F}.AppStore|iPhone.Build.0 = AppStore|iPhone
		{C449BE6A-7F11-4E69-AE35-E30D4221F79F}.AppStore|iPhone.Deploy.0 = AppStore|iPhone
		{C449BE6A-7F11-4E69-AE35-E30D4221F79F}.AppStore|iPhoneSimulator.ActiveCfg = AppStore|iPhoneSimulator
		{C449BE6A-7F11-4E69-AE35-E30D4221F79F}.AppStore|iPhoneSimulator.Build.0 = AppStore|iPhoneSimulator
		{C449BE6A-7F11-4E69-AE35-E30D4221F79F}.AppStore|iPhoneSimulator.Deploy.0 = AppStore|iPhoneSimulator
		{C449BE6A-7F11-4E69-AE35-E30D4221F79F}.AppStore|x64.ActiveCfg = AppStore|iPhone
		{C449BE6A-7F11-4E69-AE35-E30D4221F79F}.AppStore|x64.Build.0 = AppStore|iPhone
		{C449BE6A-7F11-4E69-AE35-E30D4221F79F}.AppStore|x64.Deploy.0 = AppStore|iPhone
		{C449BE6A-7F11-4E69-AE35-E30D4221F79F}.AppStore|x86.ActiveCfg = AppStore|iPhone
		{C449BE6A-7F11-4E69-AE35-E30D4221F79F}.AppStore|x86.Build.0 = AppStore|iPhone
		{C449BE6A-7F11-4E69-AE35-E30D4221F79F}.AppStore|x86.Deploy.0 = AppStore|iPhone
		{C449BE6A-7F11-4E69-AE35-E30D4221F79F}.Debug|Any CPU.ActiveCfg = Debug|iPhoneSimulator
		{C449BE6A-7F11-4E69-AE35-E30D4221F79F}.Debug|Any CPU.Build.0 = Debug|iPhoneSimulator
		{C449BE6A-7F11-4E69-AE35-E30D4221F79F}.Debug|Any CPU.Deploy.0 = Debug|iPhoneSimulator
		{C449BE6A-7F11-4E69-AE35-E30D4221F79F}.Debug|ARM.ActiveCfg = Debug|iPhone
		{C449BE6A-7F11-4E69-AE35-E30D4221F79F}.Debug|ARM.Build.0 = Debug|iPhone
		{C449BE6A-7F11-4E69-AE35-E30D4221F79F}.Debug|ARM.Deploy.0 = Debug|iPhone
		{C449BE6A-7F11-4E69-AE35-E30D4221F79F}.Debug|iPhone.ActiveCfg = Debug|iPhone
		{C449BE6A-7F11-4E69-AE35-E30D4221F79F}.Debug|iPhone.Build.0 = Debug|iPhone
		{C449BE6A-7F11-4E69-AE35-E30D4221F79F}.Debug|iPhone.Deploy.0 = Debug|iPhone
		{C449BE6A-7F11-4E69-AE35-E30D4221F79F}.Debug|iPhoneSimulator.ActiveCfg = Debug|iPhoneSimulator
		{C449BE6A-7F11-4E69-AE35-E30D4221F79F}.Debug|iPhoneSimulator.Build.0 = Debug|iPhoneSimulator
		{C449BE6A-7F11-4E69-AE35-E30D4221F79F}.Debug|iPhoneSimulator.Deploy.0 = Debug|iPhoneSimulator
		{C449BE6A-7F11-4E69-AE35-E30D4221F79F}.Debug|x64.ActiveCfg = Debug|iPhone
		{C449BE6A-7F11-4E69-AE35-E30D4221F79F}.Debug|x64.Build.0 = Debug|iPhone
		{C449BE6A-7F11-4E69-AE35-E30D4221F79F}.Debug|x64.Deploy.0 = Debug|iPhone
		{C449BE6A-7F11-4E69-AE35-E30D4221F79F}.Debug|x86.ActiveCfg = Debug|iPhone
		{C449BE6A-7F11-4E69-AE35-E30D4221F79F}.Debug|x86.Build.0 = Debug|iPhone
		{C449BE6A-7F11-4E69-AE35-E30D4221F79F}.Debug|x86.Deploy.0 = Debug|iPhone
		{C449BE6A-7F11-4E69-AE35-E30D4221F79F}.Release|Any CPU.ActiveCfg = Release|iPhone
		{C449BE6A-7F11-4E69-AE35-E30D4221F79F}.Release|Any CPU.Build.0 = Release|iPhone
		{C449BE6A-7F11-4E69-AE35-E30D4221F79F}.Release|Any CPU.Deploy.0 = Release|iPhone
		{C449BE6A-7F11-4E69-AE35-E30D4221F79F}.Release|ARM.ActiveCfg = Release|iPhone
		{C449BE6A-7F11-4E69-AE35-E30D4221F79F}.Release|ARM.Build.0 = Release|iPhone
		{C449BE6A-7F11-4E69-AE35-E30D4221F79F}.Release|ARM.Deploy.0 = Release|iPhone
		{C449BE6A-7F11-4E69-AE35-E30D4221F79F}.Release|iPhone.ActiveCfg = Release|iPhone
		{C449BE6A-7F11-4E69-AE35-E30D4221F79F}.Release|iPhone.Build.0 = Release|iPhone
		{C449BE6A-7F11-4E69-AE35-E30D4221F79F}.Release|iPhone.Deploy.0 = Release|iPhone
		{C449BE6A-7F11-4E69-AE35-E30D4221F79F}.Release|iPhoneSimulator.ActiveCfg = Release|iPhoneSimulator
		{C449BE6A-7F11-4E69-AE35-E30D4221F79F}.Release|iPhoneSimulator.Build.0 = Release|iPhoneSimulator
		{C449BE6A-7F11-4E69-AE35-E30D4221F79F}.Release|iPhoneSimulator.Deploy.0 = Release|iPhoneSimulator
		{C449BE6A-7F11-4E69-AE35-E30D4221F79F}.Release|x64.ActiveCfg = Release|iPhone
		{C449BE6A-7F11-4E69-AE35-E30D4221F79F}.Release|x64.Build.0 = Release|iPhone
		{C449BE6A-7F11-4E69-AE35-E30D4221F79F}.Release|x64.Deploy.0 = Release|iPhone
		{C449BE6A-7F11-4E69-AE35-E30D4221F79F}.Release|x86.ActiveCfg = Release|iPhone
		{C449BE6A-7F11-4E69-AE35-E30D4221F79F}.Release|x86.Build.0 = Release|iPhone
		{C449BE6A-7F11-4E69-AE35-E30D4221F79F}.Release|x86.Deploy.0 = Release|iPhone
		{408F487A-218D-4389-920E-A1C89E6911C5}.Ad-Hoc|Any CPU.ActiveCfg = Release|x86
		{408F487A-218D-4389-920E-A1C89E6911C5}.Ad-Hoc|Any CPU.Build.0 = Release|x86
		{408F487A-218D-4389-920E-A1C89E6911C5}.Ad-Hoc|Any CPU.Deploy.0 = Release|x86
		{408F487A-218D-4389-920E-A1C89E6911C5}.Ad-Hoc|ARM.ActiveCfg = Release|ARM
		{408F487A-218D-4389-920E-A1C89E6911C5}.Ad-Hoc|ARM.Build.0 = Release|ARM
		{408F487A-218D-4389-920E-A1C89E6911C5}.Ad-Hoc|ARM.Deploy.0 = Release|ARM
		{408F487A-218D-4389-920E-A1C89E6911C5}.Ad-Hoc|iPhone.ActiveCfg = Release|x86
		{408F487A-218D-4389-920E-A1C89E6911C5}.Ad-Hoc|iPhone.Build.0 = Release|x86
		{408F487A-218D-4389-920E-A1C89E6911C5}.Ad-Hoc|iPhone.Deploy.0 = Release|x86
		{408F487A-218D-4389-920E-A1C89E6911C5}.Ad-Hoc|iPhoneSimulator.ActiveCfg = Release|x86
		{408F487A-218D-4389-920E-A1C89E6911C5}.Ad-Hoc|iPhoneSimulator.Build.0 = Release|x86
		{408F487A-218D-4389-920E-A1C89E6911C5}.Ad-Hoc|iPhoneSimulator.Deploy.0 = Release|x86
		{408F487A-218D-4389-920E-A1C89E6911C5}.Ad-Hoc|x64.ActiveCfg = Release|x64
		{408F487A-218D-4389-920E-A1C89E6911C5}.Ad-Hoc|x64.Build.0 = Release|x64
		{408F487A-218D-4389-920E-A1C89E6911C5}.Ad-Hoc|x64.Deploy.0 = Release|x64
		{408F487A-218D-4389-920E-A1C89E6911C5}.Ad-Hoc|x86.ActiveCfg = Release|x86
		{408F487A-218D-4389-920E-A1C89E6911C5}.Ad-Hoc|x86.Build.0 = Release|x86
		{408F487A-218D-4389-920E-A1C89E6911C5}.Ad-Hoc|x86.Deploy.0 = Release|x86
		{408F487A-218D-4389-920E-A1C89E6911C5}.AppStore|Any CPU.ActiveCfg = Release|x86
		{408F487A-218D-4389-920E-A1C89E6911C5}.AppStore|Any CPU.Build.0 = Release|x86
		{408F487A-218D-4389-920E-A1C89E6911C5}.AppStore|Any CPU.Deploy.0 = Release|x86
		{408F487A-218D-4389-920E-A1C89E6911C5}.AppStore|ARM.ActiveCfg = Release|ARM
		{408F487A-218D-4389-920E-A1C89E6911C5}.AppStore|ARM.Build.0 = Release|ARM
		{408F487A-218D-4389-920E-A1C89E6911C5}.AppStore|ARM.Deploy.0 = Release|ARM
		{408F487A-218D-4389-920E-A1C89E6911C5}.AppStore|iPhone.ActiveCfg = Release|x86
		{408F487A-218D-4389-920E-A1C89E6911C5}.AppStore|iPhone.Build.0 = Release|x86
		{408F487A-218D-4389-920E-A1C89E6911C5}.AppStore|iPhone.Deploy.0 = Release|x86
		{408F487A-218D-4389-920E-A1C89E6911C5}.AppStore|iPhoneSimulator.ActiveCfg = Release|x86
		{408F487A-218D-4389-920E-A1C89E6911C5}.AppStore|iPhoneSimulator.Build.0 = Release|x86
		{408F487A-218D-4389-920E-A1C89E6911C5}.AppStore|iPhoneSimulator.Deploy.0 = Release|x86
		{408F487A-218D-4389-920E-A1C89E6911C5}.AppStore|x64.ActiveCfg = Release|x64
		{408F487A-218D-4389-920E-A1C89E6911C5}.AppStore|x64.Build.0 = Release|x64
		{408F487A-218D-4389-920E-A1C89E6911C5}.AppStore|x64.Deploy.0 = Release|x64
		{408F487A-218D-4389-920E-A1C89E6911C5}.AppStore|x86.ActiveCfg = Release|x86
		{408F487A-218D-4389-920E-A1C89E6911C5}.AppStore|x86.Build.0 = Release|x86
		{408F487A-218D-4389-920E-A1C89E6911C5}.AppStore|x86.Deploy.0 = Release|x86
		{408F487A-218D-4389-920E-A1C89E6911C5}.Debug|Any CPU.ActiveCfg = Debug|x86
		{408F487A-218D-4389-920E-A1C89E6911C5}.Debug|Any CPU.Build.0 = Debug|x86
		{408F487A-218D-4389-920E-A1C89E6911C5}.Debug|Any CPU.Deploy.0 = Debug|x86
		{408F487A-218D-4389-920E-A1C89E6911C5}.Debug|ARM.ActiveCfg = Debug|ARM
		{408F487A-218D-4389-920E-A1C89E6911C5}.Debug|ARM.Build.0 = Debug|ARM
		{408F487A-218D-4389-920E-A1C89E6911C5}.Debug|ARM.Deploy.0 = Debug|ARM
		{408F487A-218D-4389-920E-A1C89E6911C5}.Debug|iPhone.ActiveCfg = Debug|x86
		{408F487A-218D-4389-920E-A1C89E6911C5}.Debug|iPhone.Build.0 = Debug|x86
		{408F487A-218D-4389-920E-A1C89E6911C5}.Debug|iPhone.Deploy.0 = Debug|x86
		{408F487A-218D-4389-920E-A1C89E6911C5}.Debug|iPhoneSimulator.ActiveCfg = Debug|x86
		{408F487A-218D-4389-920E-A1C89E6911C5}.Debug|iPhoneSimulator.Build.0 = Debug|x86
		{408F487A-218D-4389-920E-A1C89E6911C5}.Debug|iPhoneSimulator.Deploy.0 = Debug|x86
		{408F487A-218D-4389-920E-A1C89E6911C5}.Debug|x64.ActiveCfg = Debug|x64
		{408F487A-218D-4389-920E-A1C89E6911C5}.Debug|x64.Build.0 = Debug|x64
		{408F487A-218D-4389-920E-A1C89E6911C5}.Debug|x64.Deploy.0 = Debug|x64
		{408F487A-218D-4389-920E-A1C89E6911C5}.Debug|x86.ActiveCfg = Debug|x86
		{408F487A-218D-4389-920E-A1C89E6911C5}.Debug|x86.Build.0 = Debug|x86
		{408F487A-218D-4389-920E-A1C89E6911C5}.Debug|x86.Deploy.0 = Debug|x86
		{408F487A-218D-4389-920E-A1C89E6911C5}.Release|Any CPU.ActiveCfg = Release|x86
		{408F487A-218D-4389-920E-A1C89E6911C5}.Release|Any CPU.Build.0 = Release|x86
		{408F487A-218D-4389-920E-A1C89E6911C5}.Release|Any CPU.Deploy.0 = Release|x86
		{408F487A-218D-4389-920E-A1C89E6911C5}.Release|ARM.ActiveCfg = Release|ARM
		{408F487A-218D-4389-920E-A1C89E6911C5}.Release|ARM.Build.0 = Release|ARM
		{408F487A-218D-4389-920E-A1C89E6911C5}.Release|ARM.Deploy.0 = Release|ARM
		{408F487A-218D-4389-920E-A1C89E6911C5}.Release|iPhone.ActiveCfg = Release|x86
		{408F487A-218D-4389-920E-A1C89E6911C5}.Release|iPhone.Build.0 = Release|x86
		{408F487A-218D-4389-920E-A1C89E6911C5}.Release|iPhone.Deploy.0 = Release|x86
		{408F487A-218D-4389-920E-A1C89E6911C5}.Release|iPhoneSimulator.ActiveCfg = Release|x86
		{408F487A-218D-4389-920E-A1C89E6911C5}.Release|iPhoneSimulator.Build.0 = Release|x86
		{408F487A-218D-4389-920E-A1C89E6911C5}.Release|iPhoneSimulator.Deploy.0 = Release|x86
		{408F487A-218D-4389-920E-A1C89E6911C5}.Release|x64.ActiveCfg = Release|x64
		{408F487A-218D-4389-920E-A1C89E6911C5}.Release|x64.Build.0 = Release|x64
		{408F487A-218D-4389-920E-A1C89E6911C5}.Release|x64.Deploy.0 = Release|x64
		{408F487A-218D-4389-920E-A1C89E6911C5}.Release|x86.ActiveCfg = Release|x86
		{408F487A-218D-4389-920E-A1C89E6911C5}.Release|x86.Build.0 = Release|x86
		{408F487A-218D-4389-920E-A1C89E6911C5}.Release|x86.Deploy.0 = Release|x86
		{D4EC5173-8F48-49F8-9E28-530FA9B6A309}.Ad-Hoc|Any CPU.ActiveCfg = Debug|Any CPU
		{D4EC5173-8F48-49F8-9E28-530FA9B6A309}.Ad-Hoc|Any CPU.Build.0 = Debug|Any CPU
		{D4EC5173-8F48-49F8-9E28-530FA9B6A309}.Ad-Hoc|Any CPU.Deploy.0 = Debug|Any CPU
		{D4EC5173-8F48-49F8-9E28-530FA9B6A309}.Ad-Hoc|ARM.ActiveCfg = Debug|Any CPU
		{D4EC5173-8F48-49F8-9E28-530FA9B6A309}.Ad-Hoc|ARM.Build.0 = Debug|Any CPU
		{D4EC5173-8F48-49F8-9E28-530FA9B6A309}.Ad-Hoc|ARM.Deploy.0 = Debug|Any CPU
		{D4EC5173-8F48-49F8-9E28-530FA9B6A309}.Ad-Hoc|iPhone.ActiveCfg = Debug|Any CPU
		{D4EC5173-8F48-49F8-9E28-530FA9B6A309}.Ad-Hoc|iPhone.Build.0 = Debug|Any CPU
		{D4EC5173-8F48-49F8-9E28-530FA9B6A309}.Ad-Hoc|iPhone.Deploy.0 = Debug|Any CPU
		{D4EC5173-8F48-49F8-9E28-530FA9B6A309}.Ad-Hoc|iPhoneSimulator.ActiveCfg = Debug|Any CPU
		{D4EC5173-8F48-49F8-9E28-530FA9B6A309}.Ad-Hoc|iPhoneSimulator.Build.0 = Debug|Any CPU
		{D4EC5173-8F48-49F8-9E28-530FA9B6A309}.Ad-Hoc|iPhoneSimulator.Deploy.0 = Debug|Any CPU
		{D4EC5173-8F48-49F8-9E28-530FA9B6A309}.Ad-Hoc|x64.ActiveCfg = Debug|Any CPU
		{D4EC5173-8F48-49F8-9E28-530FA9B6A309}.Ad-Hoc|x64.Build.0 = Debug|Any CPU
		{D4EC5173-8F48-49F8-9E28-530FA9B6A309}.Ad-Hoc|x64.Deploy.0 = Debug|Any CPU
		{D4EC5173-8F48-49F8-9E28-530FA9B6A309}.Ad-Hoc|x86.ActiveCfg = Debug|Any CPU
		{D4EC5173-8F48-49F8-9E28-530FA9B6A309}.Ad-Hoc|x86.Build.0 = Debug|Any CPU
		{D4EC5173-8F48-49F8-9E28-530FA9B6A309}.Ad-Hoc|x86.Deploy.0 = Debug|Any CPU
		{D4EC5173-8F48-49F8-9E28-530FA9B6A309}.AppStore|Any CPU.ActiveCfg = Debug|Any CPU
		{D4EC5173-8F48-49F8-9E28-530FA9B6A309}.AppStore|Any CPU.Build.0 = Debug|Any CPU
		{D4EC5173-8F48-49F8-9E28-530FA9B6A309}.AppStore|Any CPU.Deploy.0 = Debug|Any CPU
		{D4EC5173-8F48-49F8-9E28-530FA9B6A309}.AppStore|ARM.ActiveCfg = Debug|Any CPU
		{D4EC5173-8F48-49F8-9E28-530FA9B6A309}.AppStore|ARM.Build.0 = Debug|Any CPU
		{D4EC5173-8F48-49F8-9E28-530FA9B6A309}.AppStore|ARM.Deploy.0 = Debug|Any CPU
		{D4EC5173-8F48-49F8-9E28-530FA9B6A309}.AppStore|iPhone.ActiveCfg = Debug|Any CPU
		{D4EC5173-8F48-49F8-9E28-530FA9B6A309}.AppStore|iPhone.Build.0 = Debug|Any CPU
		{D4EC5173-8F48-49F8-9E28-530FA9B6A309}.AppStore|iPhone.Deploy.0 = Debug|Any CPU
		{D4EC5173-8F48-49F8-9E28-530FA9B6A309}.AppStore|iPhoneSimulator.ActiveCfg = Debug|Any CPU
		{D4EC5173-8F48-49F8-9E28-530FA9B6A309}.AppStore|iPhoneSimulator.Build.0 = Debug|Any CPU
		{D4EC5173-8F48-49F8-9E28-530FA9B6A309}.AppStore|iPhoneSimulator.Deploy.0 = Debug|Any CPU
		{D4EC5173-8F48-49F8-9E28-530FA9B6A309}.AppStore|x64.ActiveCfg = Debug|Any CPU
		{D4EC5173-8F48-49F8-9E28-530FA9B6A309}.AppStore|x64.Build.0 = Debug|Any CPU
		{D4EC5173-8F48-49F8-9E28-530FA9B6A309}.AppStore|x64.Deploy.0 = Debug|Any CPU
		{D4EC5173-8F48-49F8-9E28-530FA9B6A309}.AppStore|x86.ActiveCfg = Debug|Any CPU
		{D4EC5173-8F48-49F8-9E28-530FA9B6A309}.AppStore|x86.Build.0 = Debug|Any CPU
		{D4EC5173-8F48-49F8-9E28-530FA9B6A309}.AppStore|x86.Deploy.0 = Debug|Any CPU
		{D4EC5173-8F48-49F8-9E28-530FA9B6A309}.Debug|Any CPU.ActiveCfg = Debug|Any CPU
		{D4EC5173-8F48-49F8-9E28-530FA9B6A309}.Debug|Any CPU.Build.0 = Debug|Any CPU
		{D4EC5173-8F48-49F8-9E28-530FA9B6A309}.Debug|Any CPU.Deploy.0 = Debug|Any CPU
		{D4EC5173-8F48-49F8-9E28-530FA9B6A309}.Debug|ARM.ActiveCfg = Debug|Any CPU
		{D4EC5173-8F48-49F8-9E28-530FA9B6A309}.Debug|ARM.Build.0 = Debug|Any CPU
		{D4EC5173-8F48-49F8-9E28-530FA9B6A309}.Debug|ARM.Deploy.0 = Debug|Any CPU
		{D4EC5173-8F48-49F8-9E28-530FA9B6A309}.Debug|iPhone.ActiveCfg = Debug|Any CPU
		{D4EC5173-8F48-49F8-9E28-530FA9B6A309}.Debug|iPhone.Build.0 = Debug|Any CPU
		{D4EC5173-8F48-49F8-9E28-530FA9B6A309}.Debug|iPhone.Deploy.0 = Debug|Any CPU
		{D4EC5173-8F48-49F8-9E28-530FA9B6A309}.Debug|iPhoneSimulator.ActiveCfg = Debug|Any CPU
		{D4EC5173-8F48-49F8-9E28-530FA9B6A309}.Debug|iPhoneSimulator.Build.0 = Debug|Any CPU
		{D4EC5173-8F48-49F8-9E28-530FA9B6A309}.Debug|iPhoneSimulator.Deploy.0 = Debug|Any CPU
		{D4EC5173-8F48-49F8-9E28-530FA9B6A309}.Debug|x64.ActiveCfg = Debug|Any CPU
		{D4EC5173-8F48-49F8-9E28-530FA9B6A309}.Debug|x64.Build.0 = Debug|Any CPU
		{D4EC5173-8F48-49F8-9E28-530FA9B6A309}.Debug|x64.Deploy.0 = Debug|Any CPU
		{D4EC5173-8F48-49F8-9E28-530FA9B6A309}.Debug|x86.ActiveCfg = Debug|Any CPU
		{D4EC5173-8F48-49F8-9E28-530FA9B6A309}.Debug|x86.Build.0 = Debug|Any CPU
		{D4EC5173-8F48-49F8-9E28-530FA9B6A309}.Debug|x86.Deploy.0 = Debug|Any CPU
		{D4EC5173-8F48-49F8-9E28-530FA9B6A309}.Release|Any CPU.ActiveCfg = Release|Any CPU
		{D4EC5173-8F48-49F8-9E28-530FA9B6A309}.Release|Any CPU.Build.0 = Release|Any CPU
		{D4EC5173-8F48-49F8-9E28-530FA9B6A309}.Release|Any CPU.Deploy.0 = Release|Any CPU
		{D4EC5173-8F48-49F8-9E28-530FA9B6A309}.Release|ARM.ActiveCfg = Release|Any CPU
		{D4EC5173-8F48-49F8-9E28-530FA9B6A309}.Release|ARM.Build.0 = Release|Any CPU
		{D4EC5173-8F48-49F8-9E28-530FA9B6A309}.Release|ARM.Deploy.0 = Release|Any CPU
		{D4EC5173-8F48-49F8-9E28-530FA9B6A309}.Release|iPhone.ActiveCfg = Release|Any CPU
		{D4EC5173-8F48-49F8-9E28-530FA9B6A309}.Release|iPhone.Build.0 = Release|Any CPU
		{D4EC5173-8F48-49F8-9E28-530FA9B6A309}.Release|iPhone.Deploy.0 = Release|Any CPU
		{D4EC5173-8F48-49F8-9E28-530FA9B6A309}.Release|iPhoneSimulator.ActiveCfg = Release|Any CPU
		{D4EC5173-8F48-49F8-9E28-530FA9B6A309}.Release|iPhoneSimulator.Build.0 = Release|Any CPU
		{D4EC5173-8F48-49F8-9E28-530FA9B6A309}.Release|iPhoneSimulator.Deploy.0 = Release|Any CPU
		{D4EC5173-8F48-49F8-9E28-530FA9B6A309}.Release|x64.ActiveCfg = Release|Any CPU
		{D4EC5173-8F48-49F8-9E28-530FA9B6A309}.Release|x64.Build.0 = Release|Any CPU
		{D4EC5173-8F48-49F8-9E28-530FA9B6A309}.Release|x64.Deploy.0 = Release|Any CPU
		{D4EC5173-8F48-49F8-9E28-530FA9B6A309}.Release|x86.ActiveCfg = Release|Any CPU
		{D4EC5173-8F48-49F8-9E28-530FA9B6A309}.Release|x86.Build.0 = Release|Any CPU
		{D4EC5173-8F48-49F8-9E28-530FA9B6A309}.Release|x86.Deploy.0 = Release|Any CPU
	EndGlobalSection
	GlobalSection(SolutionProperties) = preSolution
		HideSolutionNode = FALSE
	EndGlobalSection
	GlobalSection(ExtensibilityGlobals) = postSolution
		SolutionGuid = {C834F35A-50A2-48D5-80E5-0F0F85675071}
	EndGlobalSection
EndGlobal
