
Microsoft Visual Studio Solution File, Format Version 12.00
# Visual Studio 15
VisualStudioVersion = 15.0.28307.168
MinimumVisualStudioVersion = 10.0.40219.1
Project("{FAE04EC0-301F-11D3-BF4B-00C04F79EFBC}") = "MC_Demo.Android", "MC_Demo\MC_Demo.Android\MC_Demo.Android.csproj", "{12E25B65-4811-4416-B9F9-275465B69823}"
EndProject
Project("{FAE04EC0-301F-11D3-BF4B-00C04F79EFBC}") = "MC_Demo.iOS", "MC_Demo\MC_Demo.iOS\MC_Demo.iOS.csproj", "{91DF1ABA-062E-4EA7-ABDE-56143811B261}"
EndProject
Project("{FAE04EC0-301F-11D3-BF4B-00C04F79EFBC}") = "MC_Demo.UWP", "MC_Demo\MC_Demo.UWP\MC_Demo.UWP.csproj", "{BA331A5D-C907-4666-ABD8-A9A451752B19}"
EndProject
Project("{FAE04EC0-301F-11D3-BF4B-00C04F79EFBC}") = "MC_Demo", "MC_Demo\MC_Demo\MC_Demo.csproj", "{AA803EEC-5AE0-4703-B17D-FE6E21A4D0D4}"
EndProject
Global
	GlobalSection(SolutionConfigurationPlatforms) = preSolution
		Ad-Hoc|Any CPU = Ad-Hoc|Any CPU
		Ad-Hoc|ARM = Ad-Hoc|ARM
		Ad-Hoc|iPhone = Ad-Hoc|iPhone
		Ad-Hoc|iPhoneSimulator = Ad-Hoc|iPhoneSimulator
		Ad-Hoc|x64 = Ad-Hoc|x64
		Ad-Hoc|x86 = Ad-Hoc|x86
		AppStore|Any CPU = AppStore|Any CPU
		AppStore|ARM = AppStore|ARM
		AppStore|iPhone = AppStore|iPhone
		AppStore|iPhoneSimulator = AppStore|iPhoneSimulator
		AppStore|x64 = AppStore|x64
		AppStore|x86 = AppStore|x86
		Debug|Any CPU = Debug|Any CPU
		Debug|ARM = Debug|ARM
		Debug|iPhone = Debug|iPhone
		Debug|iPhoneSimulator = Debug|iPhoneSimulator
		Debug|x64 = Debug|x64
		Debug|x86 = Debug|x86
		Release|Any CPU = Release|Any CPU
		Release|ARM = Release|ARM
		Release|iPhone = Release|iPhone
		Release|iPhoneSimulator = Release|iPhoneSimulator
		Release|x64 = Release|x64
		Release|x86 = Release|x86
	EndGlobalSection
	GlobalSection(ProjectConfigurationPlatforms) = postSolution
		{12E25B65-4811-4416-B9F9-275465B69823}.Ad-Hoc|Any CPU.ActiveCfg = Release|Any CPU
		{12E25B65-4811-4416-B9F9-275465B69823}.Ad-Hoc|Any CPU.Build.0 = Release|Any CPU
		{12E25B65-4811-4416-B9F9-275465B69823}.Ad-Hoc|Any CPU.Deploy.0 = Release|Any CPU
		{12E25B65-4811-4416-B9F9-275465B69823}.Ad-Hoc|ARM.ActiveCfg = Release|Any CPU
		{12E25B65-4811-4416-B9F9-275465B69823}.Ad-Hoc|ARM.Build.0 = Release|Any CPU
		{12E25B65-4811-4416-B9F9-275465B69823}.Ad-Hoc|ARM.Deploy.0 = Release|Any CPU
		{12E25B65-4811-4416-B9F9-275465B69823}.Ad-Hoc|iPhone.ActiveCfg = Release|Any CPU
		{12E25B65-4811-4416-B9F9-275465B69823}.Ad-Hoc|iPhone.Build.0 = Release|Any CPU
		{12E25B65-4811-4416-B9F9-275465B69823}.Ad-Hoc|iPhone.Deploy.0 = Release|Any CPU
		{12E25B65-4811-4416-B9F9-275465B69823}.Ad-Hoc|iPhoneSimulator.ActiveCfg = Release|Any CPU
		{12E25B65-4811-4416-B9F9-275465B69823}.Ad-Hoc|iPhoneSimulator.Build.0 = Release|Any CPU
		{12E25B65-4811-4416-B9F9-275465B69823}.Ad-Hoc|iPhoneSimulator.Deploy.0 = Release|Any CPU
		{12E25B65-4811-4416-B9F9-275465B69823}.Ad-Hoc|x64.ActiveCfg = Release|Any CPU
		{12E25B65-4811-4416-B9F9-275465B69823}.Ad-Hoc|x64.Build.0 = Release|Any CPU
		{12E25B65-4811-4416-B9F9-275465B69823}.Ad-Hoc|x64.Deploy.0 = Release|Any CPU
		{12E25B65-4811-4416-B9F9-275465B69823}.Ad-Hoc|x86.ActiveCfg = Release|Any CPU
		{12E25B65-4811-4416-B9F9-275465B69823}.Ad-Hoc|x86.Build.0 = Release|Any CPU
		{12E25B65-4811-4416-B9F9-275465B69823}.Ad-Hoc|x86.Deploy.0 = Release|Any CPU
		{12E25B65-4811-4416-B9F9-275465B69823}.AppStore|Any CPU.ActiveCfg = Release|Any CPU
		{12E25B65-4811-4416-B9F9-275465B69823}.AppStore|Any CPU.Build.0 = Release|Any CPU
		{12E25B65-4811-4416-B9F9-275465B69823}.AppStore|Any CPU.Deploy.0 = Release|Any CPU
		{12E25B65-4811-4416-B9F9-275465B69823}.AppStore|ARM.ActiveCfg = Release|Any CPU
		{12E25B65-4811-4416-B9F9-275465B69823}.AppStore|ARM.Build.0 = Release|Any CPU
		{12E25B65-4811-4416-B9F9-275465B69823}.AppStore|ARM.Deploy.0 = Release|Any CPU
		{12E25B65-4811-4416-B9F9-275465B69823}.AppStore|iPhone.ActiveCfg = Release|Any CPU
		{12E25B65-4811-4416-B9F9-275465B69823}.AppStore|iPhone.Build.0 = Release|Any CPU
		{12E25B65-4811-4416-B9F9-275465B69823}.AppStore|iPhone.Deploy.0 = Release|Any CPU
		{12E25B65-4811-4416-B9F9-275465B69823}.AppStore|iPhoneSimulator.ActiveCfg = Release|Any CPU
		{12E25B65-4811-4416-B9F9-275465B69823}.AppStore|iPhoneSimulator.Build.0 = Release|Any CPU
		{12E25B65-4811-4416-B9F9-275465B69823}.AppStore|iPhoneSimulator.Deploy.0 = Release|Any CPU
		{12E25B65-4811-4416-B9F9-275465B69823}.AppStore|x64.ActiveCfg = Release|Any CPU
		{12E25B65-4811-4416-B9F9-275465B69823}.AppStore|x64.Build.0 = Release|Any CPU
		{12E25B65-4811-4416-B9F9-275465B69823}.AppStore|x64.Deploy.0 = Release|Any CPU
		{12E25B65-4811-4416-B9F9-275465B69823}.AppStore|x86.ActiveCfg = Release|Any CPU
		{12E25B65-4811-4416-B9F9-275465B69823}.AppStore|x86.Build.0 = Release|Any CPU
		{12E25B65-4811-4416-B9F9-275465B69823}.AppStore|x86.Deploy.0 = Release|Any CPU
		{12E25B65-4811-4416-B9F9-275465B69823}.Debug|Any CPU.ActiveCfg = Debug|Any CPU
		{12E25B65-4811-4416-B9F9-275465B69823}.Debug|Any CPU.Build.0 = Debug|Any CPU
		{12E25B65-4811-4416-B9F9-275465B69823}.Debug|Any CPU.Deploy.0 = Debug|Any CPU
		{12E25B65-4811-4416-B9F9-275465B69823}.Debug|ARM.ActiveCfg = Debug|Any CPU
		{12E25B65-4811-4416-B9F9-275465B69823}.Debug|ARM.Build.0 = Debug|Any CPU
		{12E25B65-4811-4416-B9F9-275465B69823}.Debug|ARM.Deploy.0 = Debug|Any CPU
		{12E25B65-4811-4416-B9F9-275465B69823}.Debug|iPhone.ActiveCfg = Debug|Any CPU
		{12E25B65-4811-4416-B9F9-275465B69823}.Debug|iPhone.Build.0 = Debug|Any CPU
		{12E25B65-4811-4416-B9F9-275465B69823}.Debug|iPhone.Deploy.0 = Debug|Any CPU
		{12E25B65-4811-4416-B9F9-275465B69823}.Debug|iPhoneSimulator.ActiveCfg = Debug|Any CPU
		{12E25B65-4811-4416-B9F9-275465B69823}.Debug|iPhoneSimulator.Build.0 = Debug|Any CPU
		{12E25B65-4811-4416-B9F9-275465B69823}.Debug|iPhoneSimulator.Deploy.0 = Debug|Any CPU
		{12E25B65-4811-4416-B9F9-275465B69823}.Debug|x64.ActiveCfg = Debug|Any CPU
		{12E25B65-4811-4416-B9F9-275465B69823}.Debug|x64.Build.0 = Debug|Any CPU
		{12E25B65-4811-4416-B9F9-275465B69823}.Debug|x64.Deploy.0 = Debug|Any CPU
		{12E25B65-4811-4416-B9F9-275465B69823}.Debug|x86.ActiveCfg = Debug|Any CPU
		{12E25B65-4811-4416-B9F9-275465B69823}.Debug|x86.Build.0 = Debug|Any CPU
		{12E25B65-4811-4416-B9F9-275465B69823}.Debug|x86.Deploy.0 = Debug|Any CPU
		{12E25B65-4811-4416-B9F9-275465B69823}.Release|Any CPU.ActiveCfg = Release|Any CPU
		{12E25B65-4811-4416-B9F9-275465B69823}.Release|Any CPU.Build.0 = Release|Any CPU
		{12E25B65-4811-4416-B9F9-275465B69823}.Release|Any CPU.Deploy.0 = Release|Any CPU
		{12E25B65-4811-4416-B9F9-275465B69823}.Release|ARM.ActiveCfg = Release|Any CPU
		{12E25B65-4811-4416-B9F9-275465B69823}.Release|ARM.Build.0 = Release|Any CPU
		{12E25B65-4811-4416-B9F9-275465B69823}.Release|ARM.Deploy.0 = Release|Any CPU
		{12E25B65-4811-4416-B9F9-275465B69823}.Release|iPhone.ActiveCfg = Release|Any CPU
		{12E25B65-4811-4416-B9F9-275465B69823}.Release|iPhone.Build.0 = Release|Any CPU
		{12E25B65-4811-4416-B9F9-275465B69823}.Release|iPhone.Deploy.0 = Release|Any CPU
		{12E25B65-4811-4416-B9F9-275465B69823}.Release|iPhoneSimulator.ActiveCfg = Release|Any CPU
		{12E25B65-4811-4416-B9F9-275465B69823}.Release|iPhoneSimulator.Build.0 = Release|Any CPU
		{12E25B65-4811-4416-B9F9-275465B69823}.Release|iPhoneSimulator.Deploy.0 = Release|Any CPU
		{12E25B65-4811-4416-B9F9-275465B69823}.Release|x64.ActiveCfg = Release|Any CPU
		{12E25B65-4811-4416-B9F9-275465B69823}.Release|x64.Build.0 = Release|Any CPU
		{12E25B65-4811-4416-B9F9-275465B69823}.Release|x64.Deploy.0 = Release|Any CPU
		{12E25B65-4811-4416-B9F9-275465B69823}.Release|x86.ActiveCfg = Release|Any CPU
		{12E25B65-4811-4416-B9F9-275465B69823}.Release|x86.Build.0 = Release|Any CPU
		{12E25B65-4811-4416-B9F9-275465B69823}.Release|x86.Deploy.0 = Release|Any CPU
		{91DF1ABA-062E-4EA7-ABDE-56143811B261}.Ad-Hoc|Any CPU.ActiveCfg = Ad-Hoc|iPhone
		{91DF1ABA-062E-4EA7-ABDE-56143811B261}.Ad-Hoc|Any CPU.Build.0 = Ad-Hoc|iPhone
		{91DF1ABA-062E-4EA7-ABDE-56143811B261}.Ad-Hoc|Any CPU.Deploy.0 = Ad-Hoc|iPhone
		{91DF1ABA-062E-4EA7-ABDE-56143811B261}.Ad-Hoc|ARM.ActiveCfg = Ad-Hoc|iPhone
		{91DF1ABA-062E-4EA7-ABDE-56143811B261}.Ad-Hoc|ARM.Build.0 = Ad-Hoc|iPhone
		{91DF1ABA-062E-4EA7-ABDE-56143811B261}.Ad-Hoc|ARM.Deploy.0 = Ad-Hoc|iPhone
		{91DF1ABA-062E-4EA7-ABDE-56143811B261}.Ad-Hoc|iPhone.ActiveCfg = Ad-Hoc|iPhone
		{91DF1ABA-062E-4EA7-ABDE-56143811B261}.Ad-Hoc|iPhone.Build.0 = Ad-Hoc|iPhone
		{91DF1ABA-062E-4EA7-ABDE-56143811B261}.Ad-Hoc|iPhone.Deploy.0 = Ad-Hoc|iPhone
		{91DF1ABA-062E-4EA7-ABDE-56143811B261}.Ad-Hoc|iPhoneSimulator.ActiveCfg = Ad-Hoc|iPhoneSimulator
		{91DF1ABA-062E-4EA7-ABDE-56143811B261}.Ad-Hoc|iPhoneSimulator.Build.0 = Ad-Hoc|iPhoneSimulator
		{91DF1ABA-062E-4EA7-ABDE-56143811B261}.Ad-Hoc|iPhoneSimulator.Deploy.0 = Ad-Hoc|iPhoneSimulator
		{91DF1ABA-062E-4EA7-ABDE-56143811B261}.Ad-Hoc|x64.ActiveCfg = Ad-Hoc|iPhone
		{91DF1ABA-062E-4EA7-ABDE-56143811B261}.Ad-Hoc|x64.Build.0 = Ad-Hoc|iPhone
		{91DF1ABA-062E-4EA7-ABDE-56143811B261}.Ad-Hoc|x64.Deploy.0 = Ad-Hoc|iPhone
		{91DF1ABA-062E-4EA7-ABDE-56143811B261}.Ad-Hoc|x86.ActiveCfg = Ad-Hoc|iPhone
		{91DF1ABA-062E-4EA7-ABDE-56143811B261}.Ad-Hoc|x86.Build.0 = Ad-Hoc|iPhone
		{91DF1ABA-062E-4EA7-ABDE-56143811B261}.Ad-Hoc|x86.Deploy.0 = Ad-Hoc|iPhone
		{91DF1ABA-062E-4EA7-ABDE-56143811B261}.AppStore|Any CPU.ActiveCfg = AppStore|iPhone
		{91DF1ABA-062E-4EA7-ABDE-56143811B261}.AppStore|Any CPU.Build.0 = AppStore|iPhone
		{91DF1ABA-062E-4EA7-ABDE-56143811B261}.AppStore|Any CPU.Deploy.0 = AppStore|iPhone
		{91DF1ABA-062E-4EA7-ABDE-56143811B261}.AppStore|ARM.ActiveCfg = AppStore|iPhone
		{91DF1ABA-062E-4EA7-ABDE-56143811B261}.AppStore|ARM.Build.0 = AppStore|iPhone
		{91DF1ABA-062E-4EA7-ABDE-56143811B261}.AppStore|ARM.Deploy.0 = AppStore|iPhone
		{91DF1ABA-062E-4EA7-ABDE-56143811B261}.AppStore|iPhone.ActiveCfg = AppStore|iPhone
		{91DF1ABA-062E-4EA7-ABDE-56143811B261}.AppStore|iPhone.Build.0 = AppStore|iPhone
		{91DF1ABA-062E-4EA7-ABDE-56143811B261}.AppStore|iPhone.Deploy.0 = AppStore|iPhone
		{91DF1ABA-062E-4EA7-ABDE-56143811B261}.AppStore|iPhoneSimulator.ActiveCfg = AppStore|iPhoneSimulator
		{91DF1ABA-062E-4EA7-ABDE-56143811B261}.AppStore|iPhoneSimulator.Build.0 = AppStore|iPhoneSimulator
		{91DF1ABA-062E-4EA7-ABDE-56143811B261}.AppStore|iPhoneSimulator.Deploy.0 = AppStore|iPhoneSimulator
		{91DF1ABA-062E-4EA7-ABDE-56143811B261}.AppStore|x64.ActiveCfg = AppStore|iPhone
		{91DF1ABA-062E-4EA7-ABDE-56143811B261}.AppStore|x64.Build.0 = AppStore|iPhone
		{91DF1ABA-062E-4EA7-ABDE-56143811B261}.AppStore|x64.Deploy.0 = AppStore|iPhone
		{91DF1ABA-062E-4EA7-ABDE-56143811B261}.AppStore|x86.ActiveCfg = AppStore|iPhone
		{91DF1ABA-062E-4EA7-ABDE-56143811B261}.AppStore|x86.Build.0 = AppStore|iPhone
		{91DF1ABA-062E-4EA7-ABDE-56143811B261}.AppStore|x86.Deploy.0 = AppStore|iPhone
		{91DF1ABA-062E-4EA7-ABDE-56143811B261}.Debug|Any CPU.ActiveCfg = Debug|iPhoneSimulator
		{91DF1ABA-062E-4EA7-ABDE-56143811B261}.Debug|Any CPU.Build.0 = Debug|iPhoneSimulator
		{91DF1ABA-062E-4EA7-ABDE-56143811B261}.Debug|Any CPU.Deploy.0 = Debug|iPhoneSimulator
		{91DF1ABA-062E-4EA7-ABDE-56143811B261}.Debug|ARM.ActiveCfg = Debug|iPhone
		{91DF1ABA-062E-4EA7-ABDE-56143811B261}.Debug|ARM.Build.0 = Debug|iPhone
		{91DF1ABA-062E-4EA7-ABDE-56143811B261}.Debug|ARM.Deploy.0 = Debug|iPhone
		{91DF1ABA-062E-4EA7-ABDE-56143811B261}.Debug|iPhone.ActiveCfg = Debug|iPhone
		{91DF1ABA-062E-4EA7-ABDE-56143811B261}.Debug|iPhone.Build.0 = Debug|iPhone
		{91DF1ABA-062E-4EA7-ABDE-56143811B261}.Debug|iPhone.Deploy.0 = Debug|iPhone
		{91DF1ABA-062E-4EA7-ABDE-56143811B261}.Debug|iPhoneSimulator.ActiveCfg = Debug|iPhoneSimulator
		{91DF1ABA-062E-4EA7-ABDE-56143811B261}.Debug|iPhoneSimulator.Build.0 = Debug|iPhoneSimulator
		{91DF1ABA-062E-4EA7-ABDE-56143811B261}.Debug|iPhoneSimulator.Deploy.0 = Debug|iPhoneSimulator
		{91DF1ABA-062E-4EA7-ABDE-56143811B261}.Debug|x64.ActiveCfg = Debug|iPhone
		{91DF1ABA-062E-4EA7-ABDE-56143811B261}.Debug|x64.Build.0 = Debug|iPhone
		{91DF1ABA-062E-4EA7-ABDE-56143811B261}.Debug|x64.Deploy.0 = Debug|iPhone
		{91DF1ABA-062E-4EA7-ABDE-56143811B261}.Debug|x86.ActiveCfg = Debug|iPhone
		{91DF1ABA-062E-4EA7-ABDE-56143811B261}.Debug|x86.Build.0 = Debug|iPhone
		{91DF1ABA-062E-4EA7-ABDE-56143811B261}.Debug|x86.Deploy.0 = Debug|iPhone
		{91DF1ABA-062E-4EA7-ABDE-56143811B261}.Release|Any CPU.ActiveCfg = Release|iPhone
		{91DF1ABA-062E-4EA7-ABDE-56143811B261}.Release|Any CPU.Build.0 = Release|iPhone
		{91DF1ABA-062E-4EA7-ABDE-56143811B261}.Release|Any CPU.Deploy.0 = Release|iPhone
		{91DF1ABA-062E-4EA7-ABDE-56143811B261}.Release|ARM.ActiveCfg = Release|iPhone
		{91DF1ABA-062E-4EA7-ABDE-56143811B261}.Release|ARM.Build.0 = Release|iPhone
		{91DF1ABA-062E-4EA7-ABDE-56143811B261}.Release|ARM.Deploy.0 = Release|iPhone
		{91DF1ABA-062E-4EA7-ABDE-56143811B261}.Release|iPhone.ActiveCfg = Release|iPhone
		{91DF1ABA-062E-4EA7-ABDE-56143811B261}.Release|iPhone.Build.0 = Release|iPhone
		{91DF1ABA-062E-4EA7-ABDE-56143811B261}.Release|iPhone.Deploy.0 = Release|iPhone
		{91DF1ABA-062E-4EA7-ABDE-56143811B261}.Release|iPhoneSimulator.ActiveCfg = Release|iPhoneSimulator
		{91DF1ABA-062E-4EA7-ABDE-56143811B261}.Release|iPhoneSimulator.Build.0 = Release|iPhoneSimulator
		{91DF1ABA-062E-4EA7-ABDE-56143811B261}.Release|iPhoneSimulator.Deploy.0 = Release|iPhoneSimulator
		{91DF1ABA-062E-4EA7-ABDE-56143811B261}.Release|x64.ActiveCfg = Release|iPhone
		{91DF1ABA-062E-4EA7-ABDE-56143811B261}.Release|x64.Build.0 = Release|iPhone
		{91DF1ABA-062E-4EA7-ABDE-56143811B261}.Release|x64.Deploy.0 = Release|iPhone
		{91DF1ABA-062E-4EA7-ABDE-56143811B261}.Release|x86.ActiveCfg = Release|iPhone
		{91DF1ABA-062E-4EA7-ABDE-56143811B261}.Release|x86.Build.0 = Release|iPhone
		{91DF1ABA-062E-4EA7-ABDE-56143811B261}.Release|x86.Deploy.0 = Release|iPhone
		{BA331A5D-C907-4666-ABD8-A9A451752B19}.Ad-Hoc|Any CPU.ActiveCfg = Release|x86
		{BA331A5D-C907-4666-ABD8-A9A451752B19}.Ad-Hoc|Any CPU.Build.0 = Release|x86
		{BA331A5D-C907-4666-ABD8-A9A451752B19}.Ad-Hoc|Any CPU.Deploy.0 = Release|x86
		{BA331A5D-C907-4666-ABD8-A9A451752B19}.Ad-Hoc|ARM.ActiveCfg = Release|ARM
		{BA331A5D-C907-4666-ABD8-A9A451752B19}.Ad-Hoc|ARM.Build.0 = Release|ARM
		{BA331A5D-C907-4666-ABD8-A9A451752B19}.Ad-Hoc|ARM.Deploy.0 = Release|ARM
		{BA331A5D-C907-4666-ABD8-A9A451752B19}.Ad-Hoc|iPhone.ActiveCfg = Release|x86
		{BA331A5D-C907-4666-ABD8-A9A451752B19}.Ad-Hoc|iPhone.Build.0 = Release|x86
		{BA331A5D-C907-4666-ABD8-A9A451752B19}.Ad-Hoc|iPhone.Deploy.0 = Release|x86
		{BA331A5D-C907-4666-ABD8-A9A451752B19}.Ad-Hoc|iPhoneSimulator.ActiveCfg = Release|x86
		{BA331A5D-C907-4666-ABD8-A9A451752B19}.Ad-Hoc|iPhoneSimulator.Build.0 = Release|x86
		{BA331A5D-C907-4666-ABD8-A9A451752B19}.Ad-Hoc|iPhoneSimulator.Deploy.0 = Release|x86
		{BA331A5D-C907-4666-ABD8-A9A451752B19}.Ad-Hoc|x64.ActiveCfg = Release|x64
		{BA331A5D-C907-4666-ABD8-A9A451752B19}.Ad-Hoc|x64.Build.0 = Release|x64
		{BA331A5D-C907-4666-ABD8-A9A451752B19}.Ad-Hoc|x64.Deploy.0 = Release|x64
		{BA331A5D-C907-4666-ABD8-A9A451752B19}.Ad-Hoc|x86.ActiveCfg = Release|x86
		{BA331A5D-C907-4666-ABD8-A9A451752B19}.Ad-Hoc|x86.Build.0 = Release|x86
		{BA331A5D-C907-4666-ABD8-A9A451752B19}.Ad-Hoc|x86.Deploy.0 = Release|x86
		{BA331A5D-C907-4666-ABD8-A9A451752B19}.AppStore|Any CPU.ActiveCfg = Release|x86
		{BA331A5D-C907-4666-ABD8-A9A451752B19}.AppStore|Any CPU.Build.0 = Release|x86
		{BA331A5D-C907-4666-ABD8-A9A451752B19}.AppStore|Any CPU.Deploy.0 = Release|x86
		{BA331A5D-C907-4666-ABD8-A9A451752B19}.AppStore|ARM.ActiveCfg = Release|ARM
		{BA331A5D-C907-4666-ABD8-A9A451752B19}.AppStore|ARM.Build.0 = Release|ARM
		{BA331A5D-C907-4666-ABD8-A9A451752B19}.AppStore|ARM.Deploy.0 = Release|ARM
		{BA331A5D-C907-4666-ABD8-A9A451752B19}.AppStore|iPhone.ActiveCfg = Release|x86
		{BA331A5D-C907-4666-ABD8-A9A451752B19}.AppStore|iPhone.Build.0 = Release|x86
		{BA331A5D-C907-4666-ABD8-A9A451752B19}.AppStore|iPhone.Deploy.0 = Release|x86
		{BA331A5D-C907-4666-ABD8-A9A451752B19}.AppStore|iPhoneSimulator.ActiveCfg = Release|x86
		{BA331A5D-C907-4666-ABD8-A9A451752B19}.AppStore|iPhoneSimulator.Build.0 = Release|x86
		{BA331A5D-C907-4666-ABD8-A9A451752B19}.AppStore|iPhoneSimulator.Deploy.0 = Release|x86
		{BA331A5D-C907-4666-ABD8-A9A451752B19}.AppStore|x64.ActiveCfg = Release|x64
		{BA331A5D-C907-4666-ABD8-A9A451752B19}.AppStore|x64.Build.0 = Release|x64
		{BA331A5D-C907-4666-ABD8-A9A451752B19}.AppStore|x64.Deploy.0 = Release|x64
		{BA331A5D-C907-4666-ABD8-A9A451752B19}.AppStore|x86.ActiveCfg = Release|x86
		{BA331A5D-C907-4666-ABD8-A9A451752B19}.AppStore|x86.Build.0 = Release|x86
		{BA331A5D-C907-4666-ABD8-A9A451752B19}.AppStore|x86.Deploy.0 = Release|x86
		{BA331A5D-C907-4666-ABD8-A9A451752B19}.Debug|Any CPU.ActiveCfg = Debug|x86
		{BA331A5D-C907-4666-ABD8-A9A451752B19}.Debug|Any CPU.Build.0 = Debug|x86
		{BA331A5D-C907-4666-ABD8-A9A451752B19}.Debug|Any CPU.Deploy.0 = Debug|x86
		{BA331A5D-C907-4666-ABD8-A9A451752B19}.Debug|ARM.ActiveCfg = Debug|ARM
		{BA331A5D-C907-4666-ABD8-A9A451752B19}.Debug|ARM.Build.0 = Debug|ARM
		{BA331A5D-C907-4666-ABD8-A9A451752B19}.Debug|ARM.Deploy.0 = Debug|ARM
		{BA331A5D-C907-4666-ABD8-A9A451752B19}.Debug|iPhone.ActiveCfg = Debug|x86
		{BA331A5D-C907-4666-ABD8-A9A451752B19}.Debug|iPhone.Build.0 = Debug|x86
		{BA331A5D-C907-4666-ABD8-A9A451752B19}.Debug|iPhone.Deploy.0 = Debug|x86
		{BA331A5D-C907-4666-ABD8-A9A451752B19}.Debug|iPhoneSimulator.ActiveCfg = Debug|x86
		{BA331A5D-C907-4666-ABD8-A9A451752B19}.Debug|iPhoneSimulator.Build.0 = Debug|x86
		{BA331A5D-C907-4666-ABD8-A9A451752B19}.Debug|iPhoneSimulator.Deploy.0 = Debug|x86
		{BA331A5D-C907-4666-ABD8-A9A451752B19}.Debug|x64.ActiveCfg = Debug|x64
		{BA331A5D-C907-4666-ABD8-A9A451752B19}.Debug|x64.Build.0 = Debug|x64
		{BA331A5D-C907-4666-ABD8-A9A451752B19}.Debug|x64.Deploy.0 = Debug|x64
		{BA331A5D-C907-4666-ABD8-A9A451752B19}.Debug|x86.ActiveCfg = Debug|x86
		{BA331A5D-C907-4666-ABD8-A9A451752B19}.Debug|x86.Build.0 = Debug|x86
		{BA331A5D-C907-4666-ABD8-A9A451752B19}.Debug|x86.Deploy.0 = Debug|x86
		{BA331A5D-C907-4666-ABD8-A9A451752B19}.Release|Any CPU.ActiveCfg = Release|x86
		{BA331A5D-C907-4666-ABD8-A9A451752B19}.Release|Any CPU.Build.0 = Release|x86
		{BA331A5D-C907-4666-ABD8-A9A451752B19}.Release|Any CPU.Deploy.0 = Release|x86
		{BA331A5D-C907-4666-ABD8-A9A451752B19}.Release|ARM.ActiveCfg = Release|ARM
		{BA331A5D-C907-4666-ABD8-A9A451752B19}.Release|ARM.Build.0 = Release|ARM
		{BA331A5D-C907-4666-ABD8-A9A451752B19}.Release|ARM.Deploy.0 = Release|ARM
		{BA331A5D-C907-4666-ABD8-A9A451752B19}.Release|iPhone.ActiveCfg = Release|x86
		{BA331A5D-C907-4666-ABD8-A9A451752B19}.Release|iPhone.Build.0 = Release|x86
		{BA331A5D-C907-4666-ABD8-A9A451752B19}.Release|iPhone.Deploy.0 = Release|x86
		{BA331A5D-C907-4666-ABD8-A9A451752B19}.Release|iPhoneSimulator.ActiveCfg = Release|x86
		{BA331A5D-C907-4666-ABD8-A9A451752B19}.Release|iPhoneSimulator.Build.0 = Release|x86
		{BA331A5D-C907-4666-ABD8-A9A451752B19}.Release|iPhoneSimulator.Deploy.0 = Release|x86
		{BA331A5D-C907-4666-ABD8-A9A451752B19}.Release|x64.ActiveCfg = Release|x64
		{BA331A5D-C907-4666-ABD8-A9A451752B19}.Release|x64.Build.0 = Release|x64
		{BA331A5D-C907-4666-ABD8-A9A451752B19}.Release|x64.Deploy.0 = Release|x64
		{BA331A5D-C907-4666-ABD8-A9A451752B19}.Release|x86.ActiveCfg = Release|x86
		{BA331A5D-C907-4666-ABD8-A9A451752B19}.Release|x86.Build.0 = Release|x86
		{BA331A5D-C907-4666-ABD8-A9A451752B19}.Release|x86.Deploy.0 = Release|x86
		{AA803EEC-5AE0-4703-B17D-FE6E21A4D0D4}.Ad-Hoc|Any CPU.ActiveCfg = Debug|Any CPU
		{AA803EEC-5AE0-4703-B17D-FE6E21A4D0D4}.Ad-Hoc|Any CPU.Build.0 = Debug|Any CPU
		{AA803EEC-5AE0-4703-B17D-FE6E21A4D0D4}.Ad-Hoc|Any CPU.Deploy.0 = Debug|Any CPU
		{AA803EEC-5AE0-4703-B17D-FE6E21A4D0D4}.Ad-Hoc|ARM.ActiveCfg = Debug|Any CPU
		{AA803EEC-5AE0-4703-B17D-FE6E21A4D0D4}.Ad-Hoc|ARM.Build.0 = Debug|Any CPU
		{AA803EEC-5AE0-4703-B17D-FE6E21A4D0D4}.Ad-Hoc|ARM.Deploy.0 = Debug|Any CPU
		{AA803EEC-5AE0-4703-B17D-FE6E21A4D0D4}.Ad-Hoc|iPhone.ActiveCfg = Debug|Any CPU
		{AA803EEC-5AE0-4703-B17D-FE6E21A4D0D4}.Ad-Hoc|iPhone.Build.0 = Debug|Any CPU
		{AA803EEC-5AE0-4703-B17D-FE6E21A4D0D4}.Ad-Hoc|iPhone.Deploy.0 = Debug|Any CPU
		{AA803EEC-5AE0-4703-B17D-FE6E21A4D0D4}.Ad-Hoc|iPhoneSimulator.ActiveCfg = Debug|Any CPU
		{AA803EEC-5AE0-4703-B17D-FE6E21A4D0D4}.Ad-Hoc|iPhoneSimulator.Build.0 = Debug|Any CPU
		{AA803EEC-5AE0-4703-B17D-FE6E21A4D0D4}.Ad-Hoc|iPhoneSimulator.Deploy.0 = Debug|Any CPU
		{AA803EEC-5AE0-4703-B17D-FE6E21A4D0D4}.Ad-Hoc|x64.ActiveCfg = Debug|Any CPU
		{AA803EEC-5AE0-4703-B17D-FE6E21A4D0D4}.Ad-Hoc|x64.Build.0 = Debug|Any CPU
		{AA803EEC-5AE0-4703-B17D-FE6E21A4D0D4}.Ad-Hoc|x64.Deploy.0 = Debug|Any CPU
		{AA803EEC-5AE0-4703-B17D-FE6E21A4D0D4}.Ad-Hoc|x86.ActiveCfg = Debug|Any CPU
		{AA803EEC-5AE0-4703-B17D-FE6E21A4D0D4}.Ad-Hoc|x86.Build.0 = Debug|Any CPU
		{AA803EEC-5AE0-4703-B17D-FE6E21A4D0D4}.Ad-Hoc|x86.Deploy.0 = Debug|Any CPU
		{AA803EEC-5AE0-4703-B17D-FE6E21A4D0D4}.AppStore|Any CPU.ActiveCfg = Debug|Any CPU
		{AA803EEC-5AE0-4703-B17D-FE6E21A4D0D4}.AppStore|Any CPU.Build.0 = Debug|Any CPU
		{AA803EEC-5AE0-4703-B17D-FE6E21A4D0D4}.AppStore|Any CPU.Deploy.0 = Debug|Any CPU
		{AA803EEC-5AE0-4703-B17D-FE6E21A4D0D4}.AppStore|ARM.ActiveCfg = Debug|Any CPU
		{AA803EEC-5AE0-4703-B17D-FE6E21A4D0D4}.AppStore|ARM.Build.0 = Debug|Any CPU
		{AA803EEC-5AE0-4703-B17D-FE6E21A4D0D4}.AppStore|ARM.Deploy.0 = Debug|Any CPU
		{AA803EEC-5AE0-4703-B17D-FE6E21A4D0D4}.AppStore|iPhone.ActiveCfg = Debug|Any CPU
		{AA803EEC-5AE0-4703-B17D-FE6E21A4D0D4}.AppStore|iPhone.Build.0 = Debug|Any CPU
		{AA803EEC-5AE0-4703-B17D-FE6E21A4D0D4}.AppStore|iPhone.Deploy.0 = Debug|Any CPU
		{AA803EEC-5AE0-4703-B17D-FE6E21A4D0D4}.AppStore|iPhoneSimulator.ActiveCfg = Debug|Any CPU
		{AA803EEC-5AE0-4703-B17D-FE6E21A4D0D4}.AppStore|iPhoneSimulator.Build.0 = Debug|Any CPU
		{AA803EEC-5AE0-4703-B17D-FE6E21A4D0D4}.AppStore|iPhoneSimulator.Deploy.0 = Debug|Any CPU
		{AA803EEC-5AE0-4703-B17D-FE6E21A4D0D4}.AppStore|x64.ActiveCfg = Debug|Any CPU
		{AA803EEC-5AE0-4703-B17D-FE6E21A4D0D4}.AppStore|x64.Build.0 = Debug|Any CPU
		{AA803EEC-5AE0-4703-B17D-FE6E21A4D0D4}.AppStore|x64.Deploy.0 = Debug|Any CPU
		{AA803EEC-5AE0-4703-B17D-FE6E21A4D0D4}.AppStore|x86.ActiveCfg = Debug|Any CPU
		{AA803EEC-5AE0-4703-B17D-FE6E21A4D0D4}.AppStore|x86.Build.0 = Debug|Any CPU
		{AA803EEC-5AE0-4703-B17D-FE6E21A4D0D4}.AppStore|x86.Deploy.0 = Debug|Any CPU
		{AA803EEC-5AE0-4703-B17D-FE6E21A4D0D4}.Debug|Any CPU.ActiveCfg = Debug|Any CPU
		{AA803EEC-5AE0-4703-B17D-FE6E21A4D0D4}.Debug|Any CPU.Build.0 = Debug|Any CPU
		{AA803EEC-5AE0-4703-B17D-FE6E21A4D0D4}.Debug|Any CPU.Deploy.0 = Debug|Any CPU
		{AA803EEC-5AE0-4703-B17D-FE6E21A4D0D4}.Debug|ARM.ActiveCfg = Debug|Any CPU
		{AA803EEC-5AE0-4703-B17D-FE6E21A4D0D4}.Debug|ARM.Build.0 = Debug|Any CPU
		{AA803EEC-5AE0-4703-B17D-FE6E21A4D0D4}.Debug|ARM.Deploy.0 = Debug|Any CPU
		{AA803EEC-5AE0-4703-B17D-FE6E21A4D0D4}.Debug|iPhone.ActiveCfg = Debug|Any CPU
		{AA803EEC-5AE0-4703-B17D-FE6E21A4D0D4}.Debug|iPhone.Build.0 = Debug|Any CPU
		{AA803EEC-5AE0-4703-B17D-FE6E21A4D0D4}.Debug|iPhone.Deploy.0 = Debug|Any CPU
		{AA803EEC-5AE0-4703-B17D-FE6E21A4D0D4}.Debug|iPhoneSimulator.ActiveCfg = Debug|Any CPU
		{AA803EEC-5AE0-4703-B17D-FE6E21A4D0D4}.Debug|iPhoneSimulator.Build.0 = Debug|Any CPU
		{AA803EEC-5AE0-4703-B17D-FE6E21A4D0D4}.Debug|iPhoneSimulator.Deploy.0 = Debug|Any CPU
		{AA803EEC-5AE0-4703-B17D-FE6E21A4D0D4}.Debug|x64.ActiveCfg = Debug|Any CPU
		{AA803EEC-5AE0-4703-B17D-FE6E21A4D0D4}.Debug|x64.Build.0 = Debug|Any CPU
		{AA803EEC-5AE0-4703-B17D-FE6E21A4D0D4}.Debug|x64.Deploy.0 = Debug|Any CPU
		{AA803EEC-5AE0-4703-B17D-FE6E21A4D0D4}.Debug|x86.ActiveCfg = Debug|Any CPU
		{AA803EEC-5AE0-4703-B17D-FE6E21A4D0D4}.Debug|x86.Build.0 = Debug|Any CPU
		{AA803EEC-5AE0-4703-B17D-FE6E21A4D0D4}.Debug|x86.Deploy.0 = Debug|Any CPU
		{AA803EEC-5AE0-4703-B17D-FE6E21A4D0D4}.Release|Any CPU.ActiveCfg = Release|Any CPU
		{AA803EEC-5AE0-4703-B17D-FE6E21A4D0D4}.Release|Any CPU.Build.0 = Release|Any CPU
		{AA803EEC-5AE0-4703-B17D-FE6E21A4D0D4}.Release|Any CPU.Deploy.0 = Release|Any CPU
		{AA803EEC-5AE0-4703-B17D-FE6E21A4D0D4}.Release|ARM.ActiveCfg = Release|Any CPU
		{AA803EEC-5AE0-4703-B17D-FE6E21A4D0D4}.Release|ARM.Build.0 = Release|Any CPU
		{AA803EEC-5AE0-4703-B17D-FE6E21A4D0D4}.Release|ARM.Deploy.0 = Release|Any CPU
		{AA803EEC-5AE0-4703-B17D-FE6E21A4D0D4}.Release|iPhone.ActiveCfg = Release|Any CPU
		{AA803EEC-5AE0-4703-B17D-FE6E21A4D0D4}.Release|iPhone.Build.0 = Release|Any CPU
		{AA803EEC-5AE0-4703-B17D-FE6E21A4D0D4}.Release|iPhone.Deploy.0 = Release|Any CPU
		{AA803EEC-5AE0-4703-B17D-FE6E21A4D0D4}.Release|iPhoneSimulator.ActiveCfg = Release|Any CPU
		{AA803EEC-5AE0-4703-B17D-FE6E21A4D0D4}.Release|iPhoneSimulator.Build.0 = Release|Any CPU
		{AA803EEC-5AE0-4703-B17D-FE6E21A4D0D4}.Release|iPhoneSimulator.Deploy.0 = Release|Any CPU
		{AA803EEC-5AE0-4703-B17D-FE6E21A4D0D4}.Release|x64.ActiveCfg = Release|Any CPU
		{AA803EEC-5AE0-4703-B17D-FE6E21A4D0D4}.Release|x64.Build.0 = Release|Any CPU
		{AA803EEC-5AE0-4703-B17D-FE6E21A4D0D4}.Release|x64.Deploy.0 = Release|Any CPU
		{AA803EEC-5AE0-4703-B17D-FE6E21A4D0D4}.Release|x86.ActiveCfg = Release|Any CPU
		{AA803EEC-5AE0-4703-B17D-FE6E21A4D0D4}.Release|x86.Build.0 = Release|Any CPU
		{AA803EEC-5AE0-4703-B17D-FE6E21A4D0D4}.Release|x86.Deploy.0 = Release|Any CPU
	EndGlobalSection
	GlobalSection(SolutionProperties) = preSolution
		HideSolutionNode = FALSE
	EndGlobalSection
	GlobalSection(ExtensibilityGlobals) = postSolution
		SolutionGuid = {94611EBB-7F56-4F4F-8C06-17A657FC5D28}
	EndGlobalSection
EndGlobal
