
Microsoft Visual Studio Solution File, Format Version 12.00
# Visual Studio 15
VisualStudioVersion = 15.0.28307.168
MinimumVisualStudioVersion = 10.0.40219.1
Project("{FAE04EC0-301F-11D3-BF4B-00C04F79EFBC}") = "ListViewDemo.Android", "ListViewDemo\ListViewDemo.Android\ListViewDemo.Android.csproj", "{348B73F4-5BCF-4003-812E-3C91358D5C68}"
EndProject
Project("{FAE04EC0-301F-11D3-BF4B-00C04F79EFBC}") = "ListViewDemo.iOS", "ListViewDemo\ListViewDemo.iOS\ListViewDemo.iOS.csproj", "{81E2C6B3-8789-4971-B777-9B31517ADCEA}"
EndProject
Project("{FAE04EC0-301F-11D3-BF4B-00C04F79EFBC}") = "ListViewDemo.UWP", "ListViewDemo\ListViewDemo.UWP\ListViewDemo.UWP.csproj", "{1E97C81A-1E13-465C-A933-EA18E722EF6F}"
EndProject
Project("{FAE04EC0-301F-11D3-BF4B-00C04F79EFBC}") = "ListViewDemo", "ListViewDemo\ListViewDemo\ListViewDemo.csproj", "{D0CB805F-0540-466B-BDD3-71BD23AEF0B0}"
EndProject
Global
	GlobalSection(SolutionConfigurationPlatforms) = preSolution
		Ad-Hoc|Any CPU = Ad-Hoc|Any CPU
		Ad-Hoc|ARM = Ad-Hoc|ARM
		Ad-Hoc|iPhone = Ad-Hoc|iPhone
		Ad-Hoc|iPhoneSimulator = Ad-Hoc|iPhoneSimulator
		Ad-Hoc|x64 = Ad-Hoc|x64
		Ad-Hoc|x86 = Ad-Hoc|x86
		AppStore|Any CPU = AppStore|Any CPU
		AppStore|ARM = AppStore|ARM
		AppStore|iPhone = AppStore|iPhone
		AppStore|iPhoneSimulator = AppStore|iPhoneSimulator
		AppStore|x64 = AppStore|x64
		AppStore|x86 = AppStore|x86
		Debug|Any CPU = Debug|Any CPU
		Debug|ARM = Debug|ARM
		Debug|iPhone = Debug|iPhone
		Debug|iPhoneSimulator = Debug|iPhoneSimulator
		Debug|x64 = Debug|x64
		Debug|x86 = Debug|x86
		Release|Any CPU = Release|Any CPU
		Release|ARM = Release|ARM
		Release|iPhone = Release|iPhone
		Release|iPhoneSimulator = Release|iPhoneSimulator
		Release|x64 = Release|x64
		Release|x86 = Release|x86
	EndGlobalSection
	GlobalSection(ProjectConfigurationPlatforms) = postSolution
		{348B73F4-5BCF-4003-812E-3C91358D5C68}.Ad-Hoc|Any CPU.ActiveCfg = Release|Any CPU
		{348B73F4-5BCF-4003-812E-3C91358D5C68}.Ad-Hoc|Any CPU.Build.0 = Release|Any CPU
		{348B73F4-5BCF-4003-812E-3C91358D5C68}.Ad-Hoc|Any CPU.Deploy.0 = Release|Any CPU
		{348B73F4-5BCF-4003-812E-3C91358D5C68}.Ad-Hoc|ARM.ActiveCfg = Release|Any CPU
		{348B73F4-5BCF-4003-812E-3C91358D5C68}.Ad-Hoc|ARM.Build.0 = Release|Any CPU
		{348B73F4-5BCF-4003-812E-3C91358D5C68}.Ad-Hoc|ARM.Deploy.0 = Release|Any CPU
		{348B73F4-5BCF-4003-812E-3C91358D5C68}.Ad-Hoc|iPhone.ActiveCfg = Release|Any CPU
		{348B73F4-5BCF-4003-812E-3C91358D5C68}.Ad-Hoc|iPhone.Build.0 = Release|Any CPU
		{348B73F4-5BCF-4003-812E-3C91358D5C68}.Ad-Hoc|iPhone.Deploy.0 = Release|Any CPU
		{348B73F4-5BCF-4003-812E-3C91358D5C68}.Ad-Hoc|iPhoneSimulator.ActiveCfg = Release|Any CPU
		{348B73F4-5BCF-4003-812E-3C91358D5C68}.Ad-Hoc|iPhoneSimulator.Build.0 = Release|Any CPU
		{348B73F4-5BCF-4003-812E-3C91358D5C68}.Ad-Hoc|iPhoneSimulator.Deploy.0 = Release|Any CPU
		{348B73F4-5BCF-4003-812E-3C91358D5C68}.Ad-Hoc|x64.ActiveCfg = Release|Any CPU
		{348B73F4-5BCF-4003-812E-3C91358D5C68}.Ad-Hoc|x64.Build.0 = Release|Any CPU
		{348B73F4-5BCF-4003-812E-3C91358D5C68}.Ad-Hoc|x64.Deploy.0 = Release|Any CPU
		{348B73F4-5BCF-4003-812E-3C91358D5C68}.Ad-Hoc|x86.ActiveCfg = Release|Any CPU
		{348B73F4-5BCF-4003-812E-3C91358D5C68}.Ad-Hoc|x86.Build.0 = Release|Any CPU
		{348B73F4-5BCF-4003-812E-3C91358D5C68}.Ad-Hoc|x86.Deploy.0 = Release|Any CPU
		{348B73F4-5BCF-4003-812E-3C91358D5C68}.AppStore|Any CPU.ActiveCfg = Release|Any CPU
		{348B73F4-5BCF-4003-812E-3C91358D5C68}.AppStore|Any CPU.Build.0 = Release|Any CPU
		{348B73F4-5BCF-4003-812E-3C91358D5C68}.AppStore|Any CPU.Deploy.0 = Release|Any CPU
		{348B73F4-5BCF-4003-812E-3C91358D5C68}.AppStore|ARM.ActiveCfg = Release|Any CPU
		{348B73F4-5BCF-4003-812E-3C91358D5C68}.AppStore|ARM.Build.0 = Release|Any CPU
		{348B73F4-5BCF-4003-812E-3C91358D5C68}.AppStore|ARM.Deploy.0 = Release|Any CPU
		{348B73F4-5BCF-4003-812E-3C91358D5C68}.AppStore|iPhone.ActiveCfg = Release|Any CPU
		{348B73F4-5BCF-4003-812E-3C91358D5C68}.AppStore|iPhone.Build.0 = Release|Any CPU
		{348B73F4-5BCF-4003-812E-3C91358D5C68}.AppStore|iPhone.Deploy.0 = Release|Any CPU
		{348B73F4-5BCF-4003-812E-3C91358D5C68}.AppStore|iPhoneSimulator.ActiveCfg = Release|Any CPU
		{348B73F4-5BCF-4003-812E-3C91358D5C68}.AppStore|iPhoneSimulator.Build.0 = Release|Any CPU
		{348B73F4-5BCF-4003-812E-3C91358D5C68}.AppStore|iPhoneSimulator.Deploy.0 = Release|Any CPU
		{348B73F4-5BCF-4003-812E-3C91358D5C68}.AppStore|x64.ActiveCfg = Release|Any CPU
		{348B73F4-5BCF-4003-812E-3C91358D5C68}.AppStore|x64.Build.0 = Release|Any CPU
		{348B73F4-5BCF-4003-812E-3C91358D5C68}.AppStore|x64.Deploy.0 = Release|Any CPU
		{348B73F4-5BCF-4003-812E-3C91358D5C68}.AppStore|x86.ActiveCfg = Release|Any CPU
		{348B73F4-5BCF-4003-812E-3C91358D5C68}.AppStore|x86.Build.0 = Release|Any CPU
		{348B73F4-5BCF-4003-812E-3C91358D5C68}.AppStore|x86.Deploy.0 = Release|Any CPU
		{348B73F4-5BCF-4003-812E-3C91358D5C68}.Debug|Any CPU.ActiveCfg = Debug|Any CPU
		{348B73F4-5BCF-4003-812E-3C91358D5C68}.Debug|Any CPU.Build.0 = Debug|Any CPU
		{348B73F4-5BCF-4003-812E-3C91358D5C68}.Debug|Any CPU.Deploy.0 = Debug|Any CPU
		{348B73F4-5BCF-4003-812E-3C91358D5C68}.Debug|ARM.ActiveCfg = Debug|Any CPU
		{348B73F4-5BCF-4003-812E-3C91358D5C68}.Debug|ARM.Build.0 = Debug|Any CPU
		{348B73F4-5BCF-4003-812E-3C91358D5C68}.Debug|ARM.Deploy.0 = Debug|Any CPU
		{348B73F4-5BCF-4003-812E-3C91358D5C68}.Debug|iPhone.ActiveCfg = Debug|Any CPU
		{348B73F4-5BCF-4003-812E-3C91358D5C68}.Debug|iPhone.Build.0 = Debug|Any CPU
		{348B73F4-5BCF-4003-812E-3C91358D5C68}.Debug|iPhone.Deploy.0 = Debug|Any CPU
		{348B73F4-5BCF-4003-812E-3C91358D5C68}.Debug|iPhoneSimulator.ActiveCfg = Debug|Any CPU
		{348B73F4-5BCF-4003-812E-3C91358D5C68}.Debug|iPhoneSimulator.Build.0 = Debug|Any CPU
		{348B73F4-5BCF-4003-812E-3C91358D5C68}.Debug|iPhoneSimulator.Deploy.0 = Debug|Any CPU
		{348B73F4-5BCF-4003-812E-3C91358D5C68}.Debug|x64.ActiveCfg = Debug|Any CPU
		{348B73F4-5BCF-4003-812E-3C91358D5C68}.Debug|x64.Build.0 = Debug|Any CPU
		{348B73F4-5BCF-4003-812E-3C91358D5C68}.Debug|x64.Deploy.0 = Debug|Any CPU
		{348B73F4-5BCF-4003-812E-3C91358D5C68}.Debug|x86.ActiveCfg = Debug|Any CPU
		{348B73F4-5BCF-4003-812E-3C91358D5C68}.Debug|x86.Build.0 = Debug|Any CPU
		{348B73F4-5BCF-4003-812E-3C91358D5C68}.Debug|x86.Deploy.0 = Debug|Any CPU
		{348B73F4-5BCF-4003-812E-3C91358D5C68}.Release|Any CPU.ActiveCfg = Release|Any CPU
		{348B73F4-5BCF-4003-812E-3C91358D5C68}.Release|Any CPU.Build.0 = Release|Any CPU
		{348B73F4-5BCF-4003-812E-3C91358D5C68}.Release|Any CPU.Deploy.0 = Release|Any CPU
		{348B73F4-5BCF-4003-812E-3C91358D5C68}.Release|ARM.ActiveCfg = Release|Any CPU
		{348B73F4-5BCF-4003-812E-3C91358D5C68}.Release|ARM.Build.0 = Release|Any CPU
		{348B73F4-5BCF-4003-812E-3C91358D5C68}.Release|ARM.Deploy.0 = Release|Any CPU
		{348B73F4-5BCF-4003-812E-3C91358D5C68}.Release|iPhone.ActiveCfg = Release|Any CPU
		{348B73F4-5BCF-4003-812E-3C91358D5C68}.Release|iPhone.Build.0 = Release|Any CPU
		{348B73F4-5BCF-4003-812E-3C91358D5C68}.Release|iPhone.Deploy.0 = Release|Any CPU
		{348B73F4-5BCF-4003-812E-3C91358D5C68}.Release|iPhoneSimulator.ActiveCfg = Release|Any CPU
		{348B73F4-5BCF-4003-812E-3C91358D5C68}.Release|iPhoneSimulator.Build.0 = Release|Any CPU
		{348B73F4-5BCF-4003-812E-3C91358D5C68}.Release|iPhoneSimulator.Deploy.0 = Release|Any CPU
		{348B73F4-5BCF-4003-812E-3C91358D5C68}.Release|x64.ActiveCfg = Release|Any CPU
		{348B73F4-5BCF-4003-812E-3C91358D5C68}.Release|x64.Build.0 = Release|Any CPU
		{348B73F4-5BCF-4003-812E-3C91358D5C68}.Release|x64.Deploy.0 = Release|Any CPU
		{348B73F4-5BCF-4003-812E-3C91358D5C68}.Release|x86.ActiveCfg = Release|Any CPU
		{348B73F4-5BCF-4003-812E-3C91358D5C68}.Release|x86.Build.0 = Release|Any CPU
		{348B73F4-5BCF-4003-812E-3C91358D5C68}.Release|x86.Deploy.0 = Release|Any CPU
		{81E2C6B3-8789-4971-B777-9B31517ADCEA}.Ad-Hoc|Any CPU.ActiveCfg = Ad-Hoc|iPhone
		{81E2C6B3-8789-4971-B777-9B31517ADCEA}.Ad-Hoc|Any CPU.Build.0 = Ad-Hoc|iPhone
		{81E2C6B3-8789-4971-B777-9B31517ADCEA}.Ad-Hoc|Any CPU.Deploy.0 = Ad-Hoc|iPhone
		{81E2C6B3-8789-4971-B777-9B31517ADCEA}.Ad-Hoc|ARM.ActiveCfg = Ad-Hoc|iPhone
		{81E2C6B3-8789-4971-B777-9B31517ADCEA}.Ad-Hoc|ARM.Build.0 = Ad-Hoc|iPhone
		{81E2C6B3-8789-4971-B777-9B31517ADCEA}.Ad-Hoc|ARM.Deploy.0 = Ad-Hoc|iPhone
		{81E2C6B3-8789-4971-B777-9B31517ADCEA}.Ad-Hoc|iPhone.ActiveCfg = Ad-Hoc|iPhone
		{81E2C6B3-8789-4971-B777-9B31517ADCEA}.Ad-Hoc|iPhone.Build.0 = Ad-Hoc|iPhone
		{81E2C6B3-8789-4971-B777-9B31517ADCEA}.Ad-Hoc|iPhone.Deploy.0 = Ad-Hoc|iPhone
		{81E2C6B3-8789-4971-B777-9B31517ADCEA}.Ad-Hoc|iPhoneSimulator.ActiveCfg = Ad-Hoc|iPhoneSimulator
		{81E2C6B3-8789-4971-B777-9B31517ADCEA}.Ad-Hoc|iPhoneSimulator.Build.0 = Ad-Hoc|iPhoneSimulator
		{81E2C6B3-8789-4971-B777-9B31517ADCEA}.Ad-Hoc|iPhoneSimulator.Deploy.0 = Ad-Hoc|iPhoneSimulator
		{81E2C6B3-8789-4971-B777-9B31517ADCEA}.Ad-Hoc|x64.ActiveCfg = Ad-Hoc|iPhone
		{81E2C6B3-8789-4971-B777-9B31517ADCEA}.Ad-Hoc|x64.Build.0 = Ad-Hoc|iPhone
		{81E2C6B3-8789-4971-B777-9B31517ADCEA}.Ad-Hoc|x64.Deploy.0 = Ad-Hoc|iPhone
		{81E2C6B3-8789-4971-B777-9B31517ADCEA}.Ad-Hoc|x86.ActiveCfg = Ad-Hoc|iPhone
		{81E2C6B3-8789-4971-B777-9B31517ADCEA}.Ad-Hoc|x86.Build.0 = Ad-Hoc|iPhone
		{81E2C6B3-8789-4971-B777-9B31517ADCEA}.Ad-Hoc|x86.Deploy.0 = Ad-Hoc|iPhone
		{81E2C6B3-8789-4971-B777-9B31517ADCEA}.AppStore|Any CPU.ActiveCfg = AppStore|iPhone
		{81E2C6B3-8789-4971-B777-9B31517ADCEA}.AppStore|Any CPU.Build.0 = AppStore|iPhone
		{81E2C6B3-8789-4971-B777-9B31517ADCEA}.AppStore|Any CPU.Deploy.0 = AppStore|iPhone
		{81E2C6B3-8789-4971-B777-9B31517ADCEA}.AppStore|ARM.ActiveCfg = AppStore|iPhone
		{81E2C6B3-8789-4971-B777-9B31517ADCEA}.AppStore|ARM.Build.0 = AppStore|iPhone
		{81E2C6B3-8789-4971-B777-9B31517ADCEA}.AppStore|ARM.Deploy.0 = AppStore|iPhone
		{81E2C6B3-8789-4971-B777-9B31517ADCEA}.AppStore|iPhone.ActiveCfg = AppStore|iPhone
		{81E2C6B3-8789-4971-B777-9B31517ADCEA}.AppStore|iPhone.Build.0 = AppStore|iPhone
		{81E2C6B3-8789-4971-B777-9B31517ADCEA}.AppStore|iPhone.Deploy.0 = AppStore|iPhone
		{81E2C6B3-8789-4971-B777-9B31517ADCEA}.AppStore|iPhoneSimulator.ActiveCfg = AppStore|iPhoneSimulator
		{81E2C6B3-8789-4971-B777-9B31517ADCEA}.AppStore|iPhoneSimulator.Build.0 = AppStore|iPhoneSimulator
		{81E2C6B3-8789-4971-B777-9B31517ADCEA}.AppStore|iPhoneSimulator.Deploy.0 = AppStore|iPhoneSimulator
		{81E2C6B3-8789-4971-B777-9B31517ADCEA}.AppStore|x64.ActiveCfg = AppStore|iPhone
		{81E2C6B3-8789-4971-B777-9B31517ADCEA}.AppStore|x64.Build.0 = AppStore|iPhone
		{81E2C6B3-8789-4971-B777-9B31517ADCEA}.AppStore|x64.Deploy.0 = AppStore|iPhone
		{81E2C6B3-8789-4971-B777-9B31517ADCEA}.AppStore|x86.ActiveCfg = AppStore|iPhone
		{81E2C6B3-8789-4971-B777-9B31517ADCEA}.AppStore|x86.Build.0 = AppStore|iPhone
		{81E2C6B3-8789-4971-B777-9B31517ADCEA}.AppStore|x86.Deploy.0 = AppStore|iPhone
		{81E2C6B3-8789-4971-B777-9B31517ADCEA}.Debug|Any CPU.ActiveCfg = Debug|iPhoneSimulator
		{81E2C6B3-8789-4971-B777-9B31517ADCEA}.Debug|Any CPU.Build.0 = Debug|iPhoneSimulator
		{81E2C6B3-8789-4971-B777-9B31517ADCEA}.Debug|Any CPU.Deploy.0 = Debug|iPhoneSimulator
		{81E2C6B3-8789-4971-B777-9B31517ADCEA}.Debug|ARM.ActiveCfg = Debug|iPhone
		{81E2C6B3-8789-4971-B777-9B31517ADCEA}.Debug|ARM.Build.0 = Debug|iPhone
		{81E2C6B3-8789-4971-B777-9B31517ADCEA}.Debug|ARM.Deploy.0 = Debug|iPhone
		{81E2C6B3-8789-4971-B777-9B31517ADCEA}.Debug|iPhone.ActiveCfg = Debug|iPhone
		{81E2C6B3-8789-4971-B777-9B31517ADCEA}.Debug|iPhone.Build.0 = Debug|iPhone
		{81E2C6B3-8789-4971-B777-9B31517ADCEA}.Debug|iPhone.Deploy.0 = Debug|iPhone
		{81E2C6B3-8789-4971-B777-9B31517ADCEA}.Debug|iPhoneSimulator.ActiveCfg = Debug|iPhoneSimulator
		{81E2C6B3-8789-4971-B777-9B31517ADCEA}.Debug|iPhoneSimulator.Build.0 = Debug|iPhoneSimulator
		{81E2C6B3-8789-4971-B777-9B31517ADCEA}.Debug|iPhoneSimulator.Deploy.0 = Debug|iPhoneSimulator
		{81E2C6B3-8789-4971-B777-9B31517ADCEA}.Debug|x64.ActiveCfg = Debug|iPhone
		{81E2C6B3-8789-4971-B777-9B31517ADCEA}.Debug|x64.Build.0 = Debug|iPhone
		{81E2C6B3-8789-4971-B777-9B31517ADCEA}.Debug|x64.Deploy.0 = Debug|iPhone
		{81E2C6B3-8789-4971-B777-9B31517ADCEA}.Debug|x86.ActiveCfg = Debug|iPhone
		{81E2C6B3-8789-4971-B777-9B31517ADCEA}.Debug|x86.Build.0 = Debug|iPhone
		{81E2C6B3-8789-4971-B777-9B31517ADCEA}.Debug|x86.Deploy.0 = Debug|iPhone
		{81E2C6B3-8789-4971-B777-9B31517ADCEA}.Release|Any CPU.ActiveCfg = Release|iPhone
		{81E2C6B3-8789-4971-B777-9B31517ADCEA}.Release|Any CPU.Build.0 = Release|iPhone
		{81E2C6B3-8789-4971-B777-9B31517ADCEA}.Release|Any CPU.Deploy.0 = Release|iPhone
		{81E2C6B3-8789-4971-B777-9B31517ADCEA}.Release|ARM.ActiveCfg = Release|iPhone
		{81E2C6B3-8789-4971-B777-9B31517ADCEA}.Release|ARM.Build.0 = Release|iPhone
		{81E2C6B3-8789-4971-B777-9B31517ADCEA}.Release|ARM.Deploy.0 = Release|iPhone
		{81E2C6B3-8789-4971-B777-9B31517ADCEA}.Release|iPhone.ActiveCfg = Release|iPhone
		{81E2C6B3-8789-4971-B777-9B31517ADCEA}.Release|iPhone.Build.0 = Release|iPhone
		{81E2C6B3-8789-4971-B777-9B31517ADCEA}.Release|iPhone.Deploy.0 = Release|iPhone
		{81E2C6B3-8789-4971-B777-9B31517ADCEA}.Release|iPhoneSimulator.ActiveCfg = Release|iPhoneSimulator
		{81E2C6B3-8789-4971-B777-9B31517ADCEA}.Release|iPhoneSimulator.Build.0 = Release|iPhoneSimulator
		{81E2C6B3-8789-4971-B777-9B31517ADCEA}.Release|iPhoneSimulator.Deploy.0 = Release|iPhoneSimulator
		{81E2C6B3-8789-4971-B777-9B31517ADCEA}.Release|x64.ActiveCfg = Release|iPhone
		{81E2C6B3-8789-4971-B777-9B31517ADCEA}.Release|x64.Build.0 = Release|iPhone
		{81E2C6B3-8789-4971-B777-9B31517ADCEA}.Release|x64.Deploy.0 = Release|iPhone
		{81E2C6B3-8789-4971-B777-9B31517ADCEA}.Release|x86.ActiveCfg = Release|iPhone
		{81E2C6B3-8789-4971-B777-9B31517ADCEA}.Release|x86.Build.0 = Release|iPhone
		{81E2C6B3-8789-4971-B777-9B31517ADCEA}.Release|x86.Deploy.0 = Release|iPhone
		{1E97C81A-1E13-465C-A933-EA18E722EF6F}.Ad-Hoc|Any CPU.ActiveCfg = Release|x86
		{1E97C81A-1E13-465C-A933-EA18E722EF6F}.Ad-Hoc|Any CPU.Build.0 = Release|x86
		{1E97C81A-1E13-465C-A933-EA18E722EF6F}.Ad-Hoc|Any CPU.Deploy.0 = Release|x86
		{1E97C81A-1E13-465C-A933-EA18E722EF6F}.Ad-Hoc|ARM.ActiveCfg = Release|ARM
		{1E97C81A-1E13-465C-A933-EA18E722EF6F}.Ad-Hoc|ARM.Build.0 = Release|ARM
		{1E97C81A-1E13-465C-A933-EA18E722EF6F}.Ad-Hoc|ARM.Deploy.0 = Release|ARM
		{1E97C81A-1E13-465C-A933-EA18E722EF6F}.Ad-Hoc|iPhone.ActiveCfg = Release|x86
		{1E97C81A-1E13-465C-A933-EA18E722EF6F}.Ad-Hoc|iPhone.Build.0 = Release|x86
		{1E97C81A-1E13-465C-A933-EA18E722EF6F}.Ad-Hoc|iPhone.Deploy.0 = Release|x86
		{1E97C81A-1E13-465C-A933-EA18E722EF6F}.Ad-Hoc|iPhoneSimulator.ActiveCfg = Release|x86
		{1E97C81A-1E13-465C-A933-EA18E722EF6F}.Ad-Hoc|iPhoneSimulator.Build.0 = Release|x86
		{1E97C81A-1E13-465C-A933-EA18E722EF6F}.Ad-Hoc|iPhoneSimulator.Deploy.0 = Release|x86
		{1E97C81A-1E13-465C-A933-EA18E722EF6F}.Ad-Hoc|x64.ActiveCfg = Release|x64
		{1E97C81A-1E13-465C-A933-EA18E722EF6F}.Ad-Hoc|x64.Build.0 = Release|x64
		{1E97C81A-1E13-465C-A933-EA18E722EF6F}.Ad-Hoc|x64.Deploy.0 = Release|x64
		{1E97C81A-1E13-465C-A933-EA18E722EF6F}.Ad-Hoc|x86.ActiveCfg = Release|x86
		{1E97C81A-1E13-465C-A933-EA18E722EF6F}.Ad-Hoc|x86.Build.0 = Release|x86
		{1E97C81A-1E13-465C-A933-EA18E722EF6F}.Ad-Hoc|x86.Deploy.0 = Release|x86
		{1E97C81A-1E13-465C-A933-EA18E722EF6F}.AppStore|Any CPU.ActiveCfg = Release|x86
		{1E97C81A-1E13-465C-A933-EA18E722EF6F}.AppStore|Any CPU.Build.0 = Release|x86
		{1E97C81A-1E13-465C-A933-EA18E722EF6F}.AppStore|Any CPU.Deploy.0 = Release|x86
		{1E97C81A-1E13-465C-A933-EA18E722EF6F}.AppStore|ARM.ActiveCfg = Release|ARM
		{1E97C81A-1E13-465C-A933-EA18E722EF6F}.AppStore|ARM.Build.0 = Release|ARM
		{1E97C81A-1E13-465C-A933-EA18E722EF6F}.AppStore|ARM.Deploy.0 = Release|ARM
		{1E97C81A-1E13-465C-A933-EA18E722EF6F}.AppStore|iPhone.ActiveCfg = Release|x86
		{1E97C81A-1E13-465C-A933-EA18E722EF6F}.AppStore|iPhone.Build.0 = Release|x86
		{1E97C81A-1E13-465C-A933-EA18E722EF6F}.AppStore|iPhone.Deploy.0 = Release|x86
		{1E97C81A-1E13-465C-A933-EA18E722EF6F}.AppStore|iPhoneSimulator.ActiveCfg = Release|x86
		{1E97C81A-1E13-465C-A933-EA18E722EF6F}.AppStore|iPhoneSimulator.Build.0 = Release|x86
		{1E97C81A-1E13-465C-A933-EA18E722EF6F}.AppStore|iPhoneSimulator.Deploy.0 = Release|x86
		{1E97C81A-1E13-465C-A933-EA18E722EF6F}.AppStore|x64.ActiveCfg = Release|x64
		{1E97C81A-1E13-465C-A933-EA18E722EF6F}.AppStore|x64.Build.0 = Release|x64
		{1E97C81A-1E13-465C-A933-EA18E722EF6F}.AppStore|x64.Deploy.0 = Release|x64
		{1E97C81A-1E13-465C-A933-EA18E722EF6F}.AppStore|x86.ActiveCfg = Release|x86
		{1E97C81A-1E13-465C-A933-EA18E722EF6F}.AppStore|x86.Build.0 = Release|x86
		{1E97C81A-1E13-465C-A933-EA18E722EF6F}.AppStore|x86.Deploy.0 = Release|x86
		{1E97C81A-1E13-465C-A933-EA18E722EF6F}.Debug|Any CPU.ActiveCfg = Debug|x86
		{1E97C81A-1E13-465C-A933-EA18E722EF6F}.Debug|Any CPU.Build.0 = Debug|x86
		{1E97C81A-1E13-465C-A933-EA18E722EF6F}.Debug|Any CPU.Deploy.0 = Debug|x86
		{1E97C81A-1E13-465C-A933-EA18E722EF6F}.Debug|ARM.ActiveCfg = Debug|ARM
		{1E97C81A-1E13-465C-A933-EA18E722EF6F}.Debug|ARM.Build.0 = Debug|ARM
		{1E97C81A-1E13-465C-A933-EA18E722EF6F}.Debug|ARM.Deploy.0 = Debug|ARM
		{1E97C81A-1E13-465C-A933-EA18E722EF6F}.Debug|iPhone.ActiveCfg = Debug|x86
		{1E97C81A-1E13-465C-A933-EA18E722EF6F}.Debug|iPhone.Build.0 = Debug|x86
		{1E97C81A-1E13-465C-A933-EA18E722EF6F}.Debug|iPhone.Deploy.0 = Debug|x86
		{1E97C81A-1E13-465C-A933-EA18E722EF6F}.Debug|iPhoneSimulator.ActiveCfg = Debug|x86
		{1E97C81A-1E13-465C-A933-EA18E722EF6F}.Debug|iPhoneSimulator.Build.0 = Debug|x86
		{1E97C81A-1E13-465C-A933-EA18E722EF6F}.Debug|iPhoneSimulator.Deploy.0 = Debug|x86
		{1E97C81A-1E13-465C-A933-EA18E722EF6F}.Debug|x64.ActiveCfg = Debug|x64
		{1E97C81A-1E13-465C-A933-EA18E722EF6F}.Debug|x64.Build.0 = Debug|x64
		{1E97C81A-1E13-465C-A933-EA18E722EF6F}.Debug|x64.Deploy.0 = Debug|x64
		{1E97C81A-1E13-465C-A933-EA18E722EF6F}.Debug|x86.ActiveCfg = Debug|x86
		{1E97C81A-1E13-465C-A933-EA18E722EF6F}.Debug|x86.Build.0 = Debug|x86
		{1E97C81A-1E13-465C-A933-EA18E722EF6F}.Debug|x86.Deploy.0 = Debug|x86
		{1E97C81A-1E13-465C-A933-EA18E722EF6F}.Release|Any CPU.ActiveCfg = Release|x86
		{1E97C81A-1E13-465C-A933-EA18E722EF6F}.Release|Any CPU.Build.0 = Release|x86
		{1E97C81A-1E13-465C-A933-EA18E722EF6F}.Release|Any CPU.Deploy.0 = Release|x86
		{1E97C81A-1E13-465C-A933-EA18E722EF6F}.Release|ARM.ActiveCfg = Release|ARM
		{1E97C81A-1E13-465C-A933-EA18E722EF6F}.Release|ARM.Build.0 = Release|ARM
		{1E97C81A-1E13-465C-A933-EA18E722EF6F}.Release|ARM.Deploy.0 = Release|ARM
		{1E97C81A-1E13-465C-A933-EA18E722EF6F}.Release|iPhone.ActiveCfg = Release|x86
		{1E97C81A-1E13-465C-A933-EA18E722EF6F}.Release|iPhone.Build.0 = Release|x86
		{1E97C81A-1E13-465C-A933-EA18E722EF6F}.Release|iPhone.Deploy.0 = Release|x86
		{1E97C81A-1E13-465C-A933-EA18E722EF6F}.Release|iPhoneSimulator.ActiveCfg = Release|x86
		{1E97C81A-1E13-465C-A933-EA18E722EF6F}.Release|iPhoneSimulator.Build.0 = Release|x86
		{1E97C81A-1E13-465C-A933-EA18E722EF6F}.Release|iPhoneSimulator.Deploy.0 = Release|x86
		{1E97C81A-1E13-465C-A933-EA18E722EF6F}.Release|x64.ActiveCfg = Release|x64
		{1E97C81A-1E13-465C-A933-EA18E722EF6F}.Release|x64.Build.0 = Release|x64
		{1E97C81A-1E13-465C-A933-EA18E722EF6F}.Release|x64.Deploy.0 = Release|x64
		{1E97C81A-1E13-465C-A933-EA18E722EF6F}.Release|x86.ActiveCfg = Release|x86
		{1E97C81A-1E13-465C-A933-EA18E722EF6F}.Release|x86.Build.0 = Release|x86
		{1E97C81A-1E13-465C-A933-EA18E722EF6F}.Release|x86.Deploy.0 = Release|x86
		{D0CB805F-0540-466B-BDD3-71BD23AEF0B0}.Ad-Hoc|Any CPU.ActiveCfg = Debug|Any CPU
		{D0CB805F-0540-466B-BDD3-71BD23AEF0B0}.Ad-Hoc|Any CPU.Build.0 = Debug|Any CPU
		{D0CB805F-0540-466B-BDD3-71BD23AEF0B0}.Ad-Hoc|Any CPU.Deploy.0 = Debug|Any CPU
		{D0CB805F-0540-466B-BDD3-71BD23AEF0B0}.Ad-Hoc|ARM.ActiveCfg = Debug|Any CPU
		{D0CB805F-0540-466B-BDD3-71BD23AEF0B0}.Ad-Hoc|ARM.Build.0 = Debug|Any CPU
		{D0CB805F-0540-466B-BDD3-71BD23AEF0B0}.Ad-Hoc|ARM.Deploy.0 = Debug|Any CPU
		{D0CB805F-0540-466B-BDD3-71BD23AEF0B0}.Ad-Hoc|iPhone.ActiveCfg = Debug|Any CPU
		{D0CB805F-0540-466B-BDD3-71BD23AEF0B0}.Ad-Hoc|iPhone.Build.0 = Debug|Any CPU
		{D0CB805F-0540-466B-BDD3-71BD23AEF0B0}.Ad-Hoc|iPhone.Deploy.0 = Debug|Any CPU
		{D0CB805F-0540-466B-BDD3-71BD23AEF0B0}.Ad-Hoc|iPhoneSimulator.ActiveCfg = Debug|Any CPU
		{D0CB805F-0540-466B-BDD3-71BD23AEF0B0}.Ad-Hoc|iPhoneSimulator.Build.0 = Debug|Any CPU
		{D0CB805F-0540-466B-BDD3-71BD23AEF0B0}.Ad-Hoc|iPhoneSimulator.Deploy.0 = Debug|Any CPU
		{D0CB805F-0540-466B-BDD3-71BD23AEF0B0}.Ad-Hoc|x64.ActiveCfg = Debug|Any CPU
		{D0CB805F-0540-466B-BDD3-71BD23AEF0B0}.Ad-Hoc|x64.Build.0 = Debug|Any CPU
		{D0CB805F-0540-466B-BDD3-71BD23AEF0B0}.Ad-Hoc|x64.Deploy.0 = Debug|Any CPU
		{D0CB805F-0540-466B-BDD3-71BD23AEF0B0}.Ad-Hoc|x86.ActiveCfg = Debug|Any CPU
		{D0CB805F-0540-466B-BDD3-71BD23AEF0B0}.Ad-Hoc|x86.Build.0 = Debug|Any CPU
		{D0CB805F-0540-466B-BDD3-71BD23AEF0B0}.Ad-Hoc|x86.Deploy.0 = Debug|Any CPU
		{D0CB805F-0540-466B-BDD3-71BD23AEF0B0}.AppStore|Any CPU.ActiveCfg = Debug|Any CPU
		{D0CB805F-0540-466B-BDD3-71BD23AEF0B0}.AppStore|Any CPU.Build.0 = Debug|Any CPU
		{D0CB805F-0540-466B-BDD3-71BD23AEF0B0}.AppStore|Any CPU.Deploy.0 = Debug|Any CPU
		{D0CB805F-0540-466B-BDD3-71BD23AEF0B0}.AppStore|ARM.ActiveCfg = Debug|Any CPU
		{D0CB805F-0540-466B-BDD3-71BD23AEF0B0}.AppStore|ARM.Build.0 = Debug|Any CPU
		{D0CB805F-0540-466B-BDD3-71BD23AEF0B0}.AppStore|ARM.Deploy.0 = Debug|Any CPU
		{D0CB805F-0540-466B-BDD3-71BD23AEF0B0}.AppStore|iPhone.ActiveCfg = Debug|Any CPU
		{D0CB805F-0540-466B-BDD3-71BD23AEF0B0}.AppStore|iPhone.Build.0 = Debug|Any CPU
		{D0CB805F-0540-466B-BDD3-71BD23AEF0B0}.AppStore|iPhone.Deploy.0 = Debug|Any CPU
		{D0CB805F-0540-466B-BDD3-71BD23AEF0B0}.AppStore|iPhoneSimulator.ActiveCfg = Debug|Any CPU
		{D0CB805F-0540-466B-BDD3-71BD23AEF0B0}.AppStore|iPhoneSimulator.Build.0 = Debug|Any CPU
		{D0CB805F-0540-466B-BDD3-71BD23AEF0B0}.AppStore|iPhoneSimulator.Deploy.0 = Debug|Any CPU
		{D0CB805F-0540-466B-BDD3-71BD23AEF0B0}.AppStore|x64.ActiveCfg = Debug|Any CPU
		{D0CB805F-0540-466B-BDD3-71BD23AEF0B0}.AppStore|x64.Build.0 = Debug|Any CPU
		{D0CB805F-0540-466B-BDD3-71BD23AEF0B0}.AppStore|x64.Deploy.0 = Debug|Any CPU
		{D0CB805F-0540-466B-BDD3-71BD23AEF0B0}.AppStore|x86.ActiveCfg = Debug|Any CPU
		{D0CB805F-0540-466B-BDD3-71BD23AEF0B0}.AppStore|x86.Build.0 = Debug|Any CPU
		{D0CB805F-0540-466B-BDD3-71BD23AEF0B0}.AppStore|x86.Deploy.0 = Debug|Any CPU
		{D0CB805F-0540-466B-BDD3-71BD23AEF0B0}.Debug|Any CPU.ActiveCfg = Debug|Any CPU
		{D0CB805F-0540-466B-BDD3-71BD23AEF0B0}.Debug|Any CPU.Build.0 = Debug|Any CPU
		{D0CB805F-0540-466B-BDD3-71BD23AEF0B0}.Debug|Any CPU.Deploy.0 = Debug|Any CPU
		{D0CB805F-0540-466B-BDD3-71BD23AEF0B0}.Debug|ARM.ActiveCfg = Debug|Any CPU
		{D0CB805F-0540-466B-BDD3-71BD23AEF0B0}.Debug|ARM.Build.0 = Debug|Any CPU
		{D0CB805F-0540-466B-BDD3-71BD23AEF0B0}.Debug|ARM.Deploy.0 = Debug|Any CPU
		{D0CB805F-0540-466B-BDD3-71BD23AEF0B0}.Debug|iPhone.ActiveCfg = Debug|Any CPU
		{D0CB805F-0540-466B-BDD3-71BD23AEF0B0}.Debug|iPhone.Build.0 = Debug|Any CPU
		{D0CB805F-0540-466B-BDD3-71BD23AEF0B0}.Debug|iPhone.Deploy.0 = Debug|Any CPU
		{D0CB805F-0540-466B-BDD3-71BD23AEF0B0}.Debug|iPhoneSimulator.ActiveCfg = Debug|Any CPU
		{D0CB805F-0540-466B-BDD3-71BD23AEF0B0}.Debug|iPhoneSimulator.Build.0 = Debug|Any CPU
		{D0CB805F-0540-466B-BDD3-71BD23AEF0B0}.Debug|iPhoneSimulator.Deploy.0 = Debug|Any CPU
		{D0CB805F-0540-466B-BDD3-71BD23AEF0B0}.Debug|x64.ActiveCfg = Debug|Any CPU
		{D0CB805F-0540-466B-BDD3-71BD23AEF0B0}.Debug|x64.Build.0 = Debug|Any CPU
		{D0CB805F-0540-466B-BDD3-71BD23AEF0B0}.Debug|x64.Deploy.0 = Debug|Any CPU
		{D0CB805F-0540-466B-BDD3-71BD23AEF0B0}.Debug|x86.ActiveCfg = Debug|Any CPU
		{D0CB805F-0540-466B-BDD3-71BD23AEF0B0}.Debug|x86.Build.0 = Debug|Any CPU
		{D0CB805F-0540-466B-BDD3-71BD23AEF0B0}.Debug|x86.Deploy.0 = Debug|Any CPU
		{D0CB805F-0540-466B-BDD3-71BD23AEF0B0}.Release|Any CPU.ActiveCfg = Release|Any CPU
		{D0CB805F-0540-466B-BDD3-71BD23AEF0B0}.Release|Any CPU.Build.0 = Release|Any CPU
		{D0CB805F-0540-466B-BDD3-71BD23AEF0B0}.Release|Any CPU.Deploy.0 = Release|Any CPU
		{D0CB805F-0540-466B-BDD3-71BD23AEF0B0}.Release|ARM.ActiveCfg = Release|Any CPU
		{D0CB805F-0540-466B-BDD3-71BD23AEF0B0}.Release|ARM.Build.0 = Release|Any CPU
		{D0CB805F-0540-466B-BDD3-71BD23AEF0B0}.Release|ARM.Deploy.0 = Release|Any CPU
		{D0CB805F-0540-466B-BDD3-71BD23AEF0B0}.Release|iPhone.ActiveCfg = Release|Any CPU
		{D0CB805F-0540-466B-BDD3-71BD23AEF0B0}.Release|iPhone.Build.0 = Release|Any CPU
		{D0CB805F-0540-466B-BDD3-71BD23AEF0B0}.Release|iPhone.Deploy.0 = Release|Any CPU
		{D0CB805F-0540-466B-BDD3-71BD23AEF0B0}.Release|iPhoneSimulator.ActiveCfg = Release|Any CPU
		{D0CB805F-0540-466B-BDD3-71BD23AEF0B0}.Release|iPhoneSimulator.Build.0 = Release|Any CPU
		{D0CB805F-0540-466B-BDD3-71BD23AEF0B0}.Release|iPhoneSimulator.Deploy.0 = Release|Any CPU
		{D0CB805F-0540-466B-BDD3-71BD23AEF0B0}.Release|x64.ActiveCfg = Release|Any CPU
		{D0CB805F-0540-466B-BDD3-71BD23AEF0B0}.Release|x64.Build.0 = Release|Any CPU
		{D0CB805F-0540-466B-BDD3-71BD23AEF0B0}.Release|x64.Deploy.0 = Release|Any CPU
		{D0CB805F-0540-466B-BDD3-71BD23AEF0B0}.Release|x86.ActiveCfg = Release|Any CPU
		{D0CB805F-0540-466B-BDD3-71BD23AEF0B0}.Release|x86.Build.0 = Release|Any CPU
		{D0CB805F-0540-466B-BDD3-71BD23AEF0B0}.Release|x86.Deploy.0 = Release|Any CPU
	EndGlobalSection
	GlobalSection(SolutionProperties) = preSolution
		HideSolutionNode = FALSE
	EndGlobalSection
	GlobalSection(ExtensibilityGlobals) = postSolution
		SolutionGuid = {D531E522-7931-4273-A8CA-A30427F34513}
	EndGlobalSection
EndGlobal
