
Microsoft Visual Studio Solution File, Format Version 12.00
# Visual Studio 15
VisualStudioVersion = 15.0.28307.168
MinimumVisualStudioVersion = 10.0.40219.1
Project("{FAE04EC0-301F-11D3-BF4B-00C04F79EFBC}") = "MVVM_Demo.Android", "MVVM_Demo\MVVM_Demo.Android\MVVM_Demo.Android.csproj", "{BE80B984-CE55-4B56-A50E-D2B5B0059978}"
EndProject
Project("{FAE04EC0-301F-11D3-BF4B-00C04F79EFBC}") = "MVVM_Demo.iOS", "MVVM_Demo\MVVM_Demo.iOS\MVVM_Demo.iOS.csproj", "{0276F0CE-8BFC-4385-9436-B33BAE7062AE}"
EndProject
Project("{FAE04EC0-301F-11D3-BF4B-00C04F79EFBC}") = "MVVM_Demo.UWP", "MVVM_Demo\MVVM_Demo.UWP\MVVM_Demo.UWP.csproj", "{2E2EE6DD-AEF2-4AEB-B30F-B49650D9779F}"
EndProject
Project("{FAE04EC0-301F-11D3-BF4B-00C04F79EFBC}") = "MVVM_Demo", "MVVM_Demo\MVVM_Demo\MVVM_Demo.csproj", "{5E7CDD94-6923-4CFE-A727-DC14570379A5}"
EndProject
Global
	GlobalSection(SolutionConfigurationPlatforms) = preSolution
		Ad-Hoc|Any CPU = Ad-Hoc|Any CPU
		Ad-Hoc|ARM = Ad-Hoc|ARM
		Ad-Hoc|iPhone = Ad-Hoc|iPhone
		Ad-Hoc|iPhoneSimulator = Ad-Hoc|iPhoneSimulator
		Ad-Hoc|x64 = Ad-Hoc|x64
		Ad-Hoc|x86 = Ad-Hoc|x86
		AppStore|Any CPU = AppStore|Any CPU
		AppStore|ARM = AppStore|ARM
		AppStore|iPhone = AppStore|iPhone
		AppStore|iPhoneSimulator = AppStore|iPhoneSimulator
		AppStore|x64 = AppStore|x64
		AppStore|x86 = AppStore|x86
		Debug|Any CPU = Debug|Any CPU
		Debug|ARM = Debug|ARM
		Debug|iPhone = Debug|iPhone
		Debug|iPhoneSimulator = Debug|iPhoneSimulator
		Debug|x64 = Debug|x64
		Debug|x86 = Debug|x86
		Release|Any CPU = Release|Any CPU
		Release|ARM = Release|ARM
		Release|iPhone = Release|iPhone
		Release|iPhoneSimulator = Release|iPhoneSimulator
		Release|x64 = Release|x64
		Release|x86 = Release|x86
	EndGlobalSection
	GlobalSection(ProjectConfigurationPlatforms) = postSolution
		{BE80B984-CE55-4B56-A50E-D2B5B0059978}.Ad-Hoc|Any CPU.ActiveCfg = Release|Any CPU
		{BE80B984-CE55-4B56-A50E-D2B5B0059978}.Ad-Hoc|Any CPU.Build.0 = Release|Any CPU
		{BE80B984-CE55-4B56-A50E-D2B5B0059978}.Ad-Hoc|Any CPU.Deploy.0 = Release|Any CPU
		{BE80B984-CE55-4B56-A50E-D2B5B0059978}.Ad-Hoc|ARM.ActiveCfg = Release|Any CPU
		{BE80B984-CE55-4B56-A50E-D2B5B0059978}.Ad-Hoc|ARM.Build.0 = Release|Any CPU
		{BE80B984-CE55-4B56-A50E-D2B5B0059978}.Ad-Hoc|ARM.Deploy.0 = Release|Any CPU
		{BE80B984-CE55-4B56-A50E-D2B5B0059978}.Ad-Hoc|iPhone.ActiveCfg = Release|Any CPU
		{BE80B984-CE55-4B56-A50E-D2B5B0059978}.Ad-Hoc|iPhone.Build.0 = Release|Any CPU
		{BE80B984-CE55-4B56-A50E-D2B5B0059978}.Ad-Hoc|iPhone.Deploy.0 = Release|Any CPU
		{BE80B984-CE55-4B56-A50E-D2B5B0059978}.Ad-Hoc|iPhoneSimulator.ActiveCfg = Release|Any CPU
		{BE80B984-CE55-4B56-A50E-D2B5B0059978}.Ad-Hoc|iPhoneSimulator.Build.0 = Release|Any CPU
		{BE80B984-CE55-4B56-A50E-D2B5B0059978}.Ad-Hoc|iPhoneSimulator.Deploy.0 = Release|Any CPU
		{BE80B984-CE55-4B56-A50E-D2B5B0059978}.Ad-Hoc|x64.ActiveCfg = Release|Any CPU
		{BE80B984-CE55-4B56-A50E-D2B5B0059978}.Ad-Hoc|x64.Build.0 = Release|Any CPU
		{BE80B984-CE55-4B56-A50E-D2B5B0059978}.Ad-Hoc|x64.Deploy.0 = Release|Any CPU
		{BE80B984-CE55-4B56-A50E-D2B5B0059978}.Ad-Hoc|x86.ActiveCfg = Release|Any CPU
		{BE80B984-CE55-4B56-A50E-D2B5B0059978}.Ad-Hoc|x86.Build.0 = Release|Any CPU
		{BE80B984-CE55-4B56-A50E-D2B5B0059978}.Ad-Hoc|x86.Deploy.0 = Release|Any CPU
		{BE80B984-CE55-4B56-A50E-D2B5B0059978}.AppStore|Any CPU.ActiveCfg = Release|Any CPU
		{BE80B984-CE55-4B56-A50E-D2B5B0059978}.AppStore|Any CPU.Build.0 = Release|Any CPU
		{BE80B984-CE55-4B56-A50E-D2B5B0059978}.AppStore|Any CPU.Deploy.0 = Release|Any CPU
		{BE80B984-CE55-4B56-A50E-D2B5B0059978}.AppStore|ARM.ActiveCfg = Release|Any CPU
		{BE80B984-CE55-4B56-A50E-D2B5B0059978}.AppStore|ARM.Build.0 = Release|Any CPU
		{BE80B984-CE55-4B56-A50E-D2B5B0059978}.AppStore|ARM.Deploy.0 = Release|Any CPU
		{BE80B984-CE55-4B56-A50E-D2B5B0059978}.AppStore|iPhone.ActiveCfg = Release|Any CPU
		{BE80B984-CE55-4B56-A50E-D2B5B0059978}.AppStore|iPhone.Build.0 = Release|Any CPU
		{BE80B984-CE55-4B56-A50E-D2B5B0059978}.AppStore|iPhone.Deploy.0 = Release|Any CPU
		{BE80B984-CE55-4B56-A50E-D2B5B0059978}.AppStore|iPhoneSimulator.ActiveCfg = Release|Any CPU
		{BE80B984-CE55-4B56-A50E-D2B5B0059978}.AppStore|iPhoneSimulator.Build.0 = Release|Any CPU
		{BE80B984-CE55-4B56-A50E-D2B5B0059978}.AppStore|iPhoneSimulator.Deploy.0 = Release|Any CPU
		{BE80B984-CE55-4B56-A50E-D2B5B0059978}.AppStore|x64.ActiveCfg = Release|Any CPU
		{BE80B984-CE55-4B56-A50E-D2B5B0059978}.AppStore|x64.Build.0 = Release|Any CPU
		{BE80B984-CE55-4B56-A50E-D2B5B0059978}.AppStore|x64.Deploy.0 = Release|Any CPU
		{BE80B984-CE55-4B56-A50E-D2B5B0059978}.AppStore|x86.ActiveCfg = Release|Any CPU
		{BE80B984-CE55-4B56-A50E-D2B5B0059978}.AppStore|x86.Build.0 = Release|Any CPU
		{BE80B984-CE55-4B56-A50E-D2B5B0059978}.AppStore|x86.Deploy.0 = Release|Any CPU
		{BE80B984-CE55-4B56-A50E-D2B5B0059978}.Debug|Any CPU.ActiveCfg = Debug|Any CPU
		{BE80B984-CE55-4B56-A50E-D2B5B0059978}.Debug|Any CPU.Build.0 = Debug|Any CPU
		{BE80B984-CE55-4B56-A50E-D2B5B0059978}.Debug|Any CPU.Deploy.0 = Debug|Any CPU
		{BE80B984-CE55-4B56-A50E-D2B5B0059978}.Debug|ARM.ActiveCfg = Debug|Any CPU
		{BE80B984-CE55-4B56-A50E-D2B5B0059978}.Debug|ARM.Build.0 = Debug|Any CPU
		{BE80B984-CE55-4B56-A50E-D2B5B0059978}.Debug|ARM.Deploy.0 = Debug|Any CPU
		{BE80B984-CE55-4B56-A50E-D2B5B0059978}.Debug|iPhone.ActiveCfg = Debug|Any CPU
		{BE80B984-CE55-4B56-A50E-D2B5B0059978}.Debug|iPhone.Build.0 = Debug|Any CPU
		{BE80B984-CE55-4B56-A50E-D2B5B0059978}.Debug|iPhone.Deploy.0 = Debug|Any CPU
		{BE80B984-CE55-4B56-A50E-D2B5B0059978}.Debug|iPhoneSimulator.ActiveCfg = Debug|Any CPU
		{BE80B984-CE55-4B56-A50E-D2B5B0059978}.Debug|iPhoneSimulator.Build.0 = Debug|Any CPU
		{BE80B984-CE55-4B56-A50E-D2B5B0059978}.Debug|iPhoneSimulator.Deploy.0 = Debug|Any CPU
		{BE80B984-CE55-4B56-A50E-D2B5B0059978}.Debug|x64.ActiveCfg = Debug|Any CPU
		{BE80B984-CE55-4B56-A50E-D2B5B0059978}.Debug|x64.Build.0 = Debug|Any CPU
		{BE80B984-CE55-4B56-A50E-D2B5B0059978}.Debug|x64.Deploy.0 = Debug|Any CPU
		{BE80B984-CE55-4B56-A50E-D2B5B0059978}.Debug|x86.ActiveCfg = Debug|Any CPU
		{BE80B984-CE55-4B56-A50E-D2B5B0059978}.Debug|x86.Build.0 = Debug|Any CPU
		{BE80B984-CE55-4B56-A50E-D2B5B0059978}.Debug|x86.Deploy.0 = Debug|Any CPU
		{BE80B984-CE55-4B56-A50E-D2B5B0059978}.Release|Any CPU.ActiveCfg = Release|Any CPU
		{BE80B984-CE55-4B56-A50E-D2B5B0059978}.Release|Any CPU.Build.0 = Release|Any CPU
		{BE80B984-CE55-4B56-A50E-D2B5B0059978}.Release|Any CPU.Deploy.0 = Release|Any CPU
		{BE80B984-CE55-4B56-A50E-D2B5B0059978}.Release|ARM.ActiveCfg = Release|Any CPU
		{BE80B984-CE55-4B56-A50E-D2B5B0059978}.Release|ARM.Build.0 = Release|Any CPU
		{BE80B984-CE55-4B56-A50E-D2B5B0059978}.Release|ARM.Deploy.0 = Release|Any CPU
		{BE80B984-CE55-4B56-A50E-D2B5B0059978}.Release|iPhone.ActiveCfg = Release|Any CPU
		{BE80B984-CE55-4B56-A50E-D2B5B0059978}.Release|iPhone.Build.0 = Release|Any CPU
		{BE80B984-CE55-4B56-A50E-D2B5B0059978}.Release|iPhone.Deploy.0 = Release|Any CPU
		{BE80B984-CE55-4B56-A50E-D2B5B0059978}.Release|iPhoneSimulator.ActiveCfg = Release|Any CPU
		{BE80B984-CE55-4B56-A50E-D2B5B0059978}.Release|iPhoneSimulator.Build.0 = Release|Any CPU
		{BE80B984-CE55-4B56-A50E-D2B5B0059978}.Release|iPhoneSimulator.Deploy.0 = Release|Any CPU
		{BE80B984-CE55-4B56-A50E-D2B5B0059978}.Release|x64.ActiveCfg = Release|Any CPU
		{BE80B984-CE55-4B56-A50E-D2B5B0059978}.Release|x64.Build.0 = Release|Any CPU
		{BE80B984-CE55-4B56-A50E-D2B5B0059978}.Release|x64.Deploy.0 = Release|Any CPU
		{BE80B984-CE55-4B56-A50E-D2B5B0059978}.Release|x86.ActiveCfg = Release|Any CPU
		{BE80B984-CE55-4B56-A50E-D2B5B0059978}.Release|x86.Build.0 = Release|Any CPU
		{BE80B984-CE55-4B56-A50E-D2B5B0059978}.Release|x86.Deploy.0 = Release|Any CPU
		{0276F0CE-8BFC-4385-9436-B33BAE7062AE}.Ad-Hoc|Any CPU.ActiveCfg = Ad-Hoc|iPhone
		{0276F0CE-8BFC-4385-9436-B33BAE7062AE}.Ad-Hoc|Any CPU.Build.0 = Ad-Hoc|iPhone
		{0276F0CE-8BFC-4385-9436-B33BAE7062AE}.Ad-Hoc|Any CPU.Deploy.0 = Ad-Hoc|iPhone
		{0276F0CE-8BFC-4385-9436-B33BAE7062AE}.Ad-Hoc|ARM.ActiveCfg = Ad-Hoc|iPhone
		{0276F0CE-8BFC-4385-9436-B33BAE7062AE}.Ad-Hoc|ARM.Build.0 = Ad-Hoc|iPhone
		{0276F0CE-8BFC-4385-9436-B33BAE7062AE}.Ad-Hoc|ARM.Deploy.0 = Ad-Hoc|iPhone
		{0276F0CE-8BFC-4385-9436-B33BAE7062AE}.Ad-Hoc|iPhone.ActiveCfg = Ad-Hoc|iPhone
		{0276F0CE-8BFC-4385-9436-B33BAE7062AE}.Ad-Hoc|iPhone.Build.0 = Ad-Hoc|iPhone
		{0276F0CE-8BFC-4385-9436-B33BAE7062AE}.Ad-Hoc|iPhone.Deploy.0 = Ad-Hoc|iPhone
		{0276F0CE-8BFC-4385-9436-B33BAE7062AE}.Ad-Hoc|iPhoneSimulator.ActiveCfg = Ad-Hoc|iPhoneSimulator
		{0276F0CE-8BFC-4385-9436-B33BAE7062AE}.Ad-Hoc|iPhoneSimulator.Build.0 = Ad-Hoc|iPhoneSimulator
		{0276F0CE-8BFC-4385-9436-B33BAE7062AE}.Ad-Hoc|iPhoneSimulator.Deploy.0 = Ad-Hoc|iPhoneSimulator
		{0276F0CE-8BFC-4385-9436-B33BAE7062AE}.Ad-Hoc|x64.ActiveCfg = Ad-Hoc|iPhone
		{0276F0CE-8BFC-4385-9436-B33BAE7062AE}.Ad-Hoc|x64.Build.0 = Ad-Hoc|iPhone
		{0276F0CE-8BFC-4385-9436-B33BAE7062AE}.Ad-Hoc|x64.Deploy.0 = Ad-Hoc|iPhone
		{0276F0CE-8BFC-4385-9436-B33BAE7062AE}.Ad-Hoc|x86.ActiveCfg = Ad-Hoc|iPhone
		{0276F0CE-8BFC-4385-9436-B33BAE7062AE}.Ad-Hoc|x86.Build.0 = Ad-Hoc|iPhone
		{0276F0CE-8BFC-4385-9436-B33BAE7062AE}.Ad-Hoc|x86.Deploy.0 = Ad-Hoc|iPhone
		{0276F0CE-8BFC-4385-9436-B33BAE7062AE}.AppStore|Any CPU.ActiveCfg = AppStore|iPhone
		{0276F0CE-8BFC-4385-9436-B33BAE7062AE}.AppStore|Any CPU.Build.0 = AppStore|iPhone
		{0276F0CE-8BFC-4385-9436-B33BAE7062AE}.AppStore|Any CPU.Deploy.0 = AppStore|iPhone
		{0276F0CE-8BFC-4385-9436-B33BAE7062AE}.AppStore|ARM.ActiveCfg = AppStore|iPhone
		{0276F0CE-8BFC-4385-9436-B33BAE7062AE}.AppStore|ARM.Build.0 = AppStore|iPhone
		{0276F0CE-8BFC-4385-9436-B33BAE7062AE}.AppStore|ARM.Deploy.0 = AppStore|iPhone
		{0276F0CE-8BFC-4385-9436-B33BAE7062AE}.AppStore|iPhone.ActiveCfg = AppStore|iPhone
		{0276F0CE-8BFC-4385-9436-B33BAE7062AE}.AppStore|iPhone.Build.0 = AppStore|iPhone
		{0276F0CE-8BFC-4385-9436-B33BAE7062AE}.AppStore|iPhone.Deploy.0 = AppStore|iPhone
		{0276F0CE-8BFC-4385-9436-B33BAE7062AE}.AppStore|iPhoneSimulator.ActiveCfg = AppStore|iPhoneSimulator
		{0276F0CE-8BFC-4385-9436-B33BAE7062AE}.AppStore|iPhoneSimulator.Build.0 = AppStore|iPhoneSimulator
		{0276F0CE-8BFC-4385-9436-B33BAE7062AE}.AppStore|iPhoneSimulator.Deploy.0 = AppStore|iPhoneSimulator
		{0276F0CE-8BFC-4385-9436-B33BAE7062AE}.AppStore|x64.ActiveCfg = AppStore|iPhone
		{0276F0CE-8BFC-4385-9436-B33BAE7062AE}.AppStore|x64.Build.0 = AppStore|iPhone
		{0276F0CE-8BFC-4385-9436-B33BAE7062AE}.AppStore|x64.Deploy.0 = AppStore|iPhone
		{0276F0CE-8BFC-4385-9436-B33BAE7062AE}.AppStore|x86.ActiveCfg = AppStore|iPhone
		{0276F0CE-8BFC-4385-9436-B33BAE7062AE}.AppStore|x86.Build.0 = AppStore|iPhone
		{0276F0CE-8BFC-4385-9436-B33BAE7062AE}.AppStore|x86.Deploy.0 = AppStore|iPhone
		{0276F0CE-8BFC-4385-9436-B33BAE7062AE}.Debug|Any CPU.ActiveCfg = Debug|iPhoneSimulator
		{0276F0CE-8BFC-4385-9436-B33BAE7062AE}.Debug|Any CPU.Build.0 = Debug|iPhoneSimulator
		{0276F0CE-8BFC-4385-9436-B33BAE7062AE}.Debug|Any CPU.Deploy.0 = Debug|iPhoneSimulator
		{0276F0CE-8BFC-4385-9436-B33BAE7062AE}.Debug|ARM.ActiveCfg = Debug|iPhone
		{0276F0CE-8BFC-4385-9436-B33BAE7062AE}.Debug|ARM.Build.0 = Debug|iPhone
		{0276F0CE-8BFC-4385-9436-B33BAE7062AE}.Debug|ARM.Deploy.0 = Debug|iPhone
		{0276F0CE-8BFC-4385-9436-B33BAE7062AE}.Debug|iPhone.ActiveCfg = Debug|iPhone
		{0276F0CE-8BFC-4385-9436-B33BAE7062AE}.Debug|iPhone.Build.0 = Debug|iPhone
		{0276F0CE-8BFC-4385-9436-B33BAE7062AE}.Debug|iPhone.Deploy.0 = Debug|iPhone
		{0276F0CE-8BFC-4385-9436-B33BAE7062AE}.Debug|iPhoneSimulator.ActiveCfg = Debug|iPhoneSimulator
		{0276F0CE-8BFC-4385-9436-B33BAE7062AE}.Debug|iPhoneSimulator.Build.0 = Debug|iPhoneSimulator
		{0276F0CE-8BFC-4385-9436-B33BAE7062AE}.Debug|iPhoneSimulator.Deploy.0 = Debug|iPhoneSimulator
		{0276F0CE-8BFC-4385-9436-B33BAE7062AE}.Debug|x64.ActiveCfg = Debug|iPhone
		{0276F0CE-8BFC-4385-9436-B33BAE7062AE}.Debug|x64.Build.0 = Debug|iPhone
		{0276F0CE-8BFC-4385-9436-B33BAE7062AE}.Debug|x64.Deploy.0 = Debug|iPhone
		{0276F0CE-8BFC-4385-9436-B33BAE7062AE}.Debug|x86.ActiveCfg = Debug|iPhone
		{0276F0CE-8BFC-4385-9436-B33BAE7062AE}.Debug|x86.Build.0 = Debug|iPhone
		{0276F0CE-8BFC-4385-9436-B33BAE7062AE}.Debug|x86.Deploy.0 = Debug|iPhone
		{0276F0CE-8BFC-4385-9436-B33BAE7062AE}.Release|Any CPU.ActiveCfg = Release|iPhone
		{0276F0CE-8BFC-4385-9436-B33BAE7062AE}.Release|Any CPU.Build.0 = Release|iPhone
		{0276F0CE-8BFC-4385-9436-B33BAE7062AE}.Release|Any CPU.Deploy.0 = Release|iPhone
		{0276F0CE-8BFC-4385-9436-B33BAE7062AE}.Release|ARM.ActiveCfg = Release|iPhone
		{0276F0CE-8BFC-4385-9436-B33BAE7062AE}.Release|ARM.Build.0 = Release|iPhone
		{0276F0CE-8BFC-4385-9436-B33BAE7062AE}.Release|ARM.Deploy.0 = Release|iPhone
		{0276F0CE-8BFC-4385-9436-B33BAE7062AE}.Release|iPhone.ActiveCfg = Release|iPhone
		{0276F0CE-8BFC-4385-9436-B33BAE7062AE}.Release|iPhone.Build.0 = Release|iPhone
		{0276F0CE-8BFC-4385-9436-B33BAE7062AE}.Release|iPhone.Deploy.0 = Release|iPhone
		{0276F0CE-8BFC-4385-9436-B33BAE7062AE}.Release|iPhoneSimulator.ActiveCfg = Release|iPhoneSimulator
		{0276F0CE-8BFC-4385-9436-B33BAE7062AE}.Release|iPhoneSimulator.Build.0 = Release|iPhoneSimulator
		{0276F0CE-8BFC-4385-9436-B33BAE7062AE}.Release|iPhoneSimulator.Deploy.0 = Release|iPhoneSimulator
		{0276F0CE-8BFC-4385-9436-B33BAE7062AE}.Release|x64.ActiveCfg = Release|iPhone
		{0276F0CE-8BFC-4385-9436-B33BAE7062AE}.Release|x64.Build.0 = Release|iPhone
		{0276F0CE-8BFC-4385-9436-B33BAE7062AE}.Release|x64.Deploy.0 = Release|iPhone
		{0276F0CE-8BFC-4385-9436-B33BAE7062AE}.Release|x86.ActiveCfg = Release|iPhone
		{0276F0CE-8BFC-4385-9436-B33BAE7062AE}.Release|x86.Build.0 = Release|iPhone
		{0276F0CE-8BFC-4385-9436-B33BAE7062AE}.Release|x86.Deploy.0 = Release|iPhone
		{2E2EE6DD-AEF2-4AEB-B30F-B49650D9779F}.Ad-Hoc|Any CPU.ActiveCfg = Release|x86
		{2E2EE6DD-AEF2-4AEB-B30F-B49650D9779F}.Ad-Hoc|Any CPU.Build.0 = Release|x86
		{2E2EE6DD-AEF2-4AEB-B30F-B49650D9779F}.Ad-Hoc|Any CPU.Deploy.0 = Release|x86
		{2E2EE6DD-AEF2-4AEB-B30F-B49650D9779F}.Ad-Hoc|ARM.ActiveCfg = Release|ARM
		{2E2EE6DD-AEF2-4AEB-B30F-B49650D9779F}.Ad-Hoc|ARM.Build.0 = Release|ARM
		{2E2EE6DD-AEF2-4AEB-B30F-B49650D9779F}.Ad-Hoc|ARM.Deploy.0 = Release|ARM
		{2E2EE6DD-AEF2-4AEB-B30F-B49650D9779F}.Ad-Hoc|iPhone.ActiveCfg = Release|x86
		{2E2EE6DD-AEF2-4AEB-B30F-B49650D9779F}.Ad-Hoc|iPhone.Build.0 = Release|x86
		{2E2EE6DD-AEF2-4AEB-B30F-B49650D9779F}.Ad-Hoc|iPhone.Deploy.0 = Release|x86
		{2E2EE6DD-AEF2-4AEB-B30F-B49650D9779F}.Ad-Hoc|iPhoneSimulator.ActiveCfg = Release|x86
		{2E2EE6DD-AEF2-4AEB-B30F-B49650D9779F}.Ad-Hoc|iPhoneSimulator.Build.0 = Release|x86
		{2E2EE6DD-AEF2-4AEB-B30F-B49650D9779F}.Ad-Hoc|iPhoneSimulator.Deploy.0 = Release|x86
		{2E2EE6DD-AEF2-4AEB-B30F-B49650D9779F}.Ad-Hoc|x64.ActiveCfg = Release|x64
		{2E2EE6DD-AEF2-4AEB-B30F-B49650D9779F}.Ad-Hoc|x64.Build.0 = Release|x64
		{2E2EE6DD-AEF2-4AEB-B30F-B49650D9779F}.Ad-Hoc|x64.Deploy.0 = Release|x64
		{2E2EE6DD-AEF2-4AEB-B30F-B49650D9779F}.Ad-Hoc|x86.ActiveCfg = Release|x86
		{2E2EE6DD-AEF2-4AEB-B30F-B49650D9779F}.Ad-Hoc|x86.Build.0 = Release|x86
		{2E2EE6DD-AEF2-4AEB-B30F-B49650D9779F}.Ad-Hoc|x86.Deploy.0 = Release|x86
		{2E2EE6DD-AEF2-4AEB-B30F-B49650D9779F}.AppStore|Any CPU.ActiveCfg = Release|x86
		{2E2EE6DD-AEF2-4AEB-B30F-B49650D9779F}.AppStore|Any CPU.Build.0 = Release|x86
		{2E2EE6DD-AEF2-4AEB-B30F-B49650D9779F}.AppStore|Any CPU.Deploy.0 = Release|x86
		{2E2EE6DD-AEF2-4AEB-B30F-B49650D9779F}.AppStore|ARM.ActiveCfg = Release|ARM
		{2E2EE6DD-AEF2-4AEB-B30F-B49650D9779F}.AppStore|ARM.Build.0 = Release|ARM
		{2E2EE6DD-AEF2-4AEB-B30F-B49650D9779F}.AppStore|ARM.Deploy.0 = Release|ARM
		{2E2EE6DD-AEF2-4AEB-B30F-B49650D9779F}.AppStore|iPhone.ActiveCfg = Release|x86
		{2E2EE6DD-AEF2-4AEB-B30F-B49650D9779F}.AppStore|iPhone.Build.0 = Release|x86
		{2E2EE6DD-AEF2-4AEB-B30F-B49650D9779F}.AppStore|iPhone.Deploy.0 = Release|x86
		{2E2EE6DD-AEF2-4AEB-B30F-B49650D9779F}.AppStore|iPhoneSimulator.ActiveCfg = Release|x86
		{2E2EE6DD-AEF2-4AEB-B30F-B49650D9779F}.AppStore|iPhoneSimulator.Build.0 = Release|x86
		{2E2EE6DD-AEF2-4AEB-B30F-B49650D9779F}.AppStore|iPhoneSimulator.Deploy.0 = Release|x86
		{2E2EE6DD-AEF2-4AEB-B30F-B49650D9779F}.AppStore|x64.ActiveCfg = Release|x64
		{2E2EE6DD-AEF2-4AEB-B30F-B49650D9779F}.AppStore|x64.Build.0 = Release|x64
		{2E2EE6DD-AEF2-4AEB-B30F-B49650D9779F}.AppStore|x64.Deploy.0 = Release|x64
		{2E2EE6DD-AEF2-4AEB-B30F-B49650D9779F}.AppStore|x86.ActiveCfg = Release|x86
		{2E2EE6DD-AEF2-4AEB-B30F-B49650D9779F}.AppStore|x86.Build.0 = Release|x86
		{2E2EE6DD-AEF2-4AEB-B30F-B49650D9779F}.AppStore|x86.Deploy.0 = Release|x86
		{2E2EE6DD-AEF2-4AEB-B30F-B49650D9779F}.Debug|Any CPU.ActiveCfg = Debug|x86
		{2E2EE6DD-AEF2-4AEB-B30F-B49650D9779F}.Debug|Any CPU.Build.0 = Debug|x86
		{2E2EE6DD-AEF2-4AEB-B30F-B49650D9779F}.Debug|Any CPU.Deploy.0 = Debug|x86
		{2E2EE6DD-AEF2-4AEB-B30F-B49650D9779F}.Debug|ARM.ActiveCfg = Debug|ARM
		{2E2EE6DD-AEF2-4AEB-B30F-B49650D9779F}.Debug|ARM.Build.0 = Debug|ARM
		{2E2EE6DD-AEF2-4AEB-B30F-B49650D9779F}.Debug|ARM.Deploy.0 = Debug|ARM
		{2E2EE6DD-AEF2-4AEB-B30F-B49650D9779F}.Debug|iPhone.ActiveCfg = Debug|x86
		{2E2EE6DD-AEF2-4AEB-B30F-B49650D9779F}.Debug|iPhone.Build.0 = Debug|x86
		{2E2EE6DD-AEF2-4AEB-B30F-B49650D9779F}.Debug|iPhone.Deploy.0 = Debug|x86
		{2E2EE6DD-AEF2-4AEB-B30F-B49650D9779F}.Debug|iPhoneSimulator.ActiveCfg = Debug|x86
		{2E2EE6DD-AEF2-4AEB-B30F-B49650D9779F}.Debug|iPhoneSimulator.Build.0 = Debug|x86
		{2E2EE6DD-AEF2-4AEB-B30F-B49650D9779F}.Debug|iPhoneSimulator.Deploy.0 = Debug|x86
		{2E2EE6DD-AEF2-4AEB-B30F-B49650D9779F}.Debug|x64.ActiveCfg = Debug|x64
		{2E2EE6DD-AEF2-4AEB-B30F-B49650D9779F}.Debug|x64.Build.0 = Debug|x64
		{2E2EE6DD-AEF2-4AEB-B30F-B49650D9779F}.Debug|x64.Deploy.0 = Debug|x64
		{2E2EE6DD-AEF2-4AEB-B30F-B49650D9779F}.Debug|x86.ActiveCfg = Debug|x86
		{2E2EE6DD-AEF2-4AEB-B30F-B49650D9779F}.Debug|x86.Build.0 = Debug|x86
		{2E2EE6DD-AEF2-4AEB-B30F-B49650D9779F}.Debug|x86.Deploy.0 = Debug|x86
		{2E2EE6DD-AEF2-4AEB-B30F-B49650D9779F}.Release|Any CPU.ActiveCfg = Release|x86
		{2E2EE6DD-AEF2-4AEB-B30F-B49650D9779F}.Release|Any CPU.Build.0 = Release|x86
		{2E2EE6DD-AEF2-4AEB-B30F-B49650D9779F}.Release|Any CPU.Deploy.0 = Release|x86
		{2E2EE6DD-AEF2-4AEB-B30F-B49650D9779F}.Release|ARM.ActiveCfg = Release|ARM
		{2E2EE6DD-AEF2-4AEB-B30F-B49650D9779F}.Release|ARM.Build.0 = Release|ARM
		{2E2EE6DD-AEF2-4AEB-B30F-B49650D9779F}.Release|ARM.Deploy.0 = Release|ARM
		{2E2EE6DD-AEF2-4AEB-B30F-B49650D9779F}.Release|iPhone.ActiveCfg = Release|x86
		{2E2EE6DD-AEF2-4AEB-B30F-B49650D9779F}.Release|iPhone.Build.0 = Release|x86
		{2E2EE6DD-AEF2-4AEB-B30F-B49650D9779F}.Release|iPhone.Deploy.0 = Release|x86
		{2E2EE6DD-AEF2-4AEB-B30F-B49650D9779F}.Release|iPhoneSimulator.ActiveCfg = Release|x86
		{2E2EE6DD-AEF2-4AEB-B30F-B49650D9779F}.Release|iPhoneSimulator.Build.0 = Release|x86
		{2E2EE6DD-AEF2-4AEB-B30F-B49650D9779F}.Release|iPhoneSimulator.Deploy.0 = Release|x86
		{2E2EE6DD-AEF2-4AEB-B30F-B49650D9779F}.Release|x64.ActiveCfg = Release|x64
		{2E2EE6DD-AEF2-4AEB-B30F-B49650D9779F}.Release|x64.Build.0 = Release|x64
		{2E2EE6DD-AEF2-4AEB-B30F-B49650D9779F}.Release|x64.Deploy.0 = Release|x64
		{2E2EE6DD-AEF2-4AEB-B30F-B49650D9779F}.Release|x86.ActiveCfg = Release|x86
		{2E2EE6DD-AEF2-4AEB-B30F-B49650D9779F}.Release|x86.Build.0 = Release|x86
		{2E2EE6DD-AEF2-4AEB-B30F-B49650D9779F}.Release|x86.Deploy.0 = Release|x86
		{5E7CDD94-6923-4CFE-A727-DC14570379A5}.Ad-Hoc|Any CPU.ActiveCfg = Debug|Any CPU
		{5E7CDD94-6923-4CFE-A727-DC14570379A5}.Ad-Hoc|Any CPU.Build.0 = Debug|Any CPU
		{5E7CDD94-6923-4CFE-A727-DC14570379A5}.Ad-Hoc|Any CPU.Deploy.0 = Debug|Any CPU
		{5E7CDD94-6923-4CFE-A727-DC14570379A5}.Ad-Hoc|ARM.ActiveCfg = Debug|Any CPU
		{5E7CDD94-6923-4CFE-A727-DC14570379A5}.Ad-Hoc|ARM.Build.0 = Debug|Any CPU
		{5E7CDD94-6923-4CFE-A727-DC14570379A5}.Ad-Hoc|ARM.Deploy.0 = Debug|Any CPU
		{5E7CDD94-6923-4CFE-A727-DC14570379A5}.Ad-Hoc|iPhone.ActiveCfg = Debug|Any CPU
		{5E7CDD94-6923-4CFE-A727-DC14570379A5}.Ad-Hoc|iPhone.Build.0 = Debug|Any CPU
		{5E7CDD94-6923-4CFE-A727-DC14570379A5}.Ad-Hoc|iPhone.Deploy.0 = Debug|Any CPU
		{5E7CDD94-6923-4CFE-A727-DC14570379A5}.Ad-Hoc|iPhoneSimulator.ActiveCfg = Debug|Any CPU
		{5E7CDD94-6923-4CFE-A727-DC14570379A5}.Ad-Hoc|iPhoneSimulator.Build.0 = Debug|Any CPU
		{5E7CDD94-6923-4CFE-A727-DC14570379A5}.Ad-Hoc|iPhoneSimulator.Deploy.0 = Debug|Any CPU
		{5E7CDD94-6923-4CFE-A727-DC14570379A5}.Ad-Hoc|x64.ActiveCfg = Debug|Any CPU
		{5E7CDD94-6923-4CFE-A727-DC14570379A5}.Ad-Hoc|x64.Build.0 = Debug|Any CPU
		{5E7CDD94-6923-4CFE-A727-DC14570379A5}.Ad-Hoc|x64.Deploy.0 = Debug|Any CPU
		{5E7CDD94-6923-4CFE-A727-DC14570379A5}.Ad-Hoc|x86.ActiveCfg = Debug|Any CPU
		{5E7CDD94-6923-4CFE-A727-DC14570379A5}.Ad-Hoc|x86.Build.0 = Debug|Any CPU
		{5E7CDD94-6923-4CFE-A727-DC14570379A5}.Ad-Hoc|x86.Deploy.0 = Debug|Any CPU
		{5E7CDD94-6923-4CFE-A727-DC14570379A5}.AppStore|Any CPU.ActiveCfg = Debug|Any CPU
		{5E7CDD94-6923-4CFE-A727-DC14570379A5}.AppStore|Any CPU.Build.0 = Debug|Any CPU
		{5E7CDD94-6923-4CFE-A727-DC14570379A5}.AppStore|Any CPU.Deploy.0 = Debug|Any CPU
		{5E7CDD94-6923-4CFE-A727-DC14570379A5}.AppStore|ARM.ActiveCfg = Debug|Any CPU
		{5E7CDD94-6923-4CFE-A727-DC14570379A5}.AppStore|ARM.Build.0 = Debug|Any CPU
		{5E7CDD94-6923-4CFE-A727-DC14570379A5}.AppStore|ARM.Deploy.0 = Debug|Any CPU
		{5E7CDD94-6923-4CFE-A727-DC14570379A5}.AppStore|iPhone.ActiveCfg = Debug|Any CPU
		{5E7CDD94-6923-4CFE-A727-DC14570379A5}.AppStore|iPhone.Build.0 = Debug|Any CPU
		{5E7CDD94-6923-4CFE-A727-DC14570379A5}.AppStore|iPhone.Deploy.0 = Debug|Any CPU
		{5E7CDD94-6923-4CFE-A727-DC14570379A5}.AppStore|iPhoneSimulator.ActiveCfg = Debug|Any CPU
		{5E7CDD94-6923-4CFE-A727-DC14570379A5}.AppStore|iPhoneSimulator.Build.0 = Debug|Any CPU
		{5E7CDD94-6923-4CFE-A727-DC14570379A5}.AppStore|iPhoneSimulator.Deploy.0 = Debug|Any CPU
		{5E7CDD94-6923-4CFE-A727-DC14570379A5}.AppStore|x64.ActiveCfg = Debug|Any CPU
		{5E7CDD94-6923-4CFE-A727-DC14570379A5}.AppStore|x64.Build.0 = Debug|Any CPU
		{5E7CDD94-6923-4CFE-A727-DC14570379A5}.AppStore|x64.Deploy.0 = Debug|Any CPU
		{5E7CDD94-6923-4CFE-A727-DC14570379A5}.AppStore|x86.ActiveCfg = Debug|Any CPU
		{5E7CDD94-6923-4CFE-A727-DC14570379A5}.AppStore|x86.Build.0 = Debug|Any CPU
		{5E7CDD94-6923-4CFE-A727-DC14570379A5}.AppStore|x86.Deploy.0 = Debug|Any CPU
		{5E7CDD94-6923-4CFE-A727-DC14570379A5}.Debug|Any CPU.ActiveCfg = Debug|Any CPU
		{5E7CDD94-6923-4CFE-A727-DC14570379A5}.Debug|Any CPU.Build.0 = Debug|Any CPU
		{5E7CDD94-6923-4CFE-A727-DC14570379A5}.Debug|Any CPU.Deploy.0 = Debug|Any CPU
		{5E7CDD94-6923-4CFE-A727-DC14570379A5}.Debug|ARM.ActiveCfg = Debug|Any CPU
		{5E7CDD94-6923-4CFE-A727-DC14570379A5}.Debug|ARM.Build.0 = Debug|Any CPU
		{5E7CDD94-6923-4CFE-A727-DC14570379A5}.Debug|ARM.Deploy.0 = Debug|Any CPU
		{5E7CDD94-6923-4CFE-A727-DC14570379A5}.Debug|iPhone.ActiveCfg = Debug|Any CPU
		{5E7CDD94-6923-4CFE-A727-DC14570379A5}.Debug|iPhone.Build.0 = Debug|Any CPU
		{5E7CDD94-6923-4CFE-A727-DC14570379A5}.Debug|iPhone.Deploy.0 = Debug|Any CPU
		{5E7CDD94-6923-4CFE-A727-DC14570379A5}.Debug|iPhoneSimulator.ActiveCfg = Debug|Any CPU
		{5E7CDD94-6923-4CFE-A727-DC14570379A5}.Debug|iPhoneSimulator.Build.0 = Debug|Any CPU
		{5E7CDD94-6923-4CFE-A727-DC14570379A5}.Debug|iPhoneSimulator.Deploy.0 = Debug|Any CPU
		{5E7CDD94-6923-4CFE-A727-DC14570379A5}.Debug|x64.ActiveCfg = Debug|Any CPU
		{5E7CDD94-6923-4CFE-A727-DC14570379A5}.Debug|x64.Build.0 = Debug|Any CPU
		{5E7CDD94-6923-4CFE-A727-DC14570379A5}.Debug|x64.Deploy.0 = Debug|Any CPU
		{5E7CDD94-6923-4CFE-A727-DC14570379A5}.Debug|x86.ActiveCfg = Debug|Any CPU
		{5E7CDD94-6923-4CFE-A727-DC14570379A5}.Debug|x86.Build.0 = Debug|Any CPU
		{5E7CDD94-6923-4CFE-A727-DC14570379A5}.Debug|x86.Deploy.0 = Debug|Any CPU
		{5E7CDD94-6923-4CFE-A727-DC14570379A5}.Release|Any CPU.ActiveCfg = Release|Any CPU
		{5E7CDD94-6923-4CFE-A727-DC14570379A5}.Release|Any CPU.Build.0 = Release|Any CPU
		{5E7CDD94-6923-4CFE-A727-DC14570379A5}.Release|Any CPU.Deploy.0 = Release|Any CPU
		{5E7CDD94-6923-4CFE-A727-DC14570379A5}.Release|ARM.ActiveCfg = Release|Any CPU
		{5E7CDD94-6923-4CFE-A727-DC14570379A5}.Release|ARM.Build.0 = Release|Any CPU
		{5E7CDD94-6923-4CFE-A727-DC14570379A5}.Release|ARM.Deploy.0 = Release|Any CPU
		{5E7CDD94-6923-4CFE-A727-DC14570379A5}.Release|iPhone.ActiveCfg = Release|Any CPU
		{5E7CDD94-6923-4CFE-A727-DC14570379A5}.Release|iPhone.Build.0 = Release|Any CPU
		{5E7CDD94-6923-4CFE-A727-DC14570379A5}.Release|iPhone.Deploy.0 = Release|Any CPU
		{5E7CDD94-6923-4CFE-A727-DC14570379A5}.Release|iPhoneSimulator.ActiveCfg = Release|Any CPU
		{5E7CDD94-6923-4CFE-A727-DC14570379A5}.Release|iPhoneSimulator.Build.0 = Release|Any CPU
		{5E7CDD94-6923-4CFE-A727-DC14570379A5}.Release|iPhoneSimulator.Deploy.0 = Release|Any CPU
		{5E7CDD94-6923-4CFE-A727-DC14570379A5}.Release|x64.ActiveCfg = Release|Any CPU
		{5E7CDD94-6923-4CFE-A727-DC14570379A5}.Release|x64.Build.0 = Release|Any CPU
		{5E7CDD94-6923-4CFE-A727-DC14570379A5}.Release|x64.Deploy.0 = Release|Any CPU
		{5E7CDD94-6923-4CFE-A727-DC14570379A5}.Release|x86.ActiveCfg = Release|Any CPU
		{5E7CDD94-6923-4CFE-A727-DC14570379A5}.Release|x86.Build.0 = Release|Any CPU
		{5E7CDD94-6923-4CFE-A727-DC14570379A5}.Release|x86.Deploy.0 = Release|Any CPU
	EndGlobalSection
	GlobalSection(SolutionProperties) = preSolution
		HideSolutionNode = FALSE
	EndGlobalSection
	GlobalSection(ExtensibilityGlobals) = postSolution
		SolutionGuid = {D58C7CED-746D-407F-816E-093C379FDDFD}
	EndGlobalSection
EndGlobal
