
Microsoft Visual Studio Solution File, Format Version 12.00
# Visual Studio 15
VisualStudioVersion = 15.0.28307.168
MinimumVisualStudioVersion = 10.0.40219.1
Project("{FAE04EC0-301F-11D3-BF4B-00C04F79EFBC}") = "DatenSpeichernUndLaden.Android", "DatenSpeichernUndLaden\DatenSpeichernUndLaden.Android\DatenSpeichernUndLaden.Android.csproj", "{1015F5A8-6A5A-4B3E-A773-BB4F3FE8F91F}"
EndProject
Project("{FAE04EC0-301F-11D3-BF4B-00C04F79EFBC}") = "DatenSpeichernUndLaden.iOS", "DatenSpeichernUndLaden\DatenSpeichernUndLaden.iOS\DatenSpeichernUndLaden.iOS.csproj", "{D7817D86-7E25-4040-9FAD-5394D407CEA2}"
EndProject
Project("{FAE04EC0-301F-11D3-BF4B-00C04F79EFBC}") = "DatenSpeichernUndLaden.UWP", "DatenSpeichernUndLaden\DatenSpeichernUndLaden.UWP\DatenSpeichernUndLaden.UWP.csproj", "{E1934024-A340-48D8-BB31-58B799AF72FD}"
EndProject
Project("{FAE04EC0-301F-11D3-BF4B-00C04F79EFBC}") = "DatenSpeichernUndLaden", "DatenSpeichernUndLaden\DatenSpeichernUndLaden\DatenSpeichernUndLaden.csproj", "{96B7FFE3-A4DB-4BFC-920A-864199D9458C}"
EndProject
Global
	GlobalSection(SolutionConfigurationPlatforms) = preSolution
		Ad-Hoc|Any CPU = Ad-Hoc|Any CPU
		Ad-Hoc|ARM = Ad-Hoc|ARM
		Ad-Hoc|iPhone = Ad-Hoc|iPhone
		Ad-Hoc|iPhoneSimulator = Ad-Hoc|iPhoneSimulator
		Ad-Hoc|x64 = Ad-Hoc|x64
		Ad-Hoc|x86 = Ad-Hoc|x86
		AppStore|Any CPU = AppStore|Any CPU
		AppStore|ARM = AppStore|ARM
		AppStore|iPhone = AppStore|iPhone
		AppStore|iPhoneSimulator = AppStore|iPhoneSimulator
		AppStore|x64 = AppStore|x64
		AppStore|x86 = AppStore|x86
		Debug|Any CPU = Debug|Any CPU
		Debug|ARM = Debug|ARM
		Debug|iPhone = Debug|iPhone
		Debug|iPhoneSimulator = Debug|iPhoneSimulator
		Debug|x64 = Debug|x64
		Debug|x86 = Debug|x86
		Release|Any CPU = Release|Any CPU
		Release|ARM = Release|ARM
		Release|iPhone = Release|iPhone
		Release|iPhoneSimulator = Release|iPhoneSimulator
		Release|x64 = Release|x64
		Release|x86 = Release|x86
	EndGlobalSection
	GlobalSection(ProjectConfigurationPlatforms) = postSolution
		{1015F5A8-6A5A-4B3E-A773-BB4F3FE8F91F}.Ad-Hoc|Any CPU.ActiveCfg = Release|Any CPU
		{1015F5A8-6A5A-4B3E-A773-BB4F3FE8F91F}.Ad-Hoc|Any CPU.Build.0 = Release|Any CPU
		{1015F5A8-6A5A-4B3E-A773-BB4F3FE8F91F}.Ad-Hoc|Any CPU.Deploy.0 = Release|Any CPU
		{1015F5A8-6A5A-4B3E-A773-BB4F3FE8F91F}.Ad-Hoc|ARM.ActiveCfg = Release|Any CPU
		{1015F5A8-6A5A-4B3E-A773-BB4F3FE8F91F}.Ad-Hoc|ARM.Build.0 = Release|Any CPU
		{1015F5A8-6A5A-4B3E-A773-BB4F3FE8F91F}.Ad-Hoc|ARM.Deploy.0 = Release|Any CPU
		{1015F5A8-6A5A-4B3E-A773-BB4F3FE8F91F}.Ad-Hoc|iPhone.ActiveCfg = Release|Any CPU
		{1015F5A8-6A5A-4B3E-A773-BB4F3FE8F91F}.Ad-Hoc|iPhone.Build.0 = Release|Any CPU
		{1015F5A8-6A5A-4B3E-A773-BB4F3FE8F91F}.Ad-Hoc|iPhone.Deploy.0 = Release|Any CPU
		{1015F5A8-6A5A-4B3E-A773-BB4F3FE8F91F}.Ad-Hoc|iPhoneSimulator.ActiveCfg = Release|Any CPU
		{1015F5A8-6A5A-4B3E-A773-BB4F3FE8F91F}.Ad-Hoc|iPhoneSimulator.Build.0 = Release|Any CPU
		{1015F5A8-6A5A-4B3E-A773-BB4F3FE8F91F}.Ad-Hoc|iPhoneSimulator.Deploy.0 = Release|Any CPU
		{1015F5A8-6A5A-4B3E-A773-BB4F3FE8F91F}.Ad-Hoc|x64.ActiveCfg = Release|Any CPU
		{1015F5A8-6A5A-4B3E-A773-BB4F3FE8F91F}.Ad-Hoc|x64.Build.0 = Release|Any CPU
		{1015F5A8-6A5A-4B3E-A773-BB4F3FE8F91F}.Ad-Hoc|x64.Deploy.0 = Release|Any CPU
		{1015F5A8-6A5A-4B3E-A773-BB4F3FE8F91F}.Ad-Hoc|x86.ActiveCfg = Release|Any CPU
		{1015F5A8-6A5A-4B3E-A773-BB4F3FE8F91F}.Ad-Hoc|x86.Build.0 = Release|Any CPU
		{1015F5A8-6A5A-4B3E-A773-BB4F3FE8F91F}.Ad-Hoc|x86.Deploy.0 = Release|Any CPU
		{1015F5A8-6A5A-4B3E-A773-BB4F3FE8F91F}.AppStore|Any CPU.ActiveCfg = Release|Any CPU
		{1015F5A8-6A5A-4B3E-A773-BB4F3FE8F91F}.AppStore|Any CPU.Build.0 = Release|Any CPU
		{1015F5A8-6A5A-4B3E-A773-BB4F3FE8F91F}.AppStore|Any CPU.Deploy.0 = Release|Any CPU
		{1015F5A8-6A5A-4B3E-A773-BB4F3FE8F91F}.AppStore|ARM.ActiveCfg = Release|Any CPU
		{1015F5A8-6A5A-4B3E-A773-BB4F3FE8F91F}.AppStore|ARM.Build.0 = Release|Any CPU
		{1015F5A8-6A5A-4B3E-A773-BB4F3FE8F91F}.AppStore|ARM.Deploy.0 = Release|Any CPU
		{1015F5A8-6A5A-4B3E-A773-BB4F3FE8F91F}.AppStore|iPhone.ActiveCfg = Release|Any CPU
		{1015F5A8-6A5A-4B3E-A773-BB4F3FE8F91F}.AppStore|iPhone.Build.0 = Release|Any CPU
		{1015F5A8-6A5A-4B3E-A773-BB4F3FE8F91F}.AppStore|iPhone.Deploy.0 = Release|Any CPU
		{1015F5A8-6A5A-4B3E-A773-BB4F3FE8F91F}.AppStore|iPhoneSimulator.ActiveCfg = Release|Any CPU
		{1015F5A8-6A5A-4B3E-A773-BB4F3FE8F91F}.AppStore|iPhoneSimulator.Build.0 = Release|Any CPU
		{1015F5A8-6A5A-4B3E-A773-BB4F3FE8F91F}.AppStore|iPhoneSimulator.Deploy.0 = Release|Any CPU
		{1015F5A8-6A5A-4B3E-A773-BB4F3FE8F91F}.AppStore|x64.ActiveCfg = Release|Any CPU
		{1015F5A8-6A5A-4B3E-A773-BB4F3FE8F91F}.AppStore|x64.Build.0 = Release|Any CPU
		{1015F5A8-6A5A-4B3E-A773-BB4F3FE8F91F}.AppStore|x64.Deploy.0 = Release|Any CPU
		{1015F5A8-6A5A-4B3E-A773-BB4F3FE8F91F}.AppStore|x86.ActiveCfg = Release|Any CPU
		{1015F5A8-6A5A-4B3E-A773-BB4F3FE8F91F}.AppStore|x86.Build.0 = Release|Any CPU
		{1015F5A8-6A5A-4B3E-A773-BB4F3FE8F91F}.AppStore|x86.Deploy.0 = Release|Any CPU
		{1015F5A8-6A5A-4B3E-A773-BB4F3FE8F91F}.Debug|Any CPU.ActiveCfg = Debug|Any CPU
		{1015F5A8-6A5A-4B3E-A773-BB4F3FE8F91F}.Debug|Any CPU.Build.0 = Debug|Any CPU
		{1015F5A8-6A5A-4B3E-A773-BB4F3FE8F91F}.Debug|Any CPU.Deploy.0 = Debug|Any CPU
		{1015F5A8-6A5A-4B3E-A773-BB4F3FE8F91F}.Debug|ARM.ActiveCfg = Debug|Any CPU
		{1015F5A8-6A5A-4B3E-A773-BB4F3FE8F91F}.Debug|ARM.Build.0 = Debug|Any CPU
		{1015F5A8-6A5A-4B3E-A773-BB4F3FE8F91F}.Debug|ARM.Deploy.0 = Debug|Any CPU
		{1015F5A8-6A5A-4B3E-A773-BB4F3FE8F91F}.Debug|iPhone.ActiveCfg = Debug|Any CPU
		{1015F5A8-6A5A-4B3E-A773-BB4F3FE8F91F}.Debug|iPhone.Build.0 = Debug|Any CPU
		{1015F5A8-6A5A-4B3E-A773-BB4F3FE8F91F}.Debug|iPhone.Deploy.0 = Debug|Any CPU
		{1015F5A8-6A5A-4B3E-A773-BB4F3FE8F91F}.Debug|iPhoneSimulator.ActiveCfg = Debug|Any CPU
		{1015F5A8-6A5A-4B3E-A773-BB4F3FE8F91F}.Debug|iPhoneSimulator.Build.0 = Debug|Any CPU
		{1015F5A8-6A5A-4B3E-A773-BB4F3FE8F91F}.Debug|iPhoneSimulator.Deploy.0 = Debug|Any CPU
		{1015F5A8-6A5A-4B3E-A773-BB4F3FE8F91F}.Debug|x64.ActiveCfg = Debug|Any CPU
		{1015F5A8-6A5A-4B3E-A773-BB4F3FE8F91F}.Debug|x64.Build.0 = Debug|Any CPU
		{1015F5A8-6A5A-4B3E-A773-BB4F3FE8F91F}.Debug|x64.Deploy.0 = Debug|Any CPU
		{1015F5A8-6A5A-4B3E-A773-BB4F3FE8F91F}.Debug|x86.ActiveCfg = Debug|Any CPU
		{1015F5A8-6A5A-4B3E-A773-BB4F3FE8F91F}.Debug|x86.Build.0 = Debug|Any CPU
		{1015F5A8-6A5A-4B3E-A773-BB4F3FE8F91F}.Debug|x86.Deploy.0 = Debug|Any CPU
		{1015F5A8-6A5A-4B3E-A773-BB4F3FE8F91F}.Release|Any CPU.ActiveCfg = Release|Any CPU
		{1015F5A8-6A5A-4B3E-A773-BB4F3FE8F91F}.Release|Any CPU.Build.0 = Release|Any CPU
		{1015F5A8-6A5A-4B3E-A773-BB4F3FE8F91F}.Release|Any CPU.Deploy.0 = Release|Any CPU
		{1015F5A8-6A5A-4B3E-A773-BB4F3FE8F91F}.Release|ARM.ActiveCfg = Release|Any CPU
		{1015F5A8-6A5A-4B3E-A773-BB4F3FE8F91F}.Release|ARM.Build.0 = Release|Any CPU
		{1015F5A8-6A5A-4B3E-A773-BB4F3FE8F91F}.Release|ARM.Deploy.0 = Release|Any CPU
		{1015F5A8-6A5A-4B3E-A773-BB4F3FE8F91F}.Release|iPhone.ActiveCfg = Release|Any CPU
		{1015F5A8-6A5A-4B3E-A773-BB4F3FE8F91F}.Release|iPhone.Build.0 = Release|Any CPU
		{1015F5A8-6A5A-4B3E-A773-BB4F3FE8F91F}.Release|iPhone.Deploy.0 = Release|Any CPU
		{1015F5A8-6A5A-4B3E-A773-BB4F3FE8F91F}.Release|iPhoneSimulator.ActiveCfg = Release|Any CPU
		{1015F5A8-6A5A-4B3E-A773-BB4F3FE8F91F}.Release|iPhoneSimulator.Build.0 = Release|Any CPU
		{1015F5A8-6A5A-4B3E-A773-BB4F3FE8F91F}.Release|iPhoneSimulator.Deploy.0 = Release|Any CPU
		{1015F5A8-6A5A-4B3E-A773-BB4F3FE8F91F}.Release|x64.ActiveCfg = Release|Any CPU
		{1015F5A8-6A5A-4B3E-A773-BB4F3FE8F91F}.Release|x64.Build.0 = Release|Any CPU
		{1015F5A8-6A5A-4B3E-A773-BB4F3FE8F91F}.Release|x64.Deploy.0 = Release|Any CPU
		{1015F5A8-6A5A-4B3E-A773-BB4F3FE8F91F}.Release|x86.ActiveCfg = Release|Any CPU
		{1015F5A8-6A5A-4B3E-A773-BB4F3FE8F91F}.Release|x86.Build.0 = Release|Any CPU
		{1015F5A8-6A5A-4B3E-A773-BB4F3FE8F91F}.Release|x86.Deploy.0 = Release|Any CPU
		{D7817D86-7E25-4040-9FAD-5394D407CEA2}.Ad-Hoc|Any CPU.ActiveCfg = Ad-Hoc|iPhone
		{D7817D86-7E25-4040-9FAD-5394D407CEA2}.Ad-Hoc|Any CPU.Build.0 = Ad-Hoc|iPhone
		{D7817D86-7E25-4040-9FAD-5394D407CEA2}.Ad-Hoc|Any CPU.Deploy.0 = Ad-Hoc|iPhone
		{D7817D86-7E25-4040-9FAD-5394D407CEA2}.Ad-Hoc|ARM.ActiveCfg = Ad-Hoc|iPhone
		{D7817D86-7E25-4040-9FAD-5394D407CEA2}.Ad-Hoc|ARM.Build.0 = Ad-Hoc|iPhone
		{D7817D86-7E25-4040-9FAD-5394D407CEA2}.Ad-Hoc|ARM.Deploy.0 = Ad-Hoc|iPhone
		{D7817D86-7E25-4040-9FAD-5394D407CEA2}.Ad-Hoc|iPhone.ActiveCfg = Ad-Hoc|iPhone
		{D7817D86-7E25-4040-9FAD-5394D407CEA2}.Ad-Hoc|iPhone.Build.0 = Ad-Hoc|iPhone
		{D7817D86-7E25-4040-9FAD-5394D407CEA2}.Ad-Hoc|iPhone.Deploy.0 = Ad-Hoc|iPhone
		{D7817D86-7E25-4040-9FAD-5394D407CEA2}.Ad-Hoc|iPhoneSimulator.ActiveCfg = Ad-Hoc|iPhoneSimulator
		{D7817D86-7E25-4040-9FAD-5394D407CEA2}.Ad-Hoc|iPhoneSimulator.Build.0 = Ad-Hoc|iPhoneSimulator
		{D7817D86-7E25-4040-9FAD-5394D407CEA2}.Ad-Hoc|iPhoneSimulator.Deploy.0 = Ad-Hoc|iPhoneSimulator
		{D7817D86-7E25-4040-9FAD-5394D407CEA2}.Ad-Hoc|x64.ActiveCfg = Ad-Hoc|iPhone
		{D7817D86-7E25-4040-9FAD-5394D407CEA2}.Ad-Hoc|x64.Build.0 = Ad-Hoc|iPhone
		{D7817D86-7E25-4040-9FAD-5394D407CEA2}.Ad-Hoc|x64.Deploy.0 = Ad-Hoc|iPhone
		{D7817D86-7E25-4040-9FAD-5394D407CEA2}.Ad-Hoc|x86.ActiveCfg = Ad-Hoc|iPhone
		{D7817D86-7E25-4040-9FAD-5394D407CEA2}.Ad-Hoc|x86.Build.0 = Ad-Hoc|iPhone
		{D7817D86-7E25-4040-9FAD-5394D407CEA2}.Ad-Hoc|x86.Deploy.0 = Ad-Hoc|iPhone
		{D7817D86-7E25-4040-9FAD-5394D407CEA2}.AppStore|Any CPU.ActiveCfg = AppStore|iPhone
		{D7817D86-7E25-4040-9FAD-5394D407CEA2}.AppStore|Any CPU.Build.0 = AppStore|iPhone
		{D7817D86-7E25-4040-9FAD-5394D407CEA2}.AppStore|Any CPU.Deploy.0 = AppStore|iPhone
		{D7817D86-7E25-4040-9FAD-5394D407CEA2}.AppStore|ARM.ActiveCfg = AppStore|iPhone
		{D7817D86-7E25-4040-9FAD-5394D407CEA2}.AppStore|ARM.Build.0 = AppStore|iPhone
		{D7817D86-7E25-4040-9FAD-5394D407CEA2}.AppStore|ARM.Deploy.0 = AppStore|iPhone
		{D7817D86-7E25-4040-9FAD-5394D407CEA2}.AppStore|iPhone.ActiveCfg = AppStore|iPhone
		{D7817D86-7E25-4040-9FAD-5394D407CEA2}.AppStore|iPhone.Build.0 = AppStore|iPhone
		{D7817D86-7E25-4040-9FAD-5394D407CEA2}.AppStore|iPhone.Deploy.0 = AppStore|iPhone
		{D7817D86-7E25-4040-9FAD-5394D407CEA2}.AppStore|iPhoneSimulator.ActiveCfg = AppStore|iPhoneSimulator
		{D7817D86-7E25-4040-9FAD-5394D407CEA2}.AppStore|iPhoneSimulator.Build.0 = AppStore|iPhoneSimulator
		{D7817D86-7E25-4040-9FAD-5394D407CEA2}.AppStore|iPhoneSimulator.Deploy.0 = AppStore|iPhoneSimulator
		{D7817D86-7E25-4040-9FAD-5394D407CEA2}.AppStore|x64.ActiveCfg = AppStore|iPhone
		{D7817D86-7E25-4040-9FAD-5394D407CEA2}.AppStore|x64.Build.0 = AppStore|iPhone
		{D7817D86-7E25-4040-9FAD-5394D407CEA2}.AppStore|x64.Deploy.0 = AppStore|iPhone
		{D7817D86-7E25-4040-9FAD-5394D407CEA2}.AppStore|x86.ActiveCfg = AppStore|iPhone
		{D7817D86-7E25-4040-9FAD-5394D407CEA2}.AppStore|x86.Build.0 = AppStore|iPhone
		{D7817D86-7E25-4040-9FAD-5394D407CEA2}.AppStore|x86.Deploy.0 = AppStore|iPhone
		{D7817D86-7E25-4040-9FAD-5394D407CEA2}.Debug|Any CPU.ActiveCfg = Debug|iPhoneSimulator
		{D7817D86-7E25-4040-9FAD-5394D407CEA2}.Debug|Any CPU.Build.0 = Debug|iPhoneSimulator
		{D7817D86-7E25-4040-9FAD-5394D407CEA2}.Debug|Any CPU.Deploy.0 = Debug|iPhoneSimulator
		{D7817D86-7E25-4040-9FAD-5394D407CEA2}.Debug|ARM.ActiveCfg = Debug|iPhone
		{D7817D86-7E25-4040-9FAD-5394D407CEA2}.Debug|ARM.Build.0 = Debug|iPhone
		{D7817D86-7E25-4040-9FAD-5394D407CEA2}.Debug|ARM.Deploy.0 = Debug|iPhone
		{D7817D86-7E25-4040-9FAD-5394D407CEA2}.Debug|iPhone.ActiveCfg = Debug|iPhone
		{D7817D86-7E25-4040-9FAD-5394D407CEA2}.Debug|iPhone.Build.0 = Debug|iPhone
		{D7817D86-7E25-4040-9FAD-5394D407CEA2}.Debug|iPhone.Deploy.0 = Debug|iPhone
		{D7817D86-7E25-4040-9FAD-5394D407CEA2}.Debug|iPhoneSimulator.ActiveCfg = Debug|iPhoneSimulator
		{D7817D86-7E25-4040-9FAD-5394D407CEA2}.Debug|iPhoneSimulator.Build.0 = Debug|iPhoneSimulator
		{D7817D86-7E25-4040-9FAD-5394D407CEA2}.Debug|iPhoneSimulator.Deploy.0 = Debug|iPhoneSimulator
		{D7817D86-7E25-4040-9FAD-5394D407CEA2}.Debug|x64.ActiveCfg = Debug|iPhone
		{D7817D86-7E25-4040-9FAD-5394D407CEA2}.Debug|x64.Build.0 = Debug|iPhone
		{D7817D86-7E25-4040-9FAD-5394D407CEA2}.Debug|x64.Deploy.0 = Debug|iPhone
		{D7817D86-7E25-4040-9FAD-5394D407CEA2}.Debug|x86.ActiveCfg = Debug|iPhone
		{D7817D86-7E25-4040-9FAD-5394D407CEA2}.Debug|x86.Build.0 = Debug|iPhone
		{D7817D86-7E25-4040-9FAD-5394D407CEA2}.Debug|x86.Deploy.0 = Debug|iPhone
		{D7817D86-7E25-4040-9FAD-5394D407CEA2}.Release|Any CPU.ActiveCfg = Release|iPhone
		{D7817D86-7E25-4040-9FAD-5394D407CEA2}.Release|Any CPU.Build.0 = Release|iPhone
		{D7817D86-7E25-4040-9FAD-5394D407CEA2}.Release|Any CPU.Deploy.0 = Release|iPhone
		{D7817D86-7E25-4040-9FAD-5394D407CEA2}.Release|ARM.ActiveCfg = Release|iPhone
		{D7817D86-7E25-4040-9FAD-5394D407CEA2}.Release|ARM.Build.0 = Release|iPhone
		{D7817D86-7E25-4040-9FAD-5394D407CEA2}.Release|ARM.Deploy.0 = Release|iPhone
		{D7817D86-7E25-4040-9FAD-5394D407CEA2}.Release|iPhone.ActiveCfg = Release|iPhone
		{D7817D86-7E25-4040-9FAD-5394D407CEA2}.Release|iPhone.Build.0 = Release|iPhone
		{D7817D86-7E25-4040-9FAD-5394D407CEA2}.Release|iPhone.Deploy.0 = Release|iPhone
		{D7817D86-7E25-4040-9FAD-5394D407CEA2}.Release|iPhoneSimulator.ActiveCfg = Release|iPhoneSimulator
		{D7817D86-7E25-4040-9FAD-5394D407CEA2}.Release|iPhoneSimulator.Build.0 = Release|iPhoneSimulator
		{D7817D86-7E25-4040-9FAD-5394D407CEA2}.Release|iPhoneSimulator.Deploy.0 = Release|iPhoneSimulator
		{D7817D86-7E25-4040-9FAD-5394D407CEA2}.Release|x64.ActiveCfg = Release|iPhone
		{D7817D86-7E25-4040-9FAD-5394D407CEA2}.Release|x64.Build.0 = Release|iPhone
		{D7817D86-7E25-4040-9FAD-5394D407CEA2}.Release|x64.Deploy.0 = Release|iPhone
		{D7817D86-7E25-4040-9FAD-5394D407CEA2}.Release|x86.ActiveCfg = Release|iPhone
		{D7817D86-7E25-4040-9FAD-5394D407CEA2}.Release|x86.Build.0 = Release|iPhone
		{D7817D86-7E25-4040-9FAD-5394D407CEA2}.Release|x86.Deploy.0 = Release|iPhone
		{E1934024-A340-48D8-BB31-58B799AF72FD}.Ad-Hoc|Any CPU.ActiveCfg = Release|x86
		{E1934024-A340-48D8-BB31-58B799AF72FD}.Ad-Hoc|Any CPU.Build.0 = Release|x86
		{E1934024-A340-48D8-BB31-58B799AF72FD}.Ad-Hoc|Any CPU.Deploy.0 = Release|x86
		{E1934024-A340-48D8-BB31-58B799AF72FD}.Ad-Hoc|ARM.ActiveCfg = Release|ARM
		{E1934024-A340-48D8-BB31-58B799AF72FD}.Ad-Hoc|ARM.Build.0 = Release|ARM
		{E1934024-A340-48D8-BB31-58B799AF72FD}.Ad-Hoc|ARM.Deploy.0 = Release|ARM
		{E1934024-A340-48D8-BB31-58B799AF72FD}.Ad-Hoc|iPhone.ActiveCfg = Release|x86
		{E1934024-A340-48D8-BB31-58B799AF72FD}.Ad-Hoc|iPhone.Build.0 = Release|x86
		{E1934024-A340-48D8-BB31-58B799AF72FD}.Ad-Hoc|iPhone.Deploy.0 = Release|x86
		{E1934024-A340-48D8-BB31-58B799AF72FD}.Ad-Hoc|iPhoneSimulator.ActiveCfg = Release|x86
		{E1934024-A340-48D8-BB31-58B799AF72FD}.Ad-Hoc|iPhoneSimulator.Build.0 = Release|x86
		{E1934024-A340-48D8-BB31-58B799AF72FD}.Ad-Hoc|iPhoneSimulator.Deploy.0 = Release|x86
		{E1934024-A340-48D8-BB31-58B799AF72FD}.Ad-Hoc|x64.ActiveCfg = Release|x64
		{E1934024-A340-48D8-BB31-58B799AF72FD}.Ad-Hoc|x64.Build.0 = Release|x64
		{E1934024-A340-48D8-BB31-58B799AF72FD}.Ad-Hoc|x64.Deploy.0 = Release|x64
		{E1934024-A340-48D8-BB31-58B799AF72FD}.Ad-Hoc|x86.ActiveCfg = Release|x86
		{E1934024-A340-48D8-BB31-58B799AF72FD}.Ad-Hoc|x86.Build.0 = Release|x86
		{E1934024-A340-48D8-BB31-58B799AF72FD}.Ad-Hoc|x86.Deploy.0 = Release|x86
		{E1934024-A340-48D8-BB31-58B799AF72FD}.AppStore|Any CPU.ActiveCfg = Release|x86
		{E1934024-A340-48D8-BB31-58B799AF72FD}.AppStore|Any CPU.Build.0 = Release|x86
		{E1934024-A340-48D8-BB31-58B799AF72FD}.AppStore|Any CPU.Deploy.0 = Release|x86
		{E1934024-A340-48D8-BB31-58B799AF72FD}.AppStore|ARM.ActiveCfg = Release|ARM
		{E1934024-A340-48D8-BB31-58B799AF72FD}.AppStore|ARM.Build.0 = Release|ARM
		{E1934024-A340-48D8-BB31-58B799AF72FD}.AppStore|ARM.Deploy.0 = Release|ARM
		{E1934024-A340-48D8-BB31-58B799AF72FD}.AppStore|iPhone.ActiveCfg = Release|x86
		{E1934024-A340-48D8-BB31-58B799AF72FD}.AppStore|iPhone.Build.0 = Release|x86
		{E1934024-A340-48D8-BB31-58B799AF72FD}.AppStore|iPhone.Deploy.0 = Release|x86
		{E1934024-A340-48D8-BB31-58B799AF72FD}.AppStore|iPhoneSimulator.ActiveCfg = Release|x86
		{E1934024-A340-48D8-BB31-58B799AF72FD}.AppStore|iPhoneSimulator.Build.0 = Release|x86
		{E1934024-A340-48D8-BB31-58B799AF72FD}.AppStore|iPhoneSimulator.Deploy.0 = Release|x86
		{E1934024-A340-48D8-BB31-58B799AF72FD}.AppStore|x64.ActiveCfg = Release|x64
		{E1934024-A340-48D8-BB31-58B799AF72FD}.AppStore|x64.Build.0 = Release|x64
		{E1934024-A340-48D8-BB31-58B799AF72FD}.AppStore|x64.Deploy.0 = Release|x64
		{E1934024-A340-48D8-BB31-58B799AF72FD}.AppStore|x86.ActiveCfg = Release|x86
		{E1934024-A340-48D8-BB31-58B799AF72FD}.AppStore|x86.Build.0 = Release|x86
		{E1934024-A340-48D8-BB31-58B799AF72FD}.AppStore|x86.Deploy.0 = Release|x86
		{E1934024-A340-48D8-BB31-58B799AF72FD}.Debug|Any CPU.ActiveCfg = Debug|x86
		{E1934024-A340-48D8-BB31-58B799AF72FD}.Debug|Any CPU.Build.0 = Debug|x86
		{E1934024-A340-48D8-BB31-58B799AF72FD}.Debug|Any CPU.Deploy.0 = Debug|x86
		{E1934024-A340-48D8-BB31-58B799AF72FD}.Debug|ARM.ActiveCfg = Debug|ARM
		{E1934024-A340-48D8-BB31-58B799AF72FD}.Debug|ARM.Build.0 = Debug|ARM
		{E1934024-A340-48D8-BB31-58B799AF72FD}.Debug|ARM.Deploy.0 = Debug|ARM
		{E1934024-A340-48D8-BB31-58B799AF72FD}.Debug|iPhone.ActiveCfg = Debug|x86
		{E1934024-A340-48D8-BB31-58B799AF72FD}.Debug|iPhone.Build.0 = Debug|x86
		{E1934024-A340-48D8-BB31-58B799AF72FD}.Debug|iPhone.Deploy.0 = Debug|x86
		{E1934024-A340-48D8-BB31-58B799AF72FD}.Debug|iPhoneSimulator.ActiveCfg = Debug|x86
		{E1934024-A340-48D8-BB31-58B799AF72FD}.Debug|iPhoneSimulator.Build.0 = Debug|x86
		{E1934024-A340-48D8-BB31-58B799AF72FD}.Debug|iPhoneSimulator.Deploy.0 = Debug|x86
		{E1934024-A340-48D8-BB31-58B799AF72FD}.Debug|x64.ActiveCfg = Debug|x64
		{E1934024-A340-48D8-BB31-58B799AF72FD}.Debug|x64.Build.0 = Debug|x64
		{E1934024-A340-48D8-BB31-58B799AF72FD}.Debug|x64.Deploy.0 = Debug|x64
		{E1934024-A340-48D8-BB31-58B799AF72FD}.Debug|x86.ActiveCfg = Debug|x86
		{E1934024-A340-48D8-BB31-58B799AF72FD}.Debug|x86.Build.0 = Debug|x86
		{E1934024-A340-48D8-BB31-58B799AF72FD}.Debug|x86.Deploy.0 = Debug|x86
		{E1934024-A340-48D8-BB31-58B799AF72FD}.Release|Any CPU.ActiveCfg = Release|x86
		{E1934024-A340-48D8-BB31-58B799AF72FD}.Release|Any CPU.Build.0 = Release|x86
		{E1934024-A340-48D8-BB31-58B799AF72FD}.Release|Any CPU.Deploy.0 = Release|x86
		{E1934024-A340-48D8-BB31-58B799AF72FD}.Release|ARM.ActiveCfg = Release|ARM
		{E1934024-A340-48D8-BB31-58B799AF72FD}.Release|ARM.Build.0 = Release|ARM
		{E1934024-A340-48D8-BB31-58B799AF72FD}.Release|ARM.Deploy.0 = Release|ARM
		{E1934024-A340-48D8-BB31-58B799AF72FD}.Release|iPhone.ActiveCfg = Release|x86
		{E1934024-A340-48D8-BB31-58B799AF72FD}.Release|iPhone.Build.0 = Release|x86
		{E1934024-A340-48D8-BB31-58B799AF72FD}.Release|iPhone.Deploy.0 = Release|x86
		{E1934024-A340-48D8-BB31-58B799AF72FD}.Release|iPhoneSimulator.ActiveCfg = Release|x86
		{E1934024-A340-48D8-BB31-58B799AF72FD}.Release|iPhoneSimulator.Build.0 = Release|x86
		{E1934024-A340-48D8-BB31-58B799AF72FD}.Release|iPhoneSimulator.Deploy.0 = Release|x86
		{E1934024-A340-48D8-BB31-58B799AF72FD}.Release|x64.ActiveCfg = Release|x64
		{E1934024-A340-48D8-BB31-58B799AF72FD}.Release|x64.Build.0 = Release|x64
		{E1934024-A340-48D8-BB31-58B799AF72FD}.Release|x64.Deploy.0 = Release|x64
		{E1934024-A340-48D8-BB31-58B799AF72FD}.Release|x86.ActiveCfg = Release|x86
		{E1934024-A340-48D8-BB31-58B799AF72FD}.Release|x86.Build.0 = Release|x86
		{E1934024-A340-48D8-BB31-58B799AF72FD}.Release|x86.Deploy.0 = Release|x86
		{96B7FFE3-A4DB-4BFC-920A-864199D9458C}.Ad-Hoc|Any CPU.ActiveCfg = Debug|Any CPU
		{96B7FFE3-A4DB-4BFC-920A-864199D9458C}.Ad-Hoc|Any CPU.Build.0 = Debug|Any CPU
		{96B7FFE3-A4DB-4BFC-920A-864199D9458C}.Ad-Hoc|Any CPU.Deploy.0 = Debug|Any CPU
		{96B7FFE3-A4DB-4BFC-920A-864199D9458C}.Ad-Hoc|ARM.ActiveCfg = Debug|Any CPU
		{96B7FFE3-A4DB-4BFC-920A-864199D9458C}.Ad-Hoc|ARM.Build.0 = Debug|Any CPU
		{96B7FFE3-A4DB-4BFC-920A-864199D9458C}.Ad-Hoc|ARM.Deploy.0 = Debug|Any CPU
		{96B7FFE3-A4DB-4BFC-920A-864199D9458C}.Ad-Hoc|iPhone.ActiveCfg = Debug|Any CPU
		{96B7FFE3-A4DB-4BFC-920A-864199D9458C}.Ad-Hoc|iPhone.Build.0 = Debug|Any CPU
		{96B7FFE3-A4DB-4BFC-920A-864199D9458C}.Ad-Hoc|iPhone.Deploy.0 = Debug|Any CPU
		{96B7FFE3-A4DB-4BFC-920A-864199D9458C}.Ad-Hoc|iPhoneSimulator.ActiveCfg = Debug|Any CPU
		{96B7FFE3-A4DB-4BFC-920A-864199D9458C}.Ad-Hoc|iPhoneSimulator.Build.0 = Debug|Any CPU
		{96B7FFE3-A4DB-4BFC-920A-864199D9458C}.Ad-Hoc|iPhoneSimulator.Deploy.0 = Debug|Any CPU
		{96B7FFE3-A4DB-4BFC-920A-864199D9458C}.Ad-Hoc|x64.ActiveCfg = Debug|Any CPU
		{96B7FFE3-A4DB-4BFC-920A-864199D9458C}.Ad-Hoc|x64.Build.0 = Debug|Any CPU
		{96B7FFE3-A4DB-4BFC-920A-864199D9458C}.Ad-Hoc|x64.Deploy.0 = Debug|Any CPU
		{96B7FFE3-A4DB-4BFC-920A-864199D9458C}.Ad-Hoc|x86.ActiveCfg = Debug|Any CPU
		{96B7FFE3-A4DB-4BFC-920A-864199D9458C}.Ad-Hoc|x86.Build.0 = Debug|Any CPU
		{96B7FFE3-A4DB-4BFC-920A-864199D9458C}.Ad-Hoc|x86.Deploy.0 = Debug|Any CPU
		{96B7FFE3-A4DB-4BFC-920A-864199D9458C}.AppStore|Any CPU.ActiveCfg = Debug|Any CPU
		{96B7FFE3-A4DB-4BFC-920A-864199D9458C}.AppStore|Any CPU.Build.0 = Debug|Any CPU
		{96B7FFE3-A4DB-4BFC-920A-864199D9458C}.AppStore|Any CPU.Deploy.0 = Debug|Any CPU
		{96B7FFE3-A4DB-4BFC-920A-864199D9458C}.AppStore|ARM.ActiveCfg = Debug|Any CPU
		{96B7FFE3-A4DB-4BFC-920A-864199D9458C}.AppStore|ARM.Build.0 = Debug|Any CPU
		{96B7FFE3-A4DB-4BFC-920A-864199D9458C}.AppStore|ARM.Deploy.0 = Debug|Any CPU
		{96B7FFE3-A4DB-4BFC-920A-864199D9458C}.AppStore|iPhone.ActiveCfg = Debug|Any CPU
		{96B7FFE3-A4DB-4BFC-920A-864199D9458C}.AppStore|iPhone.Build.0 = Debug|Any CPU
		{96B7FFE3-A4DB-4BFC-920A-864199D9458C}.AppStore|iPhone.Deploy.0 = Debug|Any CPU
		{96B7FFE3-A4DB-4BFC-920A-864199D9458C}.AppStore|iPhoneSimulator.ActiveCfg = Debug|Any CPU
		{96B7FFE3-A4DB-4BFC-920A-864199D9458C}.AppStore|iPhoneSimulator.Build.0 = Debug|Any CPU
		{96B7FFE3-A4DB-4BFC-920A-864199D9458C}.AppStore|iPhoneSimulator.Deploy.0 = Debug|Any CPU
		{96B7FFE3-A4DB-4BFC-920A-864199D9458C}.AppStore|x64.ActiveCfg = Debug|Any CPU
		{96B7FFE3-A4DB-4BFC-920A-864199D9458C}.AppStore|x64.Build.0 = Debug|Any CPU
		{96B7FFE3-A4DB-4BFC-920A-864199D9458C}.AppStore|x64.Deploy.0 = Debug|Any CPU
		{96B7FFE3-A4DB-4BFC-920A-864199D9458C}.AppStore|x86.ActiveCfg = Debug|Any CPU
		{96B7FFE3-A4DB-4BFC-920A-864199D9458C}.AppStore|x86.Build.0 = Debug|Any CPU
		{96B7FFE3-A4DB-4BFC-920A-864199D9458C}.AppStore|x86.Deploy.0 = Debug|Any CPU
		{96B7FFE3-A4DB-4BFC-920A-864199D9458C}.Debug|Any CPU.ActiveCfg = Debug|Any CPU
		{96B7FFE3-A4DB-4BFC-920A-864199D9458C}.Debug|Any CPU.Build.0 = Debug|Any CPU
		{96B7FFE3-A4DB-4BFC-920A-864199D9458C}.Debug|Any CPU.Deploy.0 = Debug|Any CPU
		{96B7FFE3-A4DB-4BFC-920A-864199D9458C}.Debug|ARM.ActiveCfg = Debug|Any CPU
		{96B7FFE3-A4DB-4BFC-920A-864199D9458C}.Debug|ARM.Build.0 = Debug|Any CPU
		{96B7FFE3-A4DB-4BFC-920A-864199D9458C}.Debug|ARM.Deploy.0 = Debug|Any CPU
		{96B7FFE3-A4DB-4BFC-920A-864199D9458C}.Debug|iPhone.ActiveCfg = Debug|Any CPU
		{96B7FFE3-A4DB-4BFC-920A-864199D9458C}.Debug|iPhone.Build.0 = Debug|Any CPU
		{96B7FFE3-A4DB-4BFC-920A-864199D9458C}.Debug|iPhone.Deploy.0 = Debug|Any CPU
		{96B7FFE3-A4DB-4BFC-920A-864199D9458C}.Debug|iPhoneSimulator.ActiveCfg = Debug|Any CPU
		{96B7FFE3-A4DB-4BFC-920A-864199D9458C}.Debug|iPhoneSimulator.Build.0 = Debug|Any CPU
		{96B7FFE3-A4DB-4BFC-920A-864199D9458C}.Debug|iPhoneSimulator.Deploy.0 = Debug|Any CPU
		{96B7FFE3-A4DB-4BFC-920A-864199D9458C}.Debug|x64.ActiveCfg = Debug|Any CPU
		{96B7FFE3-A4DB-4BFC-920A-864199D9458C}.Debug|x64.Build.0 = Debug|Any CPU
		{96B7FFE3-A4DB-4BFC-920A-864199D9458C}.Debug|x64.Deploy.0 = Debug|Any CPU
		{96B7FFE3-A4DB-4BFC-920A-864199D9458C}.Debug|x86.ActiveCfg = Debug|Any CPU
		{96B7FFE3-A4DB-4BFC-920A-864199D9458C}.Debug|x86.Build.0 = Debug|Any CPU
		{96B7FFE3-A4DB-4BFC-920A-864199D9458C}.Debug|x86.Deploy.0 = Debug|Any CPU
		{96B7FFE3-A4DB-4BFC-920A-864199D9458C}.Release|Any CPU.ActiveCfg = Release|Any CPU
		{96B7FFE3-A4DB-4BFC-920A-864199D9458C}.Release|Any CPU.Build.0 = Release|Any CPU
		{96B7FFE3-A4DB-4BFC-920A-864199D9458C}.Release|Any CPU.Deploy.0 = Release|Any CPU
		{96B7FFE3-A4DB-4BFC-920A-864199D9458C}.Release|ARM.ActiveCfg = Release|Any CPU
		{96B7FFE3-A4DB-4BFC-920A-864199D9458C}.Release|ARM.Build.0 = Release|Any CPU
		{96B7FFE3-A4DB-4BFC-920A-864199D9458C}.Release|ARM.Deploy.0 = Release|Any CPU
		{96B7FFE3-A4DB-4BFC-920A-864199D9458C}.Release|iPhone.ActiveCfg = Release|Any CPU
		{96B7FFE3-A4DB-4BFC-920A-864199D9458C}.Release|iPhone.Build.0 = Release|Any CPU
		{96B7FFE3-A4DB-4BFC-920A-864199D9458C}.Release|iPhone.Deploy.0 = Release|Any CPU
		{96B7FFE3-A4DB-4BFC-920A-864199D9458C}.Release|iPhoneSimulator.ActiveCfg = Release|Any CPU
		{96B7FFE3-A4DB-4BFC-920A-864199D9458C}.Release|iPhoneSimulator.Build.0 = Release|Any CPU
		{96B7FFE3-A4DB-4BFC-920A-864199D9458C}.Release|iPhoneSimulator.Deploy.0 = Release|Any CPU
		{96B7FFE3-A4DB-4BFC-920A-864199D9458C}.Release|x64.ActiveCfg = Release|Any CPU
		{96B7FFE3-A4DB-4BFC-920A-864199D9458C}.Release|x64.Build.0 = Release|Any CPU
		{96B7FFE3-A4DB-4BFC-920A-864199D9458C}.Release|x64.Deploy.0 = Release|Any CPU
		{96B7FFE3-A4DB-4BFC-920A-864199D9458C}.Release|x86.ActiveCfg = Release|Any CPU
		{96B7FFE3-A4DB-4BFC-920A-864199D9458C}.Release|x86.Build.0 = Release|Any CPU
		{96B7FFE3-A4DB-4BFC-920A-864199D9458C}.Release|x86.Deploy.0 = Release|Any CPU
	EndGlobalSection
	GlobalSection(SolutionProperties) = preSolution
		HideSolutionNode = FALSE
	EndGlobalSection
	GlobalSection(ExtensibilityGlobals) = postSolution
		SolutionGuid = {5F43D4F7-C3BA-4A9B-97CE-9825EECA8194}
	EndGlobalSection
EndGlobal
